// !$*UTF8*$!
{
	archiveVersion = 1;
	classes = {
	};
	objectVersion = 77;
	objects = {

/* Begin PBXBuildFile section */
		173B22311F9D549111AEF2EC /* libPods-JobsSwiftBaseConfigDemo.a in Frameworks */ = {isa = PBXBuildFile; fileRef = 85A2FE8FB809342BAC5868AB /* libPods-JobsSwiftBaseConfigDemo.a */; };
		5CAC190101C1DC940AA4D2DB /* libPods-JobsSwiftBaseConfigDemoUITests.a in Frameworks */ = {isa = PBXBuildFile; fileRef = 7A180EC18F47F0CA3D2E65A6 /* libPods-JobsSwiftBaseConfigDemoUITests.a */; };
		F6DAF2827E1670EF4882948D /* libPods-JobsSwiftBaseConfigDemoTests.a in Frameworks */ = {isa = PBXBuildFile; fileRef = C358B147BED2650C2FB918CB /* libPods-JobsSwiftBaseConfigDemoTests.a */; };
/* End PBXBuildFile section */

/* Begin PBXContainerItemProxy section */
		C520FB7D2DEFF5240063C87D /* PBXContainerItemProxy */ = {
			isa = PBXContainerItemProxy;
			containerPortal = C520FB5E2DEFF5230063C87D /* Project object */;
			proxyType = 1;
			remoteGlobalIDString = C520FB652DEFF5230063C87D;
			remoteInfo = JobsSwiftBaseConfigDemo;
		};
		C520FB872DEFF5240063C87D /* PBXContainerItemProxy */ = {
			isa = PBXContainerItemProxy;
			containerPortal = C520FB5E2DEFF5230063C87D /* Project object */;
			proxyType = 1;
			remoteGlobalIDString = C520FB652DEFF5230063C87D;
			remoteInfo = JobsSwiftBaseConfigDemo;
		};
/* End PBXContainerItemProxy section */

/* Begin PBXFileReference section */
		047D13BB04205615B3634782 /* Pods-JobsSwiftBaseConfigDemo.debug.xcconfig */ = {isa = PBXFileReference; includeInIndex = 1; lastKnownFileType = text.xcconfig; name = "Pods-JobsSwiftBaseConfigDemo.debug.xcconfig"; path = "Target Support Files/Pods-JobsSwiftBaseConfigDemo/Pods-JobsSwiftBaseConfigDemo.debug.xcconfig"; sourceTree = "<group>"; };
		299E7A39F22DC9DC6136C772 /* Pods-JobsSwiftBaseConfigDemoTests.debug.xcconfig */ = {isa = PBXFileReference; includeInIndex = 1; lastKnownFileType = text.xcconfig; name = "Pods-JobsSwiftBaseConfigDemoTests.debug.xcconfig"; path = "Target Support Files/Pods-JobsSwiftBaseConfigDemoTests/Pods-JobsSwiftBaseConfigDemoTests.debug.xcconfig"; sourceTree = "<group>"; };
		2EEFDE11A2CA711A7826011F /* Pods-JobsSwiftBaseConfigDemo.release.xcconfig */ = {isa = PBXFileReference; includeInIndex = 1; lastKnownFileType = text.xcconfig; name = "Pods-JobsSwiftBaseConfigDemo.release.xcconfig"; path = "Target Support Files/Pods-JobsSwiftBaseConfigDemo/Pods-JobsSwiftBaseConfigDemo.release.xcconfig"; sourceTree = "<group>"; };
		7A180EC18F47F0CA3D2E65A6 /* libPods-JobsSwiftBaseConfigDemoUITests.a */ = {isa = PBXFileReference; explicitFileType = archive.ar; includeInIndex = 0; path = "libPods-JobsSwiftBaseConfigDemoUITests.a"; sourceTree = BUILT_PRODUCTS_DIR; };
		85A2FE8FB809342BAC5868AB /* libPods-JobsSwiftBaseConfigDemo.a */ = {isa = PBXFileReference; explicitFileType = archive.ar; includeInIndex = 0; path = "libPods-JobsSwiftBaseConfigDemo.a"; sourceTree = BUILT_PRODUCTS_DIR; };
		C358B147BED2650C2FB918CB /* libPods-JobsSwiftBaseConfigDemoTests.a */ = {isa = PBXFileReference; explicitFileType = archive.ar; includeInIndex = 0; path = "libPods-JobsSwiftBaseConfigDemoTests.a"; sourceTree = BUILT_PRODUCTS_DIR; };
		C520FB662DEFF5230063C87D /* JobsSwiftBaseConfigDemo.app */ = {isa = PBXFileReference; explicitFileType = wrapper.application; includeInIndex = 0; path = JobsSwiftBaseConfigDemo.app; sourceTree = BUILT_PRODUCTS_DIR; };
		C520FB7C2DEFF5240063C87D /* JobsSwiftBaseConfigDemoTests.xctest */ = {isa = PBXFileReference; explicitFileType = wrapper.cfbundle; includeInIndex = 0; path = JobsSwiftBaseConfigDemoTests.xctest; sourceTree = BUILT_PRODUCTS_DIR; };
		C520FB862DEFF5240063C87D /* JobsSwiftBaseConfigDemoUITests.xctest */ = {isa = PBXFileReference; explicitFileType = wrapper.cfbundle; includeInIndex = 0; path = JobsSwiftBaseConfigDemoUITests.xctest; sourceTree = BUILT_PRODUCTS_DIR; };
		CD00E84A971766FFC863358F /* Pods-JobsSwiftBaseConfigDemoTests.release.xcconfig */ = {isa = PBXFileReference; includeInIndex = 1; lastKnownFileType = text.xcconfig; name = "Pods-JobsSwiftBaseConfigDemoTests.release.xcconfig"; path = "Target Support Files/Pods-JobsSwiftBaseConfigDemoTests/Pods-JobsSwiftBaseConfigDemoTests.release.xcconfig"; sourceTree = "<group>"; };
		E6344B6F7AB482A5C42A5407 /* Pods-JobsSwiftBaseConfigDemoUITests.debug.xcconfig */ = {isa = PBXFileReference; includeInIndex = 1; lastKnownFileType = text.xcconfig; name = "Pods-JobsSwiftBaseConfigDemoUITests.debug.xcconfig"; path = "Target Support Files/Pods-JobsSwiftBaseConfigDemoUITests/Pods-JobsSwiftBaseConfigDemoUITests.debug.xcconfig"; sourceTree = "<group>"; };
		F4F6CEEE4C354B0879E5BE2A /* Pods-JobsSwiftBaseConfigDemoUITests.release.xcconfig */ = {isa = PBXFileReference; includeInIndex = 1; lastKnownFileType = text.xcconfig; name = "Pods-JobsSwiftBaseConfigDemoUITests.release.xcconfig"; path = "Target Support Files/Pods-JobsSwiftBaseConfigDemoUITests/Pods-JobsSwiftBaseConfigDemoUITests.release.xcconfig"; sourceTree = "<group>"; };
/* End PBXFileReference section */

/* Begin PBXFileSystemSynchronizedBuildFileExceptionSet section */
		C520FB8E2DEFF5240063C87D /* Exceptions for "JobsSwiftBaseConfigDemo" folder in "JobsSwiftBaseConfigDemo" target */ = {
			isa = PBXFileSystemSynchronizedBuildFileExceptionSet;
			membershipExceptions = (
				Info.plist,
				JobsBlock/JobsBlock.swift,
				JobsBlock/JobsBlockDef.swift,
				UIKit/NSProtocol.swift,
				UIKit/UIKitModel.swift,
			);
			target = C520FB652DEFF5230063C87D /* JobsSwiftBaseConfigDemo */;
		};
/* End PBXFileSystemSynchronizedBuildFileExceptionSet section */

/* Begin PBXFileSystemSynchronizedRootGroup section */
		C520FB682DEFF5230063C87D /* JobsSwiftBaseConfigDemo */ = {
			isa = PBXFileSystemSynchronizedRootGroup;
			exceptions = (
				C520FB8E2DEFF5240063C87D /* Exceptions for "JobsSwiftBaseConfigDemo" folder in "JobsSwiftBaseConfigDemo" target */,
			);
			path = JobsSwiftBaseConfigDemo;
			sourceTree = "<group>";
		};
		C520FB7F2DEFF5240063C87D /* JobsSwiftBaseConfigDemoTests */ = {
			isa = PBXFileSystemSynchronizedRootGroup;
			exceptions = (
			);
			path = JobsSwiftBaseConfigDemoTests;
			sourceTree = "<group>";
		};
		C520FB892DEFF5240063C87D /* JobsSwiftBaseConfigDemoUITests */ = {
			isa = PBXFileSystemSynchronizedRootGroup;
			exceptions = (
			);
			path = JobsSwiftBaseConfigDemoUITests;
			sourceTree = "<group>";
		};
/* End PBXFileSystemSynchronizedRootGroup section */

/* Begin PBXFrameworksBuildPhase section */
		C520FB632DEFF5230063C87D /* Frameworks */ = {
			isa = PBXFrameworksBuildPhase;
			buildActionMask = 2147483647;
			files = (
				173B22311F9D549111AEF2EC /* libPods-JobsSwiftBaseConfigDemo.a in Frameworks */,
			);
			runOnlyForDeploymentPostprocessing = 0;
		};
		C520FB792DEFF5240063C87D /* Frameworks */ = {
			isa = PBXFrameworksBuildPhase;
			buildActionMask = 2147483647;
			files = (
				F6DAF2827E1670EF4882948D /* libPods-JobsSwiftBaseConfigDemoTests.a in Frameworks */,
			);
			runOnlyForDeploymentPostprocessing = 0;
		};
		C520FB832DEFF5240063C87D /* Frameworks */ = {
			isa = PBXFrameworksBuildPhase;
			buildActionMask = 2147483647;
			files = (
				5CAC190101C1DC940AA4D2DB /* libPods-JobsSwiftBaseConfigDemoUITests.a in Frameworks */,
			);
			runOnlyForDeploymentPostprocessing = 0;
		};
/* End PBXFrameworksBuildPhase section */

/* Begin PBXGroup section */
		B50A72C564C00D59C8CFE424 /* Frameworks */ = {
			isa = PBXGroup;
			children = (
				85A2FE8FB809342BAC5868AB /* libPods-JobsSwiftBaseConfigDemo.a */,
				C358B147BED2650C2FB918CB /* libPods-JobsSwiftBaseConfigDemoTests.a */,
				7A180EC18F47F0CA3D2E65A6 /* libPods-JobsSwiftBaseConfigDemoUITests.a */,
			);
			name = Frameworks;
			sourceTree = "<group>";
		};
		C520FB5D2DEFF5230063C87D = {
			isa = PBXGroup;
			children = (
				C520FB682DEFF5230063C87D /* JobsSwiftBaseConfigDemo */,
				C520FB7F2DEFF5240063C87D /* JobsSwiftBaseConfigDemoTests */,
				C520FB892DEFF5240063C87D /* JobsSwiftBaseConfigDemoUITests */,
				C520FB672DEFF5230063C87D /* Products */,
				CAD58705A879D43F280C3287 /* Pods */,
				B50A72C564C00D59C8CFE424 /* Frameworks */,
			);
			sourceTree = "<group>";
		};
		C520FB672DEFF5230063C87D /* Products */ = {
			isa = PBXGroup;
			children = (
				C520FB662DEFF5230063C87D /* JobsSwiftBaseConfigDemo.app */,
				C520FB7C2DEFF5240063C87D /* JobsSwiftBaseConfigDemoTests.xctest */,
				C520FB862DEFF5240063C87D /* JobsSwiftBaseConfigDemoUITests.xctest */,
			);
			name = Products;
			sourceTree = "<group>";
		};
		CAD58705A879D43F280C3287 /* Pods */ = {
			isa = PBXGroup;
			children = (
				047D13BB04205615B3634782 /* Pods-JobsSwiftBaseConfigDemo.debug.xcconfig */,
				2EEFDE11A2CA711A7826011F /* Pods-JobsSwiftBaseConfigDemo.release.xcconfig */,
				299E7A39F22DC9DC6136C772 /* Pods-JobsSwiftBaseConfigDemoTests.debug.xcconfig */,
				CD00E84A971766FFC863358F /* Pods-JobsSwiftBaseConfigDemoTests.release.xcconfig */,
				E6344B6F7AB482A5C42A5407 /* Pods-JobsSwiftBaseConfigDemoUITests.debug.xcconfig */,
				F4F6CEEE4C354B0879E5BE2A /* Pods-JobsSwiftBaseConfigDemoUITests.release.xcconfig */,
			);
			path = Pods;
			sourceTree = "<group>";
		};
/* End PBXGroup section */

/* Begin PBXNativeTarget section */
		C520FB652DEFF5230063C87D /* JobsSwiftBaseConfigDemo */ = {
			isa = PBXNativeTarget;
			buildConfigurationList = C520FB8F2DEFF5240063C87D /* Build configuration list for PBXNativeTarget "JobsSwiftBaseConfigDemo" */;
			buildPhases = (
				B79525EC1074557D618CA0FC /* [CP] Check Pods Manifest.lock */,
				C520FB622DEFF5230063C87D /* Sources */,
				C520FB632DEFF5230063C87D /* Frameworks */,
				C520FB642DEFF5230063C87D /* Resources */,
				72416E022EB2C52B440CFBB6 /* [CP] Copy Pods Resources */,
			);
			buildRules = (
			);
			dependencies = (
			);
			fileSystemSynchronizedGroups = (
				C520FB682DEFF5230063C87D /* JobsSwiftBaseConfigDemo */,
			);
			name = JobsSwiftBaseConfigDemo;
			productName = JobsSwiftBaseConfigDemo;
			productReference = C520FB662DEFF5230063C87D /* JobsSwiftBaseConfigDemo.app */;
			productType = "com.apple.product-type.application";
		};
		C520FB7B2DEFF5240063C87D /* JobsSwiftBaseConfigDemoTests */ = {
			isa = PBXNativeTarget;
			buildConfigurationList = C520FB942DEFF5240063C87D /* Build configuration list for PBXNativeTarget "JobsSwiftBaseConfigDemoTests" */;
			buildPhases = (
				554FA880528C4169E9EF567F /* [CP] Check Pods Manifest.lock */,
				C520FB782DEFF5240063C87D /* Sources */,
				C520FB792DEFF5240063C87D /* Frameworks */,
				C520FB7A2DEFF5240063C87D /* Resources */,
			);
			buildRules = (
			);
			dependencies = (
				C520FB7E2DEFF5240063C87D /* PBXTargetDependency */,
			);
			fileSystemSynchronizedGroups = (
				C520FB7F2DEFF5240063C87D /* JobsSwiftBaseConfigDemoTests */,
			);
			name = JobsSwiftBaseConfigDemoTests;
			productName = JobsSwiftBaseConfigDemoTests;
			productReference = C520FB7C2DEFF5240063C87D /* JobsSwiftBaseConfigDemoTests.xctest */;
			productType = "com.apple.product-type.bundle.unit-test";
		};
		C520FB852DEFF5240063C87D /* JobsSwiftBaseConfigDemoUITests */ = {
			isa = PBXNativeTarget;
			buildConfigurationList = C520FB972DEFF5240063C87D /* Build configuration list for PBXNativeTarget "JobsSwiftBaseConfigDemoUITests" */;
			buildPhases = (
				91E35AD3E75D74CE772F14A1 /* [CP] Check Pods Manifest.lock */,
				C520FB822DEFF5240063C87D /* Sources */,
				C520FB832DEFF5240063C87D /* Frameworks */,
				C520FB842DEFF5240063C87D /* Resources */,
			);
			buildRules = (
			);
			dependencies = (
				C520FB882DEFF5240063C87D /* PBXTargetDependency */,
			);
			fileSystemSynchronizedGroups = (
				C520FB892DEFF5240063C87D /* JobsSwiftBaseConfigDemoUITests */,
			);
			name = JobsSwiftBaseConfigDemoUITests;
			productName = JobsSwiftBaseConfigDemoUITests;
			productReference = C520FB862DEFF5240063C87D /* JobsSwiftBaseConfigDemoUITests.xctest */;
			productType = "com.apple.product-type.bundle.ui-testing";
		};
/* End PBXNativeTarget section */

/* Begin PBXProject section */
		C520FB5E2DEFF5230063C87D /* Project object */ = {
			isa = PBXProject;
			attributes = {
				BuildIndependentTargetsInParallel = 1;
				LastSwiftUpdateCheck = 1640;
				LastUpgradeCheck = 1640;
				TargetAttributes = {
					C520FB652DEFF5230063C87D = {
						CreatedOnToolsVersion = 16.4;
					};
					C520FB7B2DEFF5240063C87D = {
						CreatedOnToolsVersion = 16.4;
						TestTargetID = C520FB652DEFF5230063C87D;
					};
					C520FB852DEFF5240063C87D = {
						CreatedOnToolsVersion = 16.4;
						TestTargetID = C520FB652DEFF5230063C87D;
					};
				};
			};
			buildConfigurationList = C520FB612DEFF5230063C87D /* Build configuration list for PBXProject "JobsSwiftBaseConfigDemo" */;
			developmentRegion = en;
			hasScannedForEncodings = 0;
			knownRegions = (
				en,
				Base,
			);
			mainGroup = C520FB5D2DEFF5230063C87D;
			minimizedProjectReferenceProxies = 1;
			preferredProjectObjectVersion = 77;
			productRefGroup = C520FB672DEFF5230063C87D /* Products */;
			projectDirPath = "";
			projectRoot = "";
			targets = (
				C520FB652DEFF5230063C87D /* JobsSwiftBaseConfigDemo */,
				C520FB7B2DEFF5240063C87D /* JobsSwiftBaseConfigDemoTests */,
				C520FB852DEFF5240063C87D /* JobsSwiftBaseConfigDemoUITests */,
			);
		};
/* End PBXProject section */

/* Begin PBXResourcesBuildPhase section */
		C520FB642DEFF5230063C87D /* Resources */ = {
			isa = PBXResourcesBuildPhase;
			buildActionMask = 2147483647;
			files = (
			);
			runOnlyForDeploymentPostprocessing = 0;
		};
		C520FB7A2DEFF5240063C87D /* Resources */ = {
			isa = PBXResourcesBuildPhase;
			buildActionMask = 2147483647;
			files = (
			);
			runOnlyForDeploymentPostprocessing = 0;
		};
		C520FB842DEFF5240063C87D /* Resources */ = {
			isa = PBXResourcesBuildPhase;
			buildActionMask = 2147483647;
			files = (
			);
			runOnlyForDeploymentPostprocessing = 0;
		};
/* End PBXResourcesBuildPhase section */

/* Begin PBXShellScriptBuildPhase section */
		554FA880528C4169E9EF567F /* [CP] Check Pods Manifest.lock */ = {
			isa = PBXShellScriptBuildPhase;
			buildActionMask = 2147483647;
			files = (
			);
			inputFileListPaths = (
			);
			inputPaths = (
				"${PODS_PODFILE_DIR_PATH}/Podfile.lock",
				"${PODS_ROOT}/Manifest.lock",
			);
			name = "[CP] Check Pods Manifest.lock";
			outputFileListPaths = (
			);
			outputPaths = (
				"$(DERIVED_FILE_DIR)/Pods-JobsSwiftBaseConfigDemoTests-checkManifestLockResult.txt",
			);
			runOnlyForDeploymentPostprocessing = 0;
			shellPath = /bin/sh;
			shellScript = "diff \"${PODS_PODFILE_DIR_PATH}/Podfile.lock\" \"${PODS_ROOT}/Manifest.lock\" > /dev/null\nif [ $? != 0 ] ; then\n    # print error to STDERR\n    echo \"error: The sandbox is not in sync with the Podfile.lock. Run 'pod install' or update your CocoaPods installation.\" >&2\n    exit 1\nfi\n# This output is used by Xcode 'outputs' to avoid re-running this script phase.\necho \"SUCCESS\" > \"${SCRIPT_OUTPUT_FILE_0}\"\n";
			showEnvVarsInLog = 0;
		};
		72416E022EB2C52B440CFBB6 /* [CP] Copy Pods Resources */ = {
			isa = PBXShellScriptBuildPhase;
			buildActionMask = 2147483647;
			files = (
			);
			inputFileListPaths = (
			);
			name = "[CP] Copy Pods Resources";
			outputFileListPaths = (
			);
			runOnlyForDeploymentPostprocessing = 0;
			shellPath = /bin/sh;
			shellScript = "\"${PODS_ROOT}/Target Support Files/Pods-JobsSwiftBaseConfigDemo/Pods-JobsSwiftBaseConfigDemo-resources.sh\"\n";
			showEnvVarsInLog = 0;
		};
		91E35AD3E75D74CE772F14A1 /* [CP] Check Pods Manifest.lock */ = {
			isa = PBXShellScriptBuildPhase;
			buildActionMask = 2147483647;
			files = (
			);
			inputFileListPaths = (
			);
			inputPaths = (
				"${PODS_PODFILE_DIR_PATH}/Podfile.lock",
				"${PODS_ROOT}/Manifest.lock",
			);
			name = "[CP] Check Pods Manifest.lock";
			outputFileListPaths = (
			);
			outputPaths = (
				"$(DERIVED_FILE_DIR)/Pods-JobsSwiftBaseConfigDemoUITests-checkManifestLockResult.txt",
			);
			runOnlyForDeploymentPostprocessing = 0;
			shellPath = /bin/sh;
			shellScript = "diff \"${PODS_PODFILE_DIR_PATH}/Podfile.lock\" \"${PODS_ROOT}/Manifest.lock\" > /dev/null\nif [ $? != 0 ] ; then\n    # print error to STDERR\n    echo \"error: The sandbox is not in sync with the Podfile.lock. Run 'pod install' or update your CocoaPods installation.\" >&2\n    exit 1\nfi\n# This output is used by Xcode 'outputs' to avoid re-running this script phase.\necho \"SUCCESS\" > \"${SCRIPT_OUTPUT_FILE_0}\"\n";
			showEnvVarsInLog = 0;
		};
		B79525EC1074557D618CA0FC /* [CP] Check Pods Manifest.lock */ = {
			isa = PBXShellScriptBuildPhase;
			buildActionMask = 2147483647;
			files = (
			);
			inputFileListPaths = (
			);
			inputPaths = (
				"${PODS_PODFILE_DIR_PATH}/Podfile.lock",
				"${PODS_ROOT}/Manifest.lock",
			);
			name = "[CP] Check Pods Manifest.lock";
			outputFileListPaths = (
			);
			outputPaths = (
				"$(DERIVED_FILE_DIR)/Pods-JobsSwiftBaseConfigDemo-checkManifestLockResult.txt",
			);
			runOnlyForDeploymentPostprocessing = 0;
			shellPath = /bin/sh;
			shellScript = "diff \"${PODS_PODFILE_DIR_PATH}/Podfile.lock\" \"${PODS_ROOT}/Manifest.lock\" > /dev/null\nif [ $? != 0 ] ; then\n    # print error to STDERR\n    echo \"error: The sandbox is not in sync with the Podfile.lock. Run 'pod install' or update your CocoaPods installation.\" >&2\n    exit 1\nfi\n# This output is used by Xcode 'outputs' to avoid re-running this script phase.\necho \"SUCCESS\" > \"${SCRIPT_OUTPUT_FILE_0}\"\n";
			showEnvVarsInLog = 0;
		};
/* End PBXShellScriptBuildPhase section */

/* Begin PBXSourcesBuildPhase section */
		C520FB622DEFF5230063C87D /* Sources */ = {
			isa = PBXSourcesBuildPhase;
			buildActionMask = 2147483647;
			files = (
			);
			runOnlyForDeploymentPostprocessing = 0;
		};
		C520FB782DEFF5240063C87D /* Sources */ = {
			isa = PBXSourcesBuildPhase;
			buildActionMask = 2147483647;
			files = (
			);
			runOnlyForDeploymentPostprocessing = 0;
		};
		C520FB822DEFF5240063C87D /* Sources */ = {
			isa = PBXSourcesBuildPhase;
			buildActionMask = 2147483647;
			files = (
			);
			runOnlyForDeploymentPostprocessing = 0;
		};
/* End PBXSourcesBuildPhase section */

/* Begin PBXTargetDependency section */
		C520FB7E2DEFF5240063C87D /* PBXTargetDependency */ = {
			isa = PBXTargetDependency;
			target = C520FB652DEFF5230063C87D /* JobsSwiftBaseConfigDemo */;
			targetProxy = C520FB7D2DEFF5240063C87D /* PBXContainerItemProxy */;
		};
		C520FB882DEFF5240063C87D /* PBXTargetDependency */ = {
			isa = PBXTargetDependency;
			target = C520FB652DEFF5230063C87D /* JobsSwiftBaseConfigDemo */;
			targetProxy = C520FB872DEFF5240063C87D /* PBXContainerItemProxy */;
		};
/* End PBXTargetDependency section */

/* Begin XCBuildConfiguration section */
		C520FB902DEFF5240063C87D /* Debug */ = {
			isa = XCBuildConfiguration;
			baseConfigurationReference = 047D13BB04205615B3634782 /* Pods-JobsSwiftBaseConfigDemo.debug.xcconfig */;
			buildSettings = {
				ASSETCATALOG_COMPILER_APPICON_NAME = AppIcon;
				ASSETCATALOG_COMPILER_GLOBAL_ACCENT_COLOR_NAME = AccentColor;
				CODE_SIGN_STYLE = Automatic;
				CURRENT_PROJECT_VERSION = 1;
				DEVELOPMENT_TEAM = K92UCMVH8G;
				ENABLE_USER_SCRIPT_SANDBOXING = NO;
				GENERATE_INFOPLIST_FILE = YES;
				INFOPLIST_FILE = JobsSwiftBaseConfigDemo/Info.plist;
				INFOPLIST_KEY_UIApplicationSupportsIndirectInputEvents = YES;
				INFOPLIST_KEY_UILaunchStoryboardName = LaunchScreen;
				INFOPLIST_KEY_UIMainStoryboardFile = Main;
				INFOPLIST_KEY_UISupportedInterfaceOrientations_iPad = "UIInterfaceOrientationPortrait UIInterfaceOrientationPortraitUpsideDown UIInterfaceOrientationLandscapeLeft UIInterfaceOrientationLandscapeRight";
				INFOPLIST_KEY_UISupportedInterfaceOrientations_iPhone = "UIInterfaceOrientationPortrait UIInterfaceOrientationLandscapeLeft UIInterfaceOrientationLandscapeRight";
				LD_RUNPATH_SEARCH_PATHS = (
					"$(inherited)",
					"@executable_path/Frameworks",
				);
				LIBRARY_SEARCH_PATHS = (
					"$(inherited)",
					"$(PROJECT_DIR)/Sys.lib/libstdc++/iPhone-Simulator",
					"$(PROJECT_DIR)/Sys.lib/Libarclite",
					"$(PROJECT_DIR)/Sys.lib/libstdc++/iPhone-Device",
					"$(PROJECT_DIR)/JobsSwiftBaseConfigDemo/Others/Sys.lib/libstdc++/iPhone-Simulator",
					"$(PROJECT_DIR)/JobsSwiftBaseConfigDemo/Others/Sys.lib/Libarclite",
					"$(PROJECT_DIR)/JobsSwiftBaseConfigDemo/Others/Sys.lib/libstdc++/iPhone-Device",
				);
				MARKETING_VERSION = 1.0;
				PRODUCT_BUNDLE_IDENTIFIER = com.jobs.baseConfig.JobsSwiftBaseConfigDemo;
				PRODUCT_NAME = "$(TARGET_NAME)";
				SWIFT_EMIT_LOC_STRINGS = YES;
				SWIFT_VERSION = 5.0;
				TARGETED_DEVICE_FAMILY = "1,2";
			};
			name = Debug;
		};
		C520FB912DEFF5240063C87D /* Release */ = {
			isa = XCBuildConfiguration;
			baseConfigurationReference = 2EEFDE11A2CA711A7826011F /* Pods-JobsSwiftBaseConfigDemo.release.xcconfig */;
			buildSettings = {
				ASSETCATALOG_COMPILER_APPICON_NAME = AppIcon;
				ASSETCATALOG_COMPILER_GLOBAL_ACCENT_COLOR_NAME = AccentColor;
				CODE_SIGN_STYLE = Automatic;
				CURRENT_PROJECT_VERSION = 1;
				DEVELOPMENT_TEAM = K92UCMVH8G;
				ENABLE_USER_SCRIPT_SANDBOXING = NO;
				GENERATE_INFOPLIST_FILE = YES;
				INFOPLIST_FILE = JobsSwiftBaseConfigDemo/Info.plist;
				INFOPLIST_KEY_UIApplicationSupportsIndirectInputEvents = YES;
				INFOPLIST_KEY_UILaunchStoryboardName = LaunchScreen;
				INFOPLIST_KEY_UIMainStoryboardFile = Main;
				INFOPLIST_KEY_UISupportedInterfaceOrientations_iPad = "UIInterfaceOrientationPortrait UIInterfaceOrientationPortraitUpsideDown UIInterfaceOrientationLandscapeLeft UIInterfaceOrientationLandscapeRight";
				INFOPLIST_KEY_UISupportedInterfaceOrientations_iPhone = "UIInterfaceOrientationPortrait UIInterfaceOrientationLandscapeLeft UIInterfaceOrientationLandscapeRight";
				LD_RUNPATH_SEARCH_PATHS = (
					"$(inherited)",
					"@executable_path/Frameworks",
				);
				LIBRARY_SEARCH_PATHS = (
					"$(inherited)",
					"$(PROJECT_DIR)/Sys.lib/libstdc++/iPhone-Simulator",
					"$(PROJECT_DIR)/Sys.lib/Libarclite",
					"$(PROJECT_DIR)/Sys.lib/libstdc++/iPhone-Device",
					"$(PROJECT_DIR)/JobsSwiftBaseConfigDemo/Others/Sys.lib/libstdc++/iPhone-Simulator",
					"$(PROJECT_DIR)/JobsSwiftBaseConfigDemo/Others/Sys.lib/Libarclite",
					"$(PROJECT_DIR)/JobsSwiftBaseConfigDemo/Others/Sys.lib/libstdc++/iPhone-Device",
				);
				MARKETING_VERSION = 1.0;
				PRODUCT_BUNDLE_IDENTIFIER = com.jobs.baseConfig.JobsSwiftBaseConfigDemo;
				PRODUCT_NAME = "$(TARGET_NAME)";
				SWIFT_EMIT_LOC_STRINGS = YES;
				SWIFT_VERSION = 5.0;
				TARGETED_DEVICE_FAMILY = "1,2";
			};
			name = Release;
		};
		C520FB922DEFF5240063C87D /* Debug */ = {
			isa = XCBuildConfiguration;
			buildSettings = {
				ALWAYS_SEARCH_USER_PATHS = NO;
				ASSETCATALOG_COMPILER_GENERATE_SWIFT_ASSET_SYMBOL_EXTENSIONS = YES;
				CLANG_ANALYZER_NONNULL = YES;
				CLANG_ANALYZER_NUMBER_OBJECT_CONVERSION = YES_AGGRESSIVE;
				CLANG_CXX_LANGUAGE_STANDARD = "gnu++20";
				CLANG_ENABLE_MODULES = YES;
				CLANG_ENABLE_OBJC_ARC = YES;
				CLANG_ENABLE_OBJC_WEAK = YES;
				CLANG_WARN_BLOCK_CAPTURE_AUTORELEASING = YES;
				CLANG_WARN_BOOL_CONVERSION = YES;
				CLANG_WARN_COMMA = YES;
				CLANG_WARN_CONSTANT_CONVERSION = YES;
				CLANG_WARN_DEPRECATED_OBJC_IMPLEMENTATIONS = YES;
				CLANG_WARN_DIRECT_OBJC_ISA_USAGE = YES_ERROR;
				CLANG_WARN_DOCUMENTATION_COMMENTS = YES;
				CLANG_WARN_EMPTY_BODY = YES;
				CLANG_WARN_ENUM_CONVERSION = YES;
				CLANG_WARN_INFINITE_RECURSION = YES;
				CLANG_WARN_INT_CONVERSION = YES;
				CLANG_WARN_NON_LITERAL_NULL_CONVERSION = YES;
				CLANG_WARN_OBJC_IMPLICIT_RETAIN_SELF = YES;
				CLANG_WARN_OBJC_LITERAL_CONVERSION = YES;
				CLANG_WARN_OBJC_ROOT_CLASS = YES_ERROR;
				CLANG_WARN_QUOTED_INCLUDE_IN_FRAMEWORK_HEADER = YES;
				CLANG_WARN_RANGE_LOOP_ANALYSIS = YES;
				CLANG_WARN_STRICT_PROTOTYPES = YES;
				CLANG_WARN_SUSPICIOUS_MOVE = YES;
				CLANG_WARN_UNGUARDED_AVAILABILITY = YES_AGGRESSIVE;
				CLANG_WARN_UNREACHABLE_CODE = YES;
				CLANG_WARN__DUPLICATE_METHOD_MATCH = YES;
				COPY_PHASE_STRIP = NO;
				DEBUG_INFORMATION_FORMAT = dwarf;
				DEVELOPMENT_TEAM = K92UCMVH8G;
				ENABLE_STRICT_OBJC_MSGSEND = YES;
				ENABLE_TESTABILITY = YES;
				ENABLE_USER_SCRIPT_SANDBOXING = YES;
				GCC_C_LANGUAGE_STANDARD = gnu17;
				GCC_DYNAMIC_NO_PIC = NO;
				GCC_NO_COMMON_BLOCKS = YES;
				GCC_OPTIMIZATION_LEVEL = 0;
				GCC_PREPROCESSOR_DEFINITIONS = (
					"DEBUG=1",
					"$(inherited)",
				);
				GCC_WARN_64_TO_32_BIT_CONVERSION = YES;
				GCC_WARN_ABOUT_RETURN_TYPE = YES_ERROR;
				GCC_WARN_UNDECLARED_SELECTOR = YES;
				GCC_WARN_UNINITIALIZED_AUTOS = YES_AGGRESSIVE;
				GCC_WARN_UNUSED_FUNCTION = YES;
				GCC_WARN_UNUSED_VARIABLE = YES;
				IPHONEOS_DEPLOYMENT_TARGET = 18.5;
				LOCALIZATION_PREFERS_STRING_CATALOGS = YES;
				MTL_ENABLE_DEBUG_INFO = INCLUDE_SOURCE;
				MTL_FAST_MATH = YES;
				ONLY_ACTIVE_ARCH = YES;
				SDKROOT = iphoneos;
				SWIFT_ACTIVE_COMPILATION_CONDITIONS = "DEBUG $(inherited)";
				SWIFT_OPTIMIZATION_LEVEL = "-Onone";
			};
			name = Debug;
		};
		C520FB932DEFF5240063C87D /* Release */ = {
			isa = XCBuildConfiguration;
			buildSettings = {
				ALWAYS_SEARCH_USER_PATHS = NO;
				ASSETCATALOG_COMPILER_GENERATE_SWIFT_ASSET_SYMBOL_EXTENSIONS = YES;
				CLANG_ANALYZER_NONNULL = YES;
				CLANG_ANALYZER_NUMBER_OBJECT_CONVERSION = YES_AGGRESSIVE;
				CLANG_CXX_LANGUAGE_STANDARD = "gnu++20";
				CLANG_ENABLE_MODULES = YES;
				CLANG_ENABLE_OBJC_ARC = YES;
				CLANG_ENABLE_OBJC_WEAK = YES;
				CLANG_WARN_BLOCK_CAPTURE_AUTORELEASING = YES;
				CLANG_WARN_BOOL_CONVERSION = YES;
				CLANG_WARN_COMMA = YES;
				CLANG_WARN_CONSTANT_CONVERSION = YES;
				CLANG_WARN_DEPRECATED_OBJC_IMPLEMENTATIONS = YES;
				CLANG_WARN_DIRECT_OBJC_ISA_USAGE = YES_ERROR;
				CLANG_WARN_DOCUMENTATION_COMMENTS = YES;
				CLANG_WARN_EMPTY_BODY = YES;
				CLANG_WARN_ENUM_CONVERSION = YES;
				CLANG_WARN_INFINITE_RECURSION = YES;
				CLANG_WARN_INT_CONVERSION = YES;
				CLANG_WARN_NON_LITERAL_NULL_CONVERSION = YES;
				CLANG_WARN_OBJC_IMPLICIT_RETAIN_SELF = YES;
				CLANG_WARN_OBJC_LITERAL_CONVERSION = YES;
				CLANG_WARN_OBJC_ROOT_CLASS = YES_ERROR;
				CLANG_WARN_QUOTED_INCLUDE_IN_FRAMEWORK_HEADER = YES;
				CLANG_WARN_RANGE_LOOP_ANALYSIS = YES;
				CLANG_WARN_STRICT_PROTOTYPES = YES;
				CLANG_WARN_SUSPICIOUS_MOVE = YES;
				CLANG_WARN_UNGUARDED_AVAILABILITY = YES_AGGRESSIVE;
				CLANG_WARN_UNREACHABLE_CODE = YES;
				CLANG_WARN__DUPLICATE_METHOD_MATCH = YES;
				COPY_PHASE_STRIP = NO;
				DEBUG_INFORMATION_FORMAT = "dwarf-with-dsym";
				DEVELOPMENT_TEAM = K92UCMVH8G;
				ENABLE_NS_ASSERTIONS = NO;
				ENABLE_STRICT_OBJC_MSGSEND = YES;
				ENABLE_USER_SCRIPT_SANDBOXING = YES;
				GCC_C_LANGUAGE_STANDARD = gnu17;
				GCC_NO_COMMON_BLOCKS = YES;
				GCC_WARN_64_TO_32_BIT_CONVERSION = YES;
				GCC_WARN_ABOUT_RETURN_TYPE = YES_ERROR;
				GCC_WARN_UNDECLARED_SELECTOR = YES;
				GCC_WARN_UNINITIALIZED_AUTOS = YES_AGGRESSIVE;
				GCC_WARN_UNUSED_FUNCTION = YES;
				GCC_WARN_UNUSED_VARIABLE = YES;
				IPHONEOS_DEPLOYMENT_TARGET = 18.5;
				LOCALIZATION_PREFERS_STRING_CATALOGS = YES;
				MTL_ENABLE_DEBUG_INFO = NO;
				MTL_FAST_MATH = YES;
				SDKROOT = iphoneos;
				SWIFT_COMPILATION_MODE = wholemodule;
				VALIDATE_PRODUCT = YES;
			};
			name = Release;
		};
		C520FB952DEFF5240063C87D /* Debug */ = {
			isa = XCBuildConfiguration;
			baseConfigurationReference = 299E7A39F22DC9DC6136C772 /* Pods-JobsSwiftBaseConfigDemoTests.debug.xcconfig */;
			buildSettings = {
				BUNDLE_LOADER = "$(TEST_HOST)";
				CODE_SIGN_STYLE = Automatic;
				CURRENT_PROJECT_VERSION = 1;
				DEVELOPMENT_TEAM = K92UCMVH8G;
				GENERATE_INFOPLIST_FILE = YES;
				IPHONEOS_DEPLOYMENT_TARGET = 18.5;
				MARKETING_VERSION = 1.0;
				PRODUCT_BUNDLE_IDENTIFIER = com.jobs.baseConfig.JobsSwiftBaseConfigDemoTests;
				PRODUCT_NAME = "$(TARGET_NAME)";
				SWIFT_EMIT_LOC_STRINGS = NO;
				SWIFT_VERSION = 5.0;
				TARGETED_DEVICE_FAMILY = "1,2";
				TEST_HOST = "$(BUILT_PRODUCTS_DIR)/JobsSwiftBaseConfigDemo.app/$(BUNDLE_EXECUTABLE_FOLDER_PATH)/JobsSwiftBaseConfigDemo";
			};
			name = Debug;
		};
		C520FB962DEFF5240063C87D /* Release */ = {
			isa = XCBuildConfiguration;
			baseConfigurationReference = CD00E84A971766FFC863358F /* Pods-JobsSwiftBaseConfigDemoTests.release.xcconfig */;
			buildSettings = {
				BUNDLE_LOADER = "$(TEST_HOST)";
				CODE_SIGN_STYLE = Automatic;
				CURRENT_PROJECT_VERSION = 1;
				DEVELOPMENT_TEAM = K92UCMVH8G;
				GENERATE_INFOPLIST_FILE = YES;
				IPHONEOS_DEPLOYMENT_TARGET = 18.5;
				MARKETING_VERSION = 1.0;
				PRODUCT_BUNDLE_IDENTIFIER = com.jobs.baseConfig.JobsSwiftBaseConfigDemoTests;
				PRODUCT_NAME = "$(TARGET_NAME)";
				SWIFT_EMIT_LOC_STRINGS = NO;
				SWIFT_VERSION = 5.0;
				TARGETED_DEVICE_FAMILY = "1,2";
				TEST_HOST = "$(BUILT_PRODUCTS_DIR)/JobsSwiftBaseConfigDemo.app/$(BUNDLE_EXECUTABLE_FOLDER_PATH)/JobsSwiftBaseConfigDemo";
			};
			name = Release;
		};
		C520FB982DEFF5240063C87D /* Debug */ = {
			isa = XCBuildConfiguration;
			baseConfigurationReference = E6344B6F7AB482A5C42A5407 /* Pods-JobsSwiftBaseConfigDemoUITests.debug.xcconfig */;
			buildSettings = {
				CODE_SIGN_STYLE = Automatic;
				CURRENT_PROJECT_VERSION = 1;
				DEVELOPMENT_TEAM = K92UCMVH8G;
				GENERATE_INFOPLIST_FILE = YES;
				MARKETING_VERSION = 1.0;
				PRODUCT_BUNDLE_IDENTIFIER = com.jobs.baseConfig.JobsSwiftBaseConfigDemoUITests;
				PRODUCT_NAME = "$(TARGET_NAME)";
				SWIFT_EMIT_LOC_STRINGS = NO;
				SWIFT_VERSION = 5.0;
				TARGETED_DEVICE_FAMILY = "1,2";
				TEST_TARGET_NAME = JobsSwiftBaseConfigDemo;
			};
			name = Debug;
		};
		C520FB992DEFF5240063C87D /* Release */ = {
			isa = XCBuildConfiguration;
			baseConfigurationReference = F4F6CEEE4C354B0879E5BE2A /* Pods-JobsSwiftBaseConfigDemoUITests.release.xcconfig */;
			buildSettings = {
				CODE_SIGN_STYLE = Automatic;
				CURRENT_PROJECT_VERSION = 1;
				DEVELOPMENT_TEAM = K92UCMVH8G;
				GENERATE_INFOPLIST_FILE = YES;
				MARKETING_VERSION = 1.0;
				PRODUCT_BUNDLE_IDENTIFIER = com.jobs.baseConfig.JobsSwiftBaseConfigDemoUITests;
				PRODUCT_NAME = "$(TARGET_NAME)";
				SWIFT_EMIT_LOC_STRINGS = NO;
				SWIFT_VERSION = 5.0;
				TARGETED_DEVICE_FAMILY = "1,2";
				TEST_TARGET_NAME = JobsSwiftBaseConfigDemo;
			};
			name = Release;
		};
/* End XCBuildConfiguration section */

/* Begin XCConfigurationList section */
		C520FB612DEFF5230063C87D /* Build configuration list for PBXProject "JobsSwiftBaseConfigDemo" */ = {
			isa = XCConfigurationList;
			buildConfigurations = (
				C520FB922DEFF5240063C87D /* Debug */,
				C520FB932DEFF5240063C87D /* Release */,
			);
			defaultConfigurationIsVisible = 0;
			defaultConfigurationName = Release;
		};
		C520FB8F2DEFF5240063C87D /* Build configuration list for PBXNativeTarget "JobsSwiftBaseConfigDemo" */ = {
			isa = XCConfigurationList;
			buildConfigurations = (
				C520FB902DEFF5240063C87D /* Debug */,
				C520FB912DEFF5240063C87D /* Release */,
			);
			defaultConfigurationIsVisible = 0;
			defaultConfigurationName = Release;
		};
		C520FB942DEFF5240063C87D /* Build configuration list for PBXNativeTarget "JobsSwiftBaseConfigDemoTests" */ = {
			isa = XCConfigurationList;
			buildConfigurations = (
				C520FB952DEFF5240063C87D /* Debug */,
				C520FB962DEFF5240063C87D /* Release */,
			);
			defaultConfigurationIsVisible = 0;
			defaultConfigurationName = Release;
		};
		C520FB972DEFF5240063C87D /* Build configuration list for PBXNativeTarget "JobsSwiftBaseConfigDemoUITests" */ = {
			isa = XCConfigurationList;
			buildConfigurations = (
				C520FB982DEFF5240063C87D /* Debug */,
				C520FB992DEFF5240063C87D /* Release */,
			);
			defaultConfigurationIsVisible = 0;
			defaultConfigurationName = Release;
		};
/* End XCConfigurationList section */
	};
	rootObject = C520FB5E2DEFF5230063C87D /* Project object */;
}
