// !$*UTF8*$!
{
	archiveVersion = 1;
	classes = {
	};
	objectVersion = 56;
	objects = {

/* Begin PBXBuildFile section */
		0401DCF82E90CDF500D572AD /* UIWindowScene.swift in Sources */ = {isa = PBXBuildFile; fileRef = 0401DCF72E90CDF400D572AD /* UIWindowScene.swift */; };
		0401DCFA2E90D91900D572AD /* UIWindow.swift in Sources */ = {isa = PBXBuildFile; fileRef = 0401DCF92E90D91700D572AD /* UIWindow.swift */; };
		0401DCFC2E9102BC00D572AD /* UserDefaults.swift in Sources */ = {isa = PBXBuildFile; fileRef = 0401DCFB2E9102BB00D572AD /* UserDefaults.swift */; };
		0401DCFE2E91069F00D572AD /* DateFormatter.swift in Sources */ = {isa = PBXBuildFile; fileRef = 0401DCFD2E91069E00D572AD /* DateFormatter.swift */; };
		0401DD002E910B3500D572AD /* BaseLet.swift in Sources */ = {isa = PBXBuildFile; fileRef = 0401DCFF2E910B3200D572AD /* BaseLet.swift */; };
		0401DD062E9115CE00D572AD /* JobsToast.swift in Sources */ = {isa = PBXBuildFile; fileRef = 0401DD052E9115CD00D572AD /* JobsToast.swift */; };
		0401DD082E91183000D572AD /* ToastDemoVC.swift in Sources */ = {isa = PBXBuildFile; fileRef = 0401DD072E91182900D572AD /* ToastDemoVC.swift */; };
		041F5B012E87B51800984EEB /* UITextFieldDemoVC.swift in Sources */ = {isa = PBXBuildFile; fileRef = 041F5B002E87B50F00984EEB /* UITextFieldDemoVC.swift */; };
		042B67CE2E95085A000A2970 /* NSTextAttachment.swift in Sources */ = {isa = PBXBuildFile; fileRef = 042B67CD2E950858000A2970 /* NSTextAttachment.swift */; };
		043B83752E8FF0D600579AA8 /* BaseProtocolDefs.swift in Sources */ = {isa = PBXBuildFile; fileRef = 043B83742E8FF0CC00579AA8 /* BaseProtocolDefs.swift */; };
		0442717B2E8139CF0084B25C /* ColorAssets.xcassets in Resources */ = {isa = PBXBuildFile; fileRef = 0442717A2E8139CF0084B25C /* ColorAssets.xcassets */; };
		044272852E8146130084B25C /* JXScale.swift in Sources */ = {isa = PBXBuildFile; fileRef = 044272842E8146130084B25C /* JXScale.swift */; };
		045920E42E84EC73008C8D6A /* SwiftTools.swift in Sources */ = {isa = PBXBuildFile; fileRef = 045920E32E84EC72008C8D6A /* SwiftTools.swift */; };
		045920E62E84F389008C8D6A /* CALayer.swift in Sources */ = {isa = PBXBuildFile; fileRef = 045920E52E84F386008C8D6A /* CALayer.swift */; };
		045920EA2E84FD82008C8D6A /* String.swift in Sources */ = {isa = PBXBuildFile; fileRef = 045920E92E84FD77008C8D6A /* String.swift */; };
		045920EE2E854BE7008C8D6A /* Double.swift in Sources */ = {isa = PBXBuildFile; fileRef = 045920ED2E854BE4008C8D6A /* Double.swift */; };
		045920F22E854F79008C8D6A /* Int.swift in Sources */ = {isa = PBXBuildFile; fileRef = 045920F12E854F78008C8D6A /* Int.swift */; };
		045920F42E854F85008C8D6A /* Int8.swift in Sources */ = {isa = PBXBuildFile; fileRef = 045920F32E854F82008C8D6A /* Int8.swift */; };
		045920F62E854F8C008C8D6A /* Int16.swift in Sources */ = {isa = PBXBuildFile; fileRef = 045920F52E854F88008C8D6A /* Int16.swift */; };
		045920F82E854F91008C8D6A /* Int32.swift in Sources */ = {isa = PBXBuildFile; fileRef = 045920F72E854F90008C8D6A /* Int32.swift */; };
		045920FA2E854FA5008C8D6A /* Int64.swift in Sources */ = {isa = PBXBuildFile; fileRef = 045920F92E854FA1008C8D6A /* Int64.swift */; };
		045920FC2E854FA9008C8D6A /* UInt.swift in Sources */ = {isa = PBXBuildFile; fileRef = 045920FB2E854FA8008C8D6A /* UInt.swift */; };
		045920FF2E854FBD008C8D6A /* UInt8.swift in Sources */ = {isa = PBXBuildFile; fileRef = 045920FE2E854FB3008C8D6A /* UInt8.swift */; };
		045921022E854FDA008C8D6A /* UInt16.swift in Sources */ = {isa = PBXBuildFile; fileRef = 045921012E854FD8008C8D6A /* UInt16.swift */; };
		045921042E854FE1008C8D6A /* UInt32.swift in Sources */ = {isa = PBXBuildFile; fileRef = 045921032E854FDF008C8D6A /* UInt32.swift */; };
		045921062E854FE9008C8D6A /* UInt64.swift in Sources */ = {isa = PBXBuildFile; fileRef = 045921052E854FE8008C8D6A /* UInt64.swift */; };
		045921082E854FF3008C8D6A /* Float.swift in Sources */ = {isa = PBXBuildFile; fileRef = 045921072E854FF2008C8D6A /* Float.swift */; };
		0459210A2E854FFB008C8D6A /* Float16.swift in Sources */ = {isa = PBXBuildFile; fileRef = 045921092E854FFA008C8D6A /* Float16.swift */; };
		0459210C2E855004008C8D6A /* Float80.swift in Sources */ = {isa = PBXBuildFile; fileRef = 0459210B2E855003008C8D6A /* Float80.swift */; };
		045921122E855769008C8D6A /* JobsPaddedLabel.swift in Sources */ = {isa = PBXBuildFile; fileRef = 045921112E855756008C8D6A /* JobsPaddedLabel.swift */; };
		045921152E8557FE008C8D6A /* UIFont.swift in Sources */ = {isa = PBXBuildFile; fileRef = 045921142E8557FB008C8D6A /* UIFont.swift */; };
		0459211D2E85588C008C8D6A /* DINCond-Bold Regular.otf in Resources */ = {isa = PBXBuildFile; fileRef = 045921192E85588C008C8D6A /* DINCond-Bold Regular.otf */; };
		0459211E2E85588C008C8D6A /* DS-DIGIB.ttf in Resources */ = {isa = PBXBuildFile; fileRef = 0459211C2E85588C008C8D6A /* DS-DIGIB.ttf */; };
		0459211F2E85588C008C8D6A /* fonteditor.ttf in Resources */ = {isa = PBXBuildFile; fileRef = 0459211B2E85588C008C8D6A /* fonteditor.ttf */; };
		045921202E85588C008C8D6A /* DIN-Black-2.otf in Resources */ = {isa = PBXBuildFile; fileRef = 0459211A2E85588C008C8D6A /* DIN-Black-2.otf */; };
		046CF9732E966359005A88B4 /* MarqueeUsageDemoVC.swift in Sources */ = {isa = PBXBuildFile; fileRef = 046CF9722E966357005A88B4 /* MarqueeUsageDemoVC.swift */; };
		046CF9752E9667C9005A88B4 /* UIButtonConfiguration.swift in Sources */ = {isa = PBXBuildFile; fileRef = 046CF9742E9667C8005A88B4 /* UIButtonConfiguration.swift */; };
		046CF9772E967E6C005A88B4 /* URL.swift in Sources */ = {isa = PBXBuildFile; fileRef = 046CF9762E967E6B005A88B4 /* URL.swift */; };
		0477D96D2E8B83D6002C6427 /* JobsSafeTransitions.swift in Sources */ = {isa = PBXBuildFile; fileRef = 0477D96C2E8B83CA002C6427 /* JobsSafeTransitions.swift */; };
		0477D96F2E8B8479002C6427 /* UIApplication.swift in Sources */ = {isa = PBXBuildFile; fileRef = 0477D96E2E8B8478002C6427 /* UIApplication.swift */; };
		0477D9712E8B897D002C6427 /* SafetyPushDemoVC.swift in Sources */ = {isa = PBXBuildFile; fileRef = 0477D9702E8B896A002C6427 /* SafetyPushDemoVC.swift */; };
		0477D9752E8B9146002C6427 /* SafetyPresentDemoVC.swift in Sources */ = {isa = PBXBuildFile; fileRef = 0477D9742E8B9141002C6427 /* SafetyPresentDemoVC.swift */; };
		0477D9772E8B9381002C6427 /* UIResponder.swift in Sources */ = {isa = PBXBuildFile; fileRef = 0477D9762E8B937A002C6427 /* UIResponder.swift */; };
		0477D9792E8BADB2002C6427 /* DemoVC.swift in Sources */ = {isa = PBXBuildFile; fileRef = 0477D9782E8BADB1002C6427 /* DemoVC.swift */; };
		0477D97D2E8BDB95002C6427 /* JobsCountdownButton.swift in Sources */ = {isa = PBXBuildFile; fileRef = 0477D97C2E8BDB94002C6427 /* JobsCountdownButton.swift */; };
		0477D97F2E8BDBBC002C6427 /* JobsCountdownDemoVC.swift in Sources */ = {isa = PBXBuildFile; fileRef = 0477D97E2E8BDBB7002C6427 /* JobsCountdownDemoVC.swift */; };
		0477D9832E8BE9FC002C6427 /* KeyboardObserver.swift in Sources */ = {isa = PBXBuildFile; fileRef = 0477D9822E8BE9FB002C6427 /* KeyboardObserver.swift */; };
		0477D9852E8BEACB002C6427 /* Reactive.swift in Sources */ = {isa = PBXBuildFile; fileRef = 0477D9842E8BEACA002C6427 /* Reactive.swift */; };
		0477D9872E8BEF64002C6427 /* KeyboardDemoVC.swift in Sources */ = {isa = PBXBuildFile; fileRef = 0477D9862E8BEF62002C6427 /* KeyboardDemoVC.swift */; };
		0487AADA2E840CB200B5D307 /* UIColor.swift in Sources */ = {isa = PBXBuildFile; fileRef = 0487AAD92E840CB200B5D307 /* UIColor.swift */; };
		0487AADC2E840EE300B5D307 /* libc++.tbd in Frameworks */ = {isa = PBXBuildFile; fileRef = 0487AADB2E840EE300B5D307 /* libc++.tbd */; };
		048E37702E87997A004C3A41 /* UIGestureRecognizer.swift in Sources */ = {isa = PBXBuildFile; fileRef = 048E376F2E879978004C3A41 /* UIGestureRecognizer.swift */; };
		04A18E4D2E86533B004BB9DC /* UIImage.swift in Sources */ = {isa = PBXBuildFile; fileRef = 04A18E4C2E865336004BB9DC /* UIImage.swift */; };
		04A8C54C2E8AA94D00381701 /* UIButtonDemoVC.swift in Sources */ = {isa = PBXBuildFile; fileRef = 04A8C54B2E8AA94B00381701 /* UIButtonDemoVC.swift */; };
		04A8C54E2E8AA9F900381701 /* RootListVC.swift in Sources */ = {isa = PBXBuildFile; fileRef = 04A8C54D2E8AA9F800381701 /* RootListVC.swift */; };
		04AC74C52E86682E004B8305 /* Notification.swift in Sources */ = {isa = PBXBuildFile; fileRef = 04AC74C42E86682D004B8305 /* Notification.swift */; };
		04AD628F2E9120C500E18984 /* JobsTimer.swift in Sources */ = {isa = PBXBuildFile; fileRef = 04AD628E2E9120C000E18984 /* JobsTimer.swift */; };
		04AD62912E91230000E18984 /* TimerDemoVC.swift in Sources */ = {isa = PBXBuildFile; fileRef = 04AD62902E9122FC00E18984 /* TimerDemoVC.swift */; };
		04CF028C2E8808540083ACF0 /* UIButton.swift in Sources */ = {isa = PBXBuildFile; fileRef = 04CF028B2E8808500083ACF0 /* UIButton.swift */; };
		04CF028E2E8A37BB0083ACF0 /* TextInputStrategies.swift in Sources */ = {isa = PBXBuildFile; fileRef = 04CF028D2E8A37B60083ACF0 /* TextInputStrategies.swift */; };
		04CF02902E8A3A160083ACF0 /* UITextViewDemoVC.swift in Sources */ = {isa = PBXBuildFile; fileRef = 04CF028F2E8A3A0F0083ACF0 /* UITextViewDemoVC.swift */; };
		04CF03152E8A75E80083ACF0 /* JobsRichText.swift in Sources */ = {isa = PBXBuildFile; fileRef = 04CF03142E8A75E70083ACF0 /* JobsRichText.swift */; };
		04CF03172E8A76500083ACF0 /* RichTextDemoVC.swift in Sources */ = {isa = PBXBuildFile; fileRef = 04CF03162E8A76490083ACF0 /* RichTextDemoVC.swift */; };
		04CF03192E8A80CE0083ACF0 /* AppTools.swift in Sources */ = {isa = PBXBuildFile; fileRef = 04CF03182E8A80CA0083ACF0 /* AppTools.swift */; };
		04D0C96C2E8CCA7400580020 /* UIBarItem.swift in Sources */ = {isa = PBXBuildFile; fileRef = 04D0C96B2E8CCA7200580020 /* UIBarItem.swift */; };
		04D0C96E2E8CD14B00580020 /* UIControl.swift in Sources */ = {isa = PBXBuildFile; fileRef = 04D0C96D2E8CD14900580020 /* UIControl.swift */; };
		04D0C9722E8CD39300580020 /* JobsControlEventsDemoVC.swift in Sources */ = {isa = PBXBuildFile; fileRef = 04D0C9712E8CD39200580020 /* JobsControlEventsDemoVC.swift */; };
		04D0C9792E8D066900580020 /* PicLoadDemoVC.swift in Sources */ = {isa = PBXBuildFile; fileRef = 04D0C9782E8D066000580020 /* PicLoadDemoVC.swift */; };
		04D0C97D2E8D19AB00580020 /* MJRefreshAutoNormalFooter.swift in Sources */ = {isa = PBXBuildFile; fileRef = 04D0C97B2E8D19AB00580020 /* MJRefreshAutoNormalFooter.swift */; };
		04D0C97E2E8D19AB00580020 /* MJRefreshNormalHeader.swift in Sources */ = {isa = PBXBuildFile; fileRef = 04D0C97A2E8D19AB00580020 /* MJRefreshNormalHeader.swift */; };
		04D0C9822E8D1CF400580020 /* Optional.swift in Sources */ = {isa = PBXBuildFile; fileRef = 04D0C9812E8D1CF300580020 /* Optional.swift */; };
		04D842292E96377B001E8C90 /* JobsOpenDemoVC.swift in Sources */ = {isa = PBXBuildFile; fileRef = 04D842282E96377A001E8C90 /* JobsOpenDemoVC.swift */; };
		04D8422B2E965BA1001E8C90 /* JobsMarqueeView.swift in Sources */ = {isa = PBXBuildFile; fileRef = 04D8422A2E965BA0001E8C90 /* JobsMarqueeView.swift */; };
		04E8D5B92E8E550200E85CDA /* BaseStructDefs.swift in Sources */ = {isa = PBXBuildFile; fileRef = 04E8D5B82E8E54FF00E85CDA /* BaseStructDefs.swift */; };
		04E8D5BB2E8E5AD000E85CDA /* CNIDDemoVC.swift in Sources */ = {isa = PBXBuildFile; fileRef = 04E8D5BA2E8E5ACF00E85CDA /* CNIDDemoVC.swift */; };
		04E8D6172E8E6E7F00E85CDA /* UIBarButtonItemAppearance.swift in Sources */ = {isa = PBXBuildFile; fileRef = 04E8D6162E8E6E7E00E85CDA /* UIBarButtonItemAppearance.swift */; };
		04E8D6192E8E6EC300E85CDA /* UIToolbar.swift in Sources */ = {isa = PBXBuildFile; fileRef = 04E8D6182E8E6EBF00E85CDA /* UIToolbar.swift */; };
		04E8D61B2E8E837D00E85CDA /* NSMutableAttributedString.swift in Sources */ = {isa = PBXBuildFile; fileRef = 04E8D61A2E8E837C00E85CDA /* NSMutableAttributedString.swift */; };
		04E8D6232E8E884500E85CDA /* BaseVC.swift in Sources */ = {isa = PBXBuildFile; fileRef = 04E8D6222E8E883F00E85CDA /* BaseVC.swift */; };
		28B3B2C7F8E21BC854851508 /* Pods_JobsSwiftBaseConfigDemoUITests.framework in Frameworks */ = {isa = PBXBuildFile; fileRef = CA9261964B37E24BC5754CC1 /* Pods_JobsSwiftBaseConfigDemoUITests.framework */; };
		39AB45F55599F62A12939F29 /* Pods_JobsSwiftBaseConfigDemoTests.framework in Frameworks */ = {isa = PBXBuildFile; fileRef = CE98D9D036CE4AAA3EA72C02 /* Pods_JobsSwiftBaseConfigDemoTests.framework */; };
		51D5A6F95393861C97CA7D45 /* Pods_JobsSwiftBaseConfigDemo.framework in Frameworks */ = {isa = PBXBuildFile; fileRef = 1D3933E8883C7E8B6A888BA7 /* Pods_JobsSwiftBaseConfigDemo.framework */; };
		C564FBE62E09580B0079B5C1 /* Main.storyboard in Resources */ = {isa = PBXBuildFile; fileRef = C564FBE42E09580B0079B5C1 /* Main.storyboard */; };
		C564FBE92E09580B0079B5C1 /* JobsSwiftBaseConfigDemo.xcdatamodeld in Sources */ = {isa = PBXBuildFile; fileRef = C564FBE72E09580B0079B5C1 /* JobsSwiftBaseConfigDemo.xcdatamodeld */; };
		C564FBEB2E09580D0079B5C1 /* Assets.xcassets in Resources */ = {isa = PBXBuildFile; fileRef = C564FBEA2E09580D0079B5C1 /* Assets.xcassets */; };
		C564FBEE2E09580D0079B5C1 /* LaunchScreen.storyboard in Resources */ = {isa = PBXBuildFile; fileRef = C564FBEC2E09580D0079B5C1 /* LaunchScreen.storyboard */; };
		C564FBF92E09580D0079B5C1 /* JobsSwiftBaseConfigDemoTests.swift in Sources */ = {isa = PBXBuildFile; fileRef = C564FBF82E09580D0079B5C1 /* JobsSwiftBaseConfigDemoTests.swift */; };
		C564FC032E09580E0079B5C1 /* JobsSwiftBaseConfigDemoUITests.swift in Sources */ = {isa = PBXBuildFile; fileRef = C564FC022E09580E0079B5C1 /* JobsSwiftBaseConfigDemoUITests.swift */; };
		C564FC052E09580E0079B5C1 /* JobsSwiftBaseConfigDemoUITestsLaunchTests.swift in Sources */ = {isa = PBXBuildFile; fileRef = C564FC042E09580E0079B5C1 /* JobsSwiftBaseConfigDemoUITestsLaunchTests.swift */; };
		C564FC2B2E0958D50079B5C1 /* AppDelegate.swift in Sources */ = {isa = PBXBuildFile; fileRef = C564FC292E0958D50079B5C1 /* AppDelegate.swift */; };
		C564FC2C2E0958D50079B5C1 /* SceneDelegate.swift in Sources */ = {isa = PBXBuildFile; fileRef = C564FC2A2E0958D50079B5C1 /* SceneDelegate.swift */; };
		C564FC2E2E0958E80079B5C1 /* HUDHelper.swift in Sources */ = {isa = PBXBuildFile; fileRef = C564FC2D2E0958E80079B5C1 /* HUDHelper.swift */; };
		C564FC622E0959510079B5C1 /* BaseEnumDefs.swift in Sources */ = {isa = PBXBuildFile; fileRef = C564FC612E0959510079B5C1 /* BaseEnumDefs.swift */; };
		C564FC862E0959640079B5C1 /* WKWebView.swift in Sources */ = {isa = PBXBuildFile; fileRef = C564FC642E0959600079B5C1 /* WKWebView.swift */; };
		C564FC882E0959640079B5C1 /* UISlider.swift in Sources */ = {isa = PBXBuildFile; fileRef = C564FC662E0959600079B5C1 /* UISlider.swift */; };
		C564FC892E0959640079B5C1 /* UICollectionView.swift in Sources */ = {isa = PBXBuildFile; fileRef = C564FC672E0959600079B5C1 /* UICollectionView.swift */; };
		C564FC8A2E0959640079B5C1 /* UISegmentedControl.swift in Sources */ = {isa = PBXBuildFile; fileRef = C564FC682E0959610079B5C1 /* UISegmentedControl.swift */; };
		C564FC8B2E0959640079B5C1 /* UIImageView.swift in Sources */ = {isa = PBXBuildFile; fileRef = C564FC692E0959610079B5C1 /* UIImageView.swift */; };
		C564FC8C2E0959640079B5C1 /* UIAlertController.swift in Sources */ = {isa = PBXBuildFile; fileRef = C564FC6A2E0959610079B5C1 /* UIAlertController.swift */; };
		C564FC8D2E0959640079B5C1 /* UIBarButtonItem.swift in Sources */ = {isa = PBXBuildFile; fileRef = C564FC6B2E0959610079B5C1 /* UIBarButtonItem.swift */; };
		C564FC8E2E0959640079B5C1 /* UITabBarController.swift in Sources */ = {isa = PBXBuildFile; fileRef = C564FC6C2E0959610079B5C1 /* UITabBarController.swift */; };
		C564FC8F2E0959640079B5C1 /* UIProgressView.swift in Sources */ = {isa = PBXBuildFile; fileRef = C564FC6D2E0959610079B5C1 /* UIProgressView.swift */; };
		C564FC902E0959640079B5C1 /* UILabel.swift in Sources */ = {isa = PBXBuildFile; fileRef = C564FC6E2E0959610079B5C1 /* UILabel.swift */; };
		C564FC912E0959640079B5C1 /* UIScrollView.swift in Sources */ = {isa = PBXBuildFile; fileRef = C564FC6F2E0959610079B5C1 /* UIScrollView.swift */; };
		C564FC922E0959640079B5C1 /* UISwitch.swift in Sources */ = {isa = PBXBuildFile; fileRef = C564FC702E0959620079B5C1 /* UISwitch.swift */; };
		C564FC932E0959640079B5C1 /* UIToolbarAppearance.swift in Sources */ = {isa = PBXBuildFile; fileRef = C564FC712E0959620079B5C1 /* UIToolbarAppearance.swift */; };
		C564FC942E0959640079B5C1 /* UIPageViewController.swift in Sources */ = {isa = PBXBuildFile; fileRef = C564FC722E0959620079B5C1 /* UIPageViewController.swift */; };
		C564FC952E0959640079B5C1 /* UIView.swift in Sources */ = {isa = PBXBuildFile; fileRef = C564FC732E0959620079B5C1 /* UIView.swift */; };
		C564FC962E0959640079B5C1 /* Inlines.swift in Sources */ = {isa = PBXBuildFile; fileRef = C564FC742E0959620079B5C1 /* Inlines.swift */; };
		C564FC972E0959640079B5C1 /* UIActivityIndicatorView.swift in Sources */ = {isa = PBXBuildFile; fileRef = C564FC752E0959620079B5C1 /* UIActivityIndicatorView.swift */; };
		C564FC982E0959640079B5C1 /* NSObject.swift in Sources */ = {isa = PBXBuildFile; fileRef = C564FC762E0959620079B5C1 /* NSObject.swift */; };
		C564FC9A2E0959640079B5C1 /* UITextView.swift in Sources */ = {isa = PBXBuildFile; fileRef = C564FC782E0959620079B5C1 /* UITextView.swift */; };
		C564FC9B2E0959640079B5C1 /* UIStackView.swift in Sources */ = {isa = PBXBuildFile; fileRef = C564FC792E0959620079B5C1 /* UIStackView.swift */; };
		C564FC9C2E0959640079B5C1 /* UIPopoverPresentationController.swift in Sources */ = {isa = PBXBuildFile; fileRef = C564FC7A2E0959630079B5C1 /* UIPopoverPresentationController.swift */; };
		C564FC9D2E0959640079B5C1 /* UIDatePicker.swift in Sources */ = {isa = PBXBuildFile; fileRef = C564FC7B2E0959630079B5C1 /* UIDatePicker.swift */; };
		C564FC9E2E0959640079B5C1 /* UINavigationController.swift in Sources */ = {isa = PBXBuildFile; fileRef = C564FC7C2E0959630079B5C1 /* UINavigationController.swift */; };
		C564FC9F2E0959640079B5C1 /* UISearchBar.swift in Sources */ = {isa = PBXBuildFile; fileRef = C564FC7D2E0959630079B5C1 /* UISearchBar.swift */; };
		C564FCA02E0959640079B5C1 /* UIViewController.swift in Sources */ = {isa = PBXBuildFile; fileRef = C564FC7E2E0959630079B5C1 /* UIViewController.swift */; };
		C564FCA12E0959640079B5C1 /* UIPageControl.swift in Sources */ = {isa = PBXBuildFile; fileRef = C564FC7F2E0959630079B5C1 /* UIPageControl.swift */; };
		C564FCA22E0959640079B5C1 /* UITableView.swift in Sources */ = {isa = PBXBuildFile; fileRef = C564FC802E0959630079B5C1 /* UITableView.swift */; };
		C564FCA32E0959640079B5C1 /* UIStepper.swift in Sources */ = {isa = PBXBuildFile; fileRef = C564FC812E0959640079B5C1 /* UIStepper.swift */; };
		C564FCA42E0959640079B5C1 /* UITextField.swift in Sources */ = {isa = PBXBuildFile; fileRef = C564FC822E0959640079B5C1 /* UITextField.swift */; };
		C564FCA52E0959640079B5C1 /* UIPickerView.swift in Sources */ = {isa = PBXBuildFile; fileRef = C564FC832E0959640079B5C1 /* UIPickerView.swift */; };
		C564FCA62E0959640079B5C1 /* UINavigationBar.swift in Sources */ = {isa = PBXBuildFile; fileRef = C564FC842E0959640079B5C1 /* UINavigationBar.swift */; };
		C564FCAB2E09597C0079B5C1 /* VC2.swift in Sources */ = {isa = PBXBuildFile; fileRef = C564FCA92E09597C0079B5C1 /* VC2.swift */; };
		C564FCAC2E09597C0079B5C1 /* ViewController.swift in Sources */ = {isa = PBXBuildFile; fileRef = C564FCAA2E09597C0079B5C1 /* ViewController.swift */; };
		C564FCB12E0959990079B5C1 /* CollectionCell.swift in Sources */ = {isa = PBXBuildFile; fileRef = C564FCAE2E0959990079B5C1 /* CollectionCell.swift */; };
		C564FCB22E0959990079B5C1 /* EmptyView.swift in Sources */ = {isa = PBXBuildFile; fileRef = C564FCAF2E0959990079B5C1 /* EmptyView.swift */; };
		C564FCB32E0959990079B5C1 /* CustomCell.swift in Sources */ = {isa = PBXBuildFile; fileRef = C564FCB02E0959990079B5C1 /* CustomCell.swift */; };
/* End PBXBuildFile section */

/* Begin PBXContainerItemProxy section */
		C564FBF52E09580D0079B5C1 /* PBXContainerItemProxy */ = {
			isa = PBXContainerItemProxy;
			containerPortal = C564FBD32E09580A0079B5C1 /* Project object */;
			proxyType = 1;
			remoteGlobalIDString = C564FBDA2E09580B0079B5C1;
			remoteInfo = JobsSwiftBaseConfigDemo;
		};
		C564FBFF2E09580E0079B5C1 /* PBXContainerItemProxy */ = {
			isa = PBXContainerItemProxy;
			containerPortal = C564FBD32E09580A0079B5C1 /* Project object */;
			proxyType = 1;
			remoteGlobalIDString = C564FBDA2E09580B0079B5C1;
			remoteInfo = JobsSwiftBaseConfigDemo;
		};
/* End PBXContainerItemProxy section */

/* Begin PBXFileReference section */
		0401DCF72E90CDF400D572AD /* UIWindowScene.swift */ = {isa = PBXFileReference; lastKnownFileType = sourcecode.swift; path = UIWindowScene.swift; sourceTree = "<group>"; };
		0401DCF92E90D91700D572AD /* UIWindow.swift */ = {isa = PBXFileReference; lastKnownFileType = sourcecode.swift; path = UIWindow.swift; sourceTree = "<group>"; };
		0401DCFB2E9102BB00D572AD /* UserDefaults.swift */ = {isa = PBXFileReference; lastKnownFileType = sourcecode.swift; path = UserDefaults.swift; sourceTree = "<group>"; };
		0401DCFD2E91069E00D572AD /* DateFormatter.swift */ = {isa = PBXFileReference; lastKnownFileType = sourcecode.swift; path = DateFormatter.swift; sourceTree = "<group>"; };
		0401DCFF2E910B3200D572AD /* BaseLet.swift */ = {isa = PBXFileReference; lastKnownFileType = sourcecode.swift; path = BaseLet.swift; sourceTree = "<group>"; };
		0401DD052E9115CD00D572AD /* JobsToast.swift */ = {isa = PBXFileReference; lastKnownFileType = sourcecode.swift; path = JobsToast.swift; sourceTree = "<group>"; };
		0401DD072E91182900D572AD /* ToastDemoVC.swift */ = {isa = PBXFileReference; lastKnownFileType = sourcecode.swift; path = ToastDemoVC.swift; sourceTree = "<group>"; };
		041F5B002E87B50F00984EEB /* UITextFieldDemoVC.swift */ = {isa = PBXFileReference; lastKnownFileType = sourcecode.swift; path = UITextFieldDemoVC.swift; sourceTree = "<group>"; };
		042B67CD2E950858000A2970 /* NSTextAttachment.swift */ = {isa = PBXFileReference; lastKnownFileType = sourcecode.swift; path = NSTextAttachment.swift; sourceTree = "<group>"; };
		043B83742E8FF0CC00579AA8 /* BaseProtocolDefs.swift */ = {isa = PBXFileReference; lastKnownFileType = sourcecode.swift; path = BaseProtocolDefs.swift; sourceTree = "<group>"; };
		0442717A2E8139CF0084B25C /* ColorAssets.xcassets */ = {isa = PBXFileReference; lastKnownFileType = folder.assetcatalog; path = ColorAssets.xcassets; sourceTree = "<group>"; };
		044272842E8146130084B25C /* JXScale.swift */ = {isa = PBXFileReference; lastKnownFileType = sourcecode.swift; path = JXScale.swift; sourceTree = "<group>"; };
		045920E32E84EC72008C8D6A /* SwiftTools.swift */ = {isa = PBXFileReference; lastKnownFileType = sourcecode.swift; path = SwiftTools.swift; sourceTree = "<group>"; };
		045920E52E84F386008C8D6A /* CALayer.swift */ = {isa = PBXFileReference; lastKnownFileType = sourcecode.swift; path = CALayer.swift; sourceTree = "<group>"; };
		045920E92E84FD77008C8D6A /* String.swift */ = {isa = PBXFileReference; lastKnownFileType = sourcecode.swift; path = String.swift; sourceTree = "<group>"; };
		045920ED2E854BE4008C8D6A /* Double.swift */ = {isa = PBXFileReference; lastKnownFileType = sourcecode.swift; path = Double.swift; sourceTree = "<group>"; };
		045920F12E854F78008C8D6A /* Int.swift */ = {isa = PBXFileReference; lastKnownFileType = sourcecode.swift; path = Int.swift; sourceTree = "<group>"; };
		045920F32E854F82008C8D6A /* Int8.swift */ = {isa = PBXFileReference; lastKnownFileType = sourcecode.swift; path = Int8.swift; sourceTree = "<group>"; };
		045920F52E854F88008C8D6A /* Int16.swift */ = {isa = PBXFileReference; lastKnownFileType = sourcecode.swift; path = Int16.swift; sourceTree = "<group>"; };
		045920F72E854F90008C8D6A /* Int32.swift */ = {isa = PBXFileReference; lastKnownFileType = sourcecode.swift; path = Int32.swift; sourceTree = "<group>"; };
		045920F92E854FA1008C8D6A /* Int64.swift */ = {isa = PBXFileReference; lastKnownFileType = sourcecode.swift; path = Int64.swift; sourceTree = "<group>"; };
		045920FB2E854FA8008C8D6A /* UInt.swift */ = {isa = PBXFileReference; lastKnownFileType = sourcecode.swift; path = UInt.swift; sourceTree = "<group>"; };
		045920FE2E854FB3008C8D6A /* UInt8.swift */ = {isa = PBXFileReference; lastKnownFileType = sourcecode.swift; path = UInt8.swift; sourceTree = "<group>"; };
		045921012E854FD8008C8D6A /* UInt16.swift */ = {isa = PBXFileReference; lastKnownFileType = sourcecode.swift; path = UInt16.swift; sourceTree = "<group>"; };
		045921032E854FDF008C8D6A /* UInt32.swift */ = {isa = PBXFileReference; lastKnownFileType = sourcecode.swift; path = UInt32.swift; sourceTree = "<group>"; };
		045921052E854FE8008C8D6A /* UInt64.swift */ = {isa = PBXFileReference; lastKnownFileType = sourcecode.swift; path = UInt64.swift; sourceTree = "<group>"; };
		045921072E854FF2008C8D6A /* Float.swift */ = {isa = PBXFileReference; lastKnownFileType = sourcecode.swift; path = Float.swift; sourceTree = "<group>"; };
		045921092E854FFA008C8D6A /* Float16.swift */ = {isa = PBXFileReference; lastKnownFileType = sourcecode.swift; path = Float16.swift; sourceTree = "<group>"; };
		0459210B2E855003008C8D6A /* Float80.swift */ = {isa = PBXFileReference; lastKnownFileType = sourcecode.swift; path = Float80.swift; sourceTree = "<group>"; };
		045921112E855756008C8D6A /* JobsPaddedLabel.swift */ = {isa = PBXFileReference; lastKnownFileType = sourcecode.swift; path = JobsPaddedLabel.swift; sourceTree = "<group>"; };
		045921142E8557FB008C8D6A /* UIFont.swift */ = {isa = PBXFileReference; lastKnownFileType = sourcecode.swift; path = UIFont.swift; sourceTree = "<group>"; };
		045921192E85588C008C8D6A /* DINCond-Bold Regular.otf */ = {isa = PBXFileReference; lastKnownFileType = file; path = "DINCond-Bold Regular.otf"; sourceTree = "<group>"; };
		0459211A2E85588C008C8D6A /* DIN-Black-2.otf */ = {isa = PBXFileReference; lastKnownFileType = file; path = "DIN-Black-2.otf"; sourceTree = "<group>"; };
		0459211B2E85588C008C8D6A /* fonteditor.ttf */ = {isa = PBXFileReference; lastKnownFileType = file; path = fonteditor.ttf; sourceTree = "<group>"; };
		0459211C2E85588C008C8D6A /* DS-DIGIB.ttf */ = {isa = PBXFileReference; lastKnownFileType = file; path = "DS-DIGIB.ttf"; sourceTree = "<group>"; };
		046CF9722E966357005A88B4 /* MarqueeUsageDemoVC.swift */ = {isa = PBXFileReference; lastKnownFileType = sourcecode.swift; path = MarqueeUsageDemoVC.swift; sourceTree = "<group>"; };
		046CF9742E9667C8005A88B4 /* UIButtonConfiguration.swift */ = {isa = PBXFileReference; lastKnownFileType = sourcecode.swift; path = UIButtonConfiguration.swift; sourceTree = "<group>"; };
		046CF9762E967E6B005A88B4 /* URL.swift */ = {isa = PBXFileReference; lastKnownFileType = sourcecode.swift; path = URL.swift; sourceTree = "<group>"; };
		0477D96C2E8B83CA002C6427 /* JobsSafeTransitions.swift */ = {isa = PBXFileReference; lastKnownFileType = sourcecode.swift; path = JobsSafeTransitions.swift; sourceTree = "<group>"; };
		0477D96E2E8B8478002C6427 /* UIApplication.swift */ = {isa = PBXFileReference; lastKnownFileType = sourcecode.swift; path = UIApplication.swift; sourceTree = "<group>"; };
		0477D9702E8B896A002C6427 /* SafetyPushDemoVC.swift */ = {isa = PBXFileReference; lastKnownFileType = sourcecode.swift; path = SafetyPushDemoVC.swift; sourceTree = "<group>"; };
		0477D9742E8B9141002C6427 /* SafetyPresentDemoVC.swift */ = {isa = PBXFileReference; lastKnownFileType = sourcecode.swift; path = SafetyPresentDemoVC.swift; sourceTree = "<group>"; };
		0477D9762E8B937A002C6427 /* UIResponder.swift */ = {isa = PBXFileReference; lastKnownFileType = sourcecode.swift; path = UIResponder.swift; sourceTree = "<group>"; };
		0477D9782E8BADB1002C6427 /* DemoVC.swift */ = {isa = PBXFileReference; lastKnownFileType = sourcecode.swift; path = DemoVC.swift; sourceTree = "<group>"; };
		0477D97C2E8BDB94002C6427 /* JobsCountdownButton.swift */ = {isa = PBXFileReference; lastKnownFileType = sourcecode.swift; path = JobsCountdownButton.swift; sourceTree = "<group>"; };
		0477D97E2E8BDBB7002C6427 /* JobsCountdownDemoVC.swift */ = {isa = PBXFileReference; lastKnownFileType = sourcecode.swift; path = JobsCountdownDemoVC.swift; sourceTree = "<group>"; };
		0477D9822E8BE9FB002C6427 /* KeyboardObserver.swift */ = {isa = PBXFileReference; lastKnownFileType = sourcecode.swift; path = KeyboardObserver.swift; sourceTree = "<group>"; };
		0477D9842E8BEACA002C6427 /* Reactive.swift */ = {isa = PBXFileReference; lastKnownFileType = sourcecode.swift; path = Reactive.swift; sourceTree = "<group>"; };
		0477D9862E8BEF62002C6427 /* KeyboardDemoVC.swift */ = {isa = PBXFileReference; lastKnownFileType = sourcecode.swift; path = KeyboardDemoVC.swift; sourceTree = "<group>"; };
		0487AAD92E840CB200B5D307 /* UIColor.swift */ = {isa = PBXFileReference; lastKnownFileType = sourcecode.swift; path = UIColor.swift; sourceTree = "<group>"; };
		0487AADB2E840EE300B5D307 /* libc++.tbd */ = {isa = PBXFileReference; lastKnownFileType = "sourcecode.text-based-dylib-definition"; name = "libc++.tbd"; path = "usr/lib/libc++.tbd"; sourceTree = SDKROOT; };
		048E376F2E879978004C3A41 /* UIGestureRecognizer.swift */ = {isa = PBXFileReference; lastKnownFileType = sourcecode.swift; path = UIGestureRecognizer.swift; sourceTree = "<group>"; };
		04A18E4C2E865336004BB9DC /* UIImage.swift */ = {isa = PBXFileReference; lastKnownFileType = sourcecode.swift; path = UIImage.swift; sourceTree = "<group>"; };
		04A8C54B2E8AA94B00381701 /* UIButtonDemoVC.swift */ = {isa = PBXFileReference; lastKnownFileType = sourcecode.swift; path = UIButtonDemoVC.swift; sourceTree = "<group>"; };
		04A8C54D2E8AA9F800381701 /* RootListVC.swift */ = {isa = PBXFileReference; lastKnownFileType = sourcecode.swift; path = RootListVC.swift; sourceTree = "<group>"; };
		04AC74C42E86682D004B8305 /* Notification.swift */ = {isa = PBXFileReference; lastKnownFileType = sourcecode.swift; path = Notification.swift; sourceTree = "<group>"; };
		04AD628E2E9120C000E18984 /* JobsTimer.swift */ = {isa = PBXFileReference; lastKnownFileType = sourcecode.swift; path = JobsTimer.swift; sourceTree = "<group>"; };
		04AD62902E9122FC00E18984 /* TimerDemoVC.swift */ = {isa = PBXFileReference; lastKnownFileType = sourcecode.swift; path = TimerDemoVC.swift; sourceTree = "<group>"; };
		04CF028B2E8808500083ACF0 /* UIButton.swift */ = {isa = PBXFileReference; lastKnownFileType = sourcecode.swift; path = UIButton.swift; sourceTree = "<group>"; };
		04CF028D2E8A37B60083ACF0 /* TextInputStrategies.swift */ = {isa = PBXFileReference; lastKnownFileType = sourcecode.swift; path = TextInputStrategies.swift; sourceTree = "<group>"; };
		04CF028F2E8A3A0F0083ACF0 /* UITextViewDemoVC.swift */ = {isa = PBXFileReference; lastKnownFileType = sourcecode.swift; path = UITextViewDemoVC.swift; sourceTree = "<group>"; };
		04CF03142E8A75E70083ACF0 /* JobsRichText.swift */ = {isa = PBXFileReference; lastKnownFileType = sourcecode.swift; path = JobsRichText.swift; sourceTree = "<group>"; };
		04CF03162E8A76490083ACF0 /* RichTextDemoVC.swift */ = {isa = PBXFileReference; lastKnownFileType = sourcecode.swift; path = RichTextDemoVC.swift; sourceTree = "<group>"; };
		04CF03182E8A80CA0083ACF0 /* AppTools.swift */ = {isa = PBXFileReference; lastKnownFileType = sourcecode.swift; path = AppTools.swift; sourceTree = "<group>"; };
		04D0C96B2E8CCA7200580020 /* UIBarItem.swift */ = {isa = PBXFileReference; lastKnownFileType = sourcecode.swift; path = UIBarItem.swift; sourceTree = "<group>"; };
		04D0C96D2E8CD14900580020 /* UIControl.swift */ = {isa = PBXFileReference; lastKnownFileType = sourcecode.swift; path = UIControl.swift; sourceTree = "<group>"; };
		04D0C9712E8CD39200580020 /* JobsControlEventsDemoVC.swift */ = {isa = PBXFileReference; lastKnownFileType = sourcecode.swift; path = JobsControlEventsDemoVC.swift; sourceTree = "<group>"; };
		04D0C9782E8D066000580020 /* PicLoadDemoVC.swift */ = {isa = PBXFileReference; lastKnownFileType = sourcecode.swift; path = PicLoadDemoVC.swift; sourceTree = "<group>"; };
		04D0C97A2E8D19AB00580020 /* MJRefreshNormalHeader.swift */ = {isa = PBXFileReference; lastKnownFileType = sourcecode.swift; path = MJRefreshNormalHeader.swift; sourceTree = "<group>"; };
		04D0C97B2E8D19AB00580020 /* MJRefreshAutoNormalFooter.swift */ = {isa = PBXFileReference; lastKnownFileType = sourcecode.swift; path = MJRefreshAutoNormalFooter.swift; sourceTree = "<group>"; };
		04D0C9812E8D1CF300580020 /* Optional.swift */ = {isa = PBXFileReference; lastKnownFileType = sourcecode.swift; path = Optional.swift; sourceTree = "<group>"; };
		04D842282E96377A001E8C90 /* JobsOpenDemoVC.swift */ = {isa = PBXFileReference; lastKnownFileType = sourcecode.swift; path = JobsOpenDemoVC.swift; sourceTree = "<group>"; };
		04D8422A2E965BA0001E8C90 /* JobsMarqueeView.swift */ = {isa = PBXFileReference; lastKnownFileType = sourcecode.swift; path = JobsMarqueeView.swift; sourceTree = "<group>"; };
		04E8D5B82E8E54FF00E85CDA /* BaseStructDefs.swift */ = {isa = PBXFileReference; lastKnownFileType = sourcecode.swift; path = BaseStructDefs.swift; sourceTree = "<group>"; };
		04E8D5BA2E8E5ACF00E85CDA /* CNIDDemoVC.swift */ = {isa = PBXFileReference; lastKnownFileType = sourcecode.swift; path = CNIDDemoVC.swift; sourceTree = "<group>"; };
		04E8D6162E8E6E7E00E85CDA /* UIBarButtonItemAppearance.swift */ = {isa = PBXFileReference; lastKnownFileType = sourcecode.swift; path = UIBarButtonItemAppearance.swift; sourceTree = "<group>"; };
		04E8D6182E8E6EBF00E85CDA /* UIToolbar.swift */ = {isa = PBXFileReference; lastKnownFileType = sourcecode.swift; path = UIToolbar.swift; sourceTree = "<group>"; };
		04E8D61A2E8E837C00E85CDA /* NSMutableAttributedString.swift */ = {isa = PBXFileReference; lastKnownFileType = sourcecode.swift; path = NSMutableAttributedString.swift; sourceTree = "<group>"; };
		04E8D6222E8E883F00E85CDA /* BaseVC.swift */ = {isa = PBXFileReference; lastKnownFileType = sourcecode.swift; path = BaseVC.swift; sourceTree = "<group>"; };
		1D3933E8883C7E8B6A888BA7 /* Pods_JobsSwiftBaseConfigDemo.framework */ = {isa = PBXFileReference; explicitFileType = wrapper.framework; includeInIndex = 0; path = Pods_JobsSwiftBaseConfigDemo.framework; sourceTree = BUILT_PRODUCTS_DIR; };
		43AC2F32E62C31BD8D0F4D55 /* Pods-JobsSwiftBaseConfigDemoTests.debug.xcconfig */ = {isa = PBXFileReference; includeInIndex = 1; lastKnownFileType = text.xcconfig; name = "Pods-JobsSwiftBaseConfigDemoTests.debug.xcconfig"; path = "Target Support Files/Pods-JobsSwiftBaseConfigDemoTests/Pods-JobsSwiftBaseConfigDemoTests.debug.xcconfig"; sourceTree = "<group>"; };
		498373BA0509D1FCFC7035BF /* Pods-JobsSwiftBaseConfigDemo.release.xcconfig */ = {isa = PBXFileReference; includeInIndex = 1; lastKnownFileType = text.xcconfig; name = "Pods-JobsSwiftBaseConfigDemo.release.xcconfig"; path = "Target Support Files/Pods-JobsSwiftBaseConfigDemo/Pods-JobsSwiftBaseConfigDemo.release.xcconfig"; sourceTree = "<group>"; };
		541B5CD9E391C291D6F85D0C /* Pods-JobsSwiftBaseConfigDemoTests.release.xcconfig */ = {isa = PBXFileReference; includeInIndex = 1; lastKnownFileType = text.xcconfig; name = "Pods-JobsSwiftBaseConfigDemoTests.release.xcconfig"; path = "Target Support Files/Pods-JobsSwiftBaseConfigDemoTests/Pods-JobsSwiftBaseConfigDemoTests.release.xcconfig"; sourceTree = "<group>"; };
		6C47B3124102DA5E280DDE84 /* Pods-JobsSwiftBaseConfigDemoUITests.release.xcconfig */ = {isa = PBXFileReference; includeInIndex = 1; lastKnownFileType = text.xcconfig; name = "Pods-JobsSwiftBaseConfigDemoUITests.release.xcconfig"; path = "Target Support Files/Pods-JobsSwiftBaseConfigDemoUITests/Pods-JobsSwiftBaseConfigDemoUITests.release.xcconfig"; sourceTree = "<group>"; };
		C564FBDB2E09580B0079B5C1 /* JobsSwiftBaseConfigDemo.app */ = {isa = PBXFileReference; explicitFileType = wrapper.application; includeInIndex = 0; path = JobsSwiftBaseConfigDemo.app; sourceTree = BUILT_PRODUCTS_DIR; };
		C564FBE52E09580B0079B5C1 /* Base */ = {isa = PBXFileReference; lastKnownFileType = file.storyboard; name = Base; path = Base.lproj/Main.storyboard; sourceTree = "<group>"; };
		C564FBE82E09580B0079B5C1 /* JobsSwiftBaseConfigDemo.xcdatamodel */ = {isa = PBXFileReference; lastKnownFileType = wrapper.xcdatamodel; path = JobsSwiftBaseConfigDemo.xcdatamodel; sourceTree = "<group>"; };
		C564FBEA2E09580D0079B5C1 /* Assets.xcassets */ = {isa = PBXFileReference; lastKnownFileType = folder.assetcatalog; path = Assets.xcassets; sourceTree = "<group>"; };
		C564FBED2E09580D0079B5C1 /* Base */ = {isa = PBXFileReference; lastKnownFileType = file.storyboard; name = Base; path = Base.lproj/LaunchScreen.storyboard; sourceTree = "<group>"; };
		C564FBEF2E09580D0079B5C1 /* Info.plist */ = {isa = PBXFileReference; lastKnownFileType = text.plist.xml; path = Info.plist; sourceTree = "<group>"; };
		C564FBF42E09580D0079B5C1 /* JobsSwiftBaseConfigDemoTests.xctest */ = {isa = PBXFileReference; explicitFileType = wrapper.cfbundle; includeInIndex = 0; path = JobsSwiftBaseConfigDemoTests.xctest; sourceTree = BUILT_PRODUCTS_DIR; };
		C564FBF82E09580D0079B5C1 /* JobsSwiftBaseConfigDemoTests.swift */ = {isa = PBXFileReference; lastKnownFileType = sourcecode.swift; path = JobsSwiftBaseConfigDemoTests.swift; sourceTree = "<group>"; };
		C564FBFE2E09580E0079B5C1 /* JobsSwiftBaseConfigDemoUITests.xctest */ = {isa = PBXFileReference; explicitFileType = wrapper.cfbundle; includeInIndex = 0; path = JobsSwiftBaseConfigDemoUITests.xctest; sourceTree = BUILT_PRODUCTS_DIR; };
		C564FC022E09580E0079B5C1 /* JobsSwiftBaseConfigDemoUITests.swift */ = {isa = PBXFileReference; lastKnownFileType = sourcecode.swift; path = JobsSwiftBaseConfigDemoUITests.swift; sourceTree = "<group>"; };
		C564FC042E09580E0079B5C1 /* JobsSwiftBaseConfigDemoUITestsLaunchTests.swift */ = {isa = PBXFileReference; lastKnownFileType = sourcecode.swift; path = JobsSwiftBaseConfigDemoUITestsLaunchTests.swift; sourceTree = "<group>"; };
		C564FC292E0958D50079B5C1 /* AppDelegate.swift */ = {isa = PBXFileReference; fileEncoding = 4; lastKnownFileType = sourcecode.swift; path = AppDelegate.swift; sourceTree = "<group>"; };
		C564FC2A2E0958D50079B5C1 /* SceneDelegate.swift */ = {isa = PBXFileReference; fileEncoding = 4; lastKnownFileType = sourcecode.swift; path = SceneDelegate.swift; sourceTree = "<group>"; };
		C564FC2D2E0958E80079B5C1 /* HUDHelper.swift */ = {isa = PBXFileReference; fileEncoding = 4; lastKnownFileType = sourcecode.swift; path = HUDHelper.swift; sourceTree = "<group>"; };
		C564FC612E0959510079B5C1 /* BaseEnumDefs.swift */ = {isa = PBXFileReference; fileEncoding = 4; lastKnownFileType = sourcecode.swift; path = BaseEnumDefs.swift; sourceTree = "<group>"; };
		C564FC642E0959600079B5C1 /* WKWebView.swift */ = {isa = PBXFileReference; fileEncoding = 4; lastKnownFileType = sourcecode.swift; path = WKWebView.swift; sourceTree = "<group>"; };
		C564FC662E0959600079B5C1 /* UISlider.swift */ = {isa = PBXFileReference; fileEncoding = 4; lastKnownFileType = sourcecode.swift; path = UISlider.swift; sourceTree = "<group>"; };
		C564FC672E0959600079B5C1 /* UICollectionView.swift */ = {isa = PBXFileReference; fileEncoding = 4; lastKnownFileType = sourcecode.swift; path = UICollectionView.swift; sourceTree = "<group>"; };
		C564FC682E0959610079B5C1 /* UISegmentedControl.swift */ = {isa = PBXFileReference; fileEncoding = 4; lastKnownFileType = sourcecode.swift; path = UISegmentedControl.swift; sourceTree = "<group>"; };
		C564FC692E0959610079B5C1 /* UIImageView.swift */ = {isa = PBXFileReference; fileEncoding = 4; lastKnownFileType = sourcecode.swift; path = UIImageView.swift; sourceTree = "<group>"; };
		C564FC6A2E0959610079B5C1 /* UIAlertController.swift */ = {isa = PBXFileReference; fileEncoding = 4; lastKnownFileType = sourcecode.swift; path = UIAlertController.swift; sourceTree = "<group>"; };
		C564FC6B2E0959610079B5C1 /* UIBarButtonItem.swift */ = {isa = PBXFileReference; fileEncoding = 4; lastKnownFileType = sourcecode.swift; path = UIBarButtonItem.swift; sourceTree = "<group>"; };
		C564FC6C2E0959610079B5C1 /* UITabBarController.swift */ = {isa = PBXFileReference; fileEncoding = 4; lastKnownFileType = sourcecode.swift; path = UITabBarController.swift; sourceTree = "<group>"; };
		C564FC6D2E0959610079B5C1 /* UIProgressView.swift */ = {isa = PBXFileReference; fileEncoding = 4; lastKnownFileType = sourcecode.swift; path = UIProgressView.swift; sourceTree = "<group>"; };
		C564FC6E2E0959610079B5C1 /* UILabel.swift */ = {isa = PBXFileReference; fileEncoding = 4; lastKnownFileType = sourcecode.swift; path = UILabel.swift; sourceTree = "<group>"; };
		C564FC6F2E0959610079B5C1 /* UIScrollView.swift */ = {isa = PBXFileReference; fileEncoding = 4; lastKnownFileType = sourcecode.swift; path = UIScrollView.swift; sourceTree = "<group>"; };
		C564FC702E0959620079B5C1 /* UISwitch.swift */ = {isa = PBXFileReference; fileEncoding = 4; lastKnownFileType = sourcecode.swift; path = UISwitch.swift; sourceTree = "<group>"; };
		C564FC712E0959620079B5C1 /* UIToolbarAppearance.swift */ = {isa = PBXFileReference; fileEncoding = 4; lastKnownFileType = sourcecode.swift; path = UIToolbarAppearance.swift; sourceTree = "<group>"; };
		C564FC722E0959620079B5C1 /* UIPageViewController.swift */ = {isa = PBXFileReference; fileEncoding = 4; lastKnownFileType = sourcecode.swift; path = UIPageViewController.swift; sourceTree = "<group>"; };
		C564FC732E0959620079B5C1 /* UIView.swift */ = {isa = PBXFileReference; fileEncoding = 4; lastKnownFileType = sourcecode.swift; path = UIView.swift; sourceTree = "<group>"; };
		C564FC742E0959620079B5C1 /* Inlines.swift */ = {isa = PBXFileReference; fileEncoding = 4; lastKnownFileType = sourcecode.swift; path = Inlines.swift; sourceTree = "<group>"; };
		C564FC752E0959620079B5C1 /* UIActivityIndicatorView.swift */ = {isa = PBXFileReference; fileEncoding = 4; lastKnownFileType = sourcecode.swift; path = UIActivityIndicatorView.swift; sourceTree = "<group>"; };
		C564FC762E0959620079B5C1 /* NSObject.swift */ = {isa = PBXFileReference; fileEncoding = 4; lastKnownFileType = sourcecode.swift; path = NSObject.swift; sourceTree = "<group>"; };
		C564FC782E0959620079B5C1 /* UITextView.swift */ = {isa = PBXFileReference; fileEncoding = 4; lastKnownFileType = sourcecode.swift; path = UITextView.swift; sourceTree = "<group>"; };
		C564FC792E0959620079B5C1 /* UIStackView.swift */ = {isa = PBXFileReference; fileEncoding = 4; lastKnownFileType = sourcecode.swift; path = UIStackView.swift; sourceTree = "<group>"; };
		C564FC7A2E0959630079B5C1 /* UIPopoverPresentationController.swift */ = {isa = PBXFileReference; fileEncoding = 4; lastKnownFileType = sourcecode.swift; path = UIPopoverPresentationController.swift; sourceTree = "<group>"; };
		C564FC7B2E0959630079B5C1 /* UIDatePicker.swift */ = {isa = PBXFileReference; fileEncoding = 4; lastKnownFileType = sourcecode.swift; path = UIDatePicker.swift; sourceTree = "<group>"; };
		C564FC7C2E0959630079B5C1 /* UINavigationController.swift */ = {isa = PBXFileReference; fileEncoding = 4; lastKnownFileType = sourcecode.swift; path = UINavigationController.swift; sourceTree = "<group>"; };
		C564FC7D2E0959630079B5C1 /* UISearchBar.swift */ = {isa = PBXFileReference; fileEncoding = 4; lastKnownFileType = sourcecode.swift; path = UISearchBar.swift; sourceTree = "<group>"; };
		C564FC7E2E0959630079B5C1 /* UIViewController.swift */ = {isa = PBXFileReference; fileEncoding = 4; lastKnownFileType = sourcecode.swift; path = UIViewController.swift; sourceTree = "<group>"; };
		C564FC7F2E0959630079B5C1 /* UIPageControl.swift */ = {isa = PBXFileReference; fileEncoding = 4; lastKnownFileType = sourcecode.swift; path = UIPageControl.swift; sourceTree = "<group>"; };
		C564FC802E0959630079B5C1 /* UITableView.swift */ = {isa = PBXFileReference; fileEncoding = 4; lastKnownFileType = sourcecode.swift; path = UITableView.swift; sourceTree = "<group>"; };
		C564FC812E0959640079B5C1 /* UIStepper.swift */ = {isa = PBXFileReference; fileEncoding = 4; lastKnownFileType = sourcecode.swift; path = UIStepper.swift; sourceTree = "<group>"; };
		C564FC822E0959640079B5C1 /* UITextField.swift */ = {isa = PBXFileReference; fileEncoding = 4; lastKnownFileType = sourcecode.swift; path = UITextField.swift; sourceTree = "<group>"; };
		C564FC832E0959640079B5C1 /* UIPickerView.swift */ = {isa = PBXFileReference; fileEncoding = 4; lastKnownFileType = sourcecode.swift; path = UIPickerView.swift; sourceTree = "<group>"; };
		C564FC842E0959640079B5C1 /* UINavigationBar.swift */ = {isa = PBXFileReference; fileEncoding = 4; lastKnownFileType = sourcecode.swift; path = UINavigationBar.swift; sourceTree = "<group>"; };
		C564FC852E0959640079B5C1 /* UIKitModel.swift */ = {isa = PBXFileReference; fileEncoding = 4; lastKnownFileType = sourcecode.swift; path = UIKitModel.swift; sourceTree = "<group>"; };
		C564FCA92E09597C0079B5C1 /* VC2.swift */ = {isa = PBXFileReference; fileEncoding = 4; lastKnownFileType = sourcecode.swift; path = VC2.swift; sourceTree = "<group>"; };
		C564FCAA2E09597C0079B5C1 /* ViewController.swift */ = {isa = PBXFileReference; fileEncoding = 4; lastKnownFileType = sourcecode.swift; path = ViewController.swift; sourceTree = "<group>"; };
		C564FCAE2E0959990079B5C1 /* CollectionCell.swift */ = {isa = PBXFileReference; fileEncoding = 4; lastKnownFileType = sourcecode.swift; path = CollectionCell.swift; sourceTree = "<group>"; };
		C564FCAF2E0959990079B5C1 /* EmptyView.swift */ = {isa = PBXFileReference; fileEncoding = 4; lastKnownFileType = sourcecode.swift; path = EmptyView.swift; sourceTree = "<group>"; };
		C564FCB02E0959990079B5C1 /* CustomCell.swift */ = {isa = PBXFileReference; fileEncoding = 4; lastKnownFileType = sourcecode.swift; path = CustomCell.swift; sourceTree = "<group>"; };
		C609C130F5D696F07D7CF14E /* Pods-JobsSwiftBaseConfigDemoUITests.debug.xcconfig */ = {isa = PBXFileReference; includeInIndex = 1; lastKnownFileType = text.xcconfig; name = "Pods-JobsSwiftBaseConfigDemoUITests.debug.xcconfig"; path = "Target Support Files/Pods-JobsSwiftBaseConfigDemoUITests/Pods-JobsSwiftBaseConfigDemoUITests.debug.xcconfig"; sourceTree = "<group>"; };
		CA9261964B37E24BC5754CC1 /* Pods_JobsSwiftBaseConfigDemoUITests.framework */ = {isa = PBXFileReference; explicitFileType = wrapper.framework; includeInIndex = 0; path = Pods_JobsSwiftBaseConfigDemoUITests.framework; sourceTree = BUILT_PRODUCTS_DIR; };
		CE98D9D036CE4AAA3EA72C02 /* Pods_JobsSwiftBaseConfigDemoTests.framework */ = {isa = PBXFileReference; explicitFileType = wrapper.framework; includeInIndex = 0; path = Pods_JobsSwiftBaseConfigDemoTests.framework; sourceTree = BUILT_PRODUCTS_DIR; };
		F121CBEF17A1657759C769CC /* Pods-JobsSwiftBaseConfigDemo.debug.xcconfig */ = {isa = PBXFileReference; includeInIndex = 1; lastKnownFileType = text.xcconfig; name = "Pods-JobsSwiftBaseConfigDemo.debug.xcconfig"; path = "Target Support Files/Pods-JobsSwiftBaseConfigDemo/Pods-JobsSwiftBaseConfigDemo.debug.xcconfig"; sourceTree = "<group>"; };
/* End PBXFileReference section */

/* Begin PBXFrameworksBuildPhase section */
		C564FBD82E09580B0079B5C1 /* Frameworks */ = {
			isa = PBXFrameworksBuildPhase;
			buildActionMask = 2147483647;
			files = (
				0487AADC2E840EE300B5D307 /* libc++.tbd in Frameworks */,
				51D5A6F95393861C97CA7D45 /* Pods_JobsSwiftBaseConfigDemo.framework in Frameworks */,
			);
			runOnlyForDeploymentPostprocessing = 0;
		};
		C564FBF12E09580D0079B5C1 /* Frameworks */ = {
			isa = PBXFrameworksBuildPhase;
			buildActionMask = 2147483647;
			files = (
				39AB45F55599F62A12939F29 /* Pods_JobsSwiftBaseConfigDemoTests.framework in Frameworks */,
			);
			runOnlyForDeploymentPostprocessing = 0;
		};
		C564FBFB2E09580E0079B5C1 /* Frameworks */ = {
			isa = PBXFrameworksBuildPhase;
			buildActionMask = 2147483647;
			files = (
				28B3B2C7F8E21BC854851508 /* Pods_JobsSwiftBaseConfigDemoUITests.framework in Frameworks */,
			);
			runOnlyForDeploymentPostprocessing = 0;
		};
/* End PBXFrameworksBuildPhase section */

/* Begin PBXGroup section */
		045920E22E84EC64008C8D6A /* SwiftTools */ = {
			isa = PBXGroup;
			children = (
				04D8422A2E965BA0001E8C90 /* JobsMarqueeView.swift */,
				04AD628E2E9120C000E18984 /* JobsTimer.swift */,
				0401DD052E9115CD00D572AD /* JobsToast.swift */,
				0477D9822E8BE9FB002C6427 /* KeyboardObserver.swift */,
				0477D97C2E8BDB94002C6427 /* JobsCountdownButton.swift */,
				0477D96C2E8B83CA002C6427 /* JobsSafeTransitions.swift */,
				04CF03182E8A80CA0083ACF0 /* AppTools.swift */,
				04CF03142E8A75E70083ACF0 /* JobsRichText.swift */,
				04CF028D2E8A37B60083ACF0 /* TextInputStrategies.swift */,
				045920E32E84EC72008C8D6A /* SwiftTools.swift */,
			);
			path = SwiftTools;
			sourceTree = "<group>";
		};
		045920EF2E854C8E008C8D6A /* Extensions */ = {
			isa = PBXGroup;
			children = (
				045920F02E854CA0008C8D6A /* SwiftStandardLibrary.extension */,
				C564FEEA2E0AAC2B0079B5C1 /* UIKit.extension */,
			);
			path = Extensions;
			sourceTree = "<group>";
		};
		045920F02E854CA0008C8D6A /* SwiftStandardLibrary.extension */ = {
			isa = PBXGroup;
			children = (
				045921002E854FC6008C8D6A /* 浮点类型 */,
				045920FD2E854FAB008C8D6A /* 整形 */,
			);
			path = SwiftStandardLibrary.extension;
			sourceTree = "<group>";
		};
		045920FD2E854FAB008C8D6A /* 整形 */ = {
			isa = PBXGroup;
			children = (
				045921052E854FE8008C8D6A /* UInt64.swift */,
				045921032E854FDF008C8D6A /* UInt32.swift */,
				045921012E854FD8008C8D6A /* UInt16.swift */,
				045920FB2E854FA8008C8D6A /* UInt.swift */,
				045920F92E854FA1008C8D6A /* Int64.swift */,
				045920F72E854F90008C8D6A /* Int32.swift */,
				045920F52E854F88008C8D6A /* Int16.swift */,
				045920F32E854F82008C8D6A /* Int8.swift */,
				045920F12E854F78008C8D6A /* Int.swift */,
				045920FE2E854FB3008C8D6A /* UInt8.swift */,
			);
			path = "整形";
			sourceTree = "<group>";
		};
		045921002E854FC6008C8D6A /* 浮点类型 */ = {
			isa = PBXGroup;
			children = (
				0459210B2E855003008C8D6A /* Float80.swift */,
				045921092E854FFA008C8D6A /* Float16.swift */,
				045921072E854FF2008C8D6A /* Float.swift */,
				045920ED2E854BE4008C8D6A /* Double.swift */,
			);
			path = "浮点类型";
			sourceTree = "<group>";
		};
		0459210F2E85572C008C8D6A /* Inheritance */ = {
			isa = PBXGroup;
			children = (
				04E8D61D2E8E882000E85CDA /* UIViewController */,
				045921102E855750008C8D6A /* UILabel */,
			);
			path = Inheritance;
			sourceTree = "<group>";
		};
		045921102E855750008C8D6A /* UILabel */ = {
			isa = PBXGroup;
			children = (
				045921112E855756008C8D6A /* JobsPaddedLabel.swift */,
			);
			path = UILabel;
			sourceTree = "<group>";
		};
		045921162E855831008C8D6A /* xcassets */ = {
			isa = PBXGroup;
			children = (
				0442717A2E8139CF0084B25C /* ColorAssets.xcassets */,
				C564FBEA2E09580D0079B5C1 /* Assets.xcassets */,
			);
			path = xcassets;
			sourceTree = "<group>";
		};
		045921172E85584C008C8D6A /* storyboard */ = {
			isa = PBXGroup;
			children = (
				C564FBE42E09580B0079B5C1 /* Main.storyboard */,
				C564FBEC2E09580D0079B5C1 /* LaunchScreen.storyboard */,
			);
			path = storyboard;
			sourceTree = "<group>";
		};
		045921182E855875008C8D6A /* 字体 */ = {
			isa = PBXGroup;
			children = (
				045921192E85588C008C8D6A /* DINCond-Bold Regular.otf */,
				0459211A2E85588C008C8D6A /* DIN-Black-2.otf */,
				0459211B2E85588C008C8D6A /* fonteditor.ttf */,
				0459211C2E85588C008C8D6A /* DS-DIGIB.ttf */,
			);
			path = "字体";
			sourceTree = "<group>";
		};
		04A8C54F2E8AA9FF00381701 /* SubVC */ = {
			isa = PBXGroup;
			children = (
				046CF9722E966357005A88B4 /* MarqueeUsageDemoVC.swift */,
				04D842282E96377A001E8C90 /* JobsOpenDemoVC.swift */,
				04AD62902E9122FC00E18984 /* TimerDemoVC.swift */,
				0401DD072E91182900D572AD /* ToastDemoVC.swift */,
				04E8D5BA2E8E5ACF00E85CDA /* CNIDDemoVC.swift */,
				04D0C9782E8D066000580020 /* PicLoadDemoVC.swift */,
				04D0C9712E8CD39200580020 /* JobsControlEventsDemoVC.swift */,
				0477D9862E8BEF62002C6427 /* KeyboardDemoVC.swift */,
				0477D97E2E8BDBB7002C6427 /* JobsCountdownDemoVC.swift */,
				0477D9782E8BADB1002C6427 /* DemoVC.swift */,
				0477D9742E8B9141002C6427 /* SafetyPresentDemoVC.swift */,
				0477D9702E8B896A002C6427 /* SafetyPushDemoVC.swift */,
				04A8C54B2E8AA94B00381701 /* UIButtonDemoVC.swift */,
				04CF03162E8A76490083ACF0 /* RichTextDemoVC.swift */,
				04CF028F2E8A3A0F0083ACF0 /* UITextViewDemoVC.swift */,
				041F5B002E87B50F00984EEB /* UITextFieldDemoVC.swift */,
				C564FCA92E09597C0079B5C1 /* VC2.swift */,
				C564FCAA2E09597C0079B5C1 /* ViewController.swift */,
			);
			path = SubVC;
			sourceTree = "<group>";
		};
		04D0C97C2E8D19AB00580020 /* MJRefresh */ = {
			isa = PBXGroup;
			children = (
				04D0C97A2E8D19AB00580020 /* MJRefreshNormalHeader.swift */,
				04D0C97B2E8D19AB00580020 /* MJRefreshAutoNormalFooter.swift */,
			);
			path = MJRefresh;
			sourceTree = "<group>";
		};
		04D0C97F2E8D19DE00580020 /* 3rd */ = {
			isa = PBXGroup;
			children = (
				0477D9842E8BEACA002C6427 /* Reactive.swift */,
				04D0C97C2E8D19AB00580020 /* MJRefresh */,
			);
			path = 3rd;
			sourceTree = "<group>";
		};
		04D0C9802E8D19FC00580020 /* iOS.SDK */ = {
			isa = PBXGroup;
			children = (
				046CF9762E967E6B005A88B4 /* URL.swift */,
				046CF9742E9667C8005A88B4 /* UIButtonConfiguration.swift */,
				042B67CD2E950858000A2970 /* NSTextAttachment.swift */,
				0401DCFD2E91069E00D572AD /* DateFormatter.swift */,
				0401DCFB2E9102BB00D572AD /* UserDefaults.swift */,
				0401DCF92E90D91700D572AD /* UIWindow.swift */,
				0401DCF72E90CDF400D572AD /* UIWindowScene.swift */,
				04E8D61A2E8E837C00E85CDA /* NSMutableAttributedString.swift */,
				04E8D6162E8E6E7E00E85CDA /* UIBarButtonItemAppearance.swift */,
				04D0C9812E8D1CF300580020 /* Optional.swift */,
				04D0C96D2E8CD14900580020 /* UIControl.swift */,
				04D0C96B2E8CCA7200580020 /* UIBarItem.swift */,
				0477D9762E8B937A002C6427 /* UIResponder.swift */,
				0477D96E2E8B8478002C6427 /* UIApplication.swift */,
				048E376F2E879978004C3A41 /* UIGestureRecognizer.swift */,
				04AC74C42E86682D004B8305 /* Notification.swift */,
				04A18E4C2E865336004BB9DC /* UIImage.swift */,
				045921142E8557FB008C8D6A /* UIFont.swift */,
				045920E92E84FD77008C8D6A /* String.swift */,
				045920E52E84F386008C8D6A /* CALayer.swift */,
				C564FC742E0959620079B5C1 /* Inlines.swift */,
				C564FC762E0959620079B5C1 /* NSObject.swift */,
				C564FC752E0959620079B5C1 /* UIActivityIndicatorView.swift */,
				C564FC6A2E0959610079B5C1 /* UIAlertController.swift */,
				C564FC6B2E0959610079B5C1 /* UIBarButtonItem.swift */,
				04CF028B2E8808500083ACF0 /* UIButton.swift */,
				C564FC672E0959600079B5C1 /* UICollectionView.swift */,
				C564FC7B2E0959630079B5C1 /* UIDatePicker.swift */,
				C564FC692E0959610079B5C1 /* UIImageView.swift */,
				C564FC6E2E0959610079B5C1 /* UILabel.swift */,
				C564FC842E0959640079B5C1 /* UINavigationBar.swift */,
				C564FC7C2E0959630079B5C1 /* UINavigationController.swift */,
				0487AAD92E840CB200B5D307 /* UIColor.swift */,
				C564FC7F2E0959630079B5C1 /* UIPageControl.swift */,
				C564FC722E0959620079B5C1 /* UIPageViewController.swift */,
				C564FC832E0959640079B5C1 /* UIPickerView.swift */,
				C564FC7A2E0959630079B5C1 /* UIPopoverPresentationController.swift */,
				C564FC6D2E0959610079B5C1 /* UIProgressView.swift */,
				C564FC6F2E0959610079B5C1 /* UIScrollView.swift */,
				C564FC7D2E0959630079B5C1 /* UISearchBar.swift */,
				C564FC682E0959610079B5C1 /* UISegmentedControl.swift */,
				C564FC662E0959600079B5C1 /* UISlider.swift */,
				C564FC792E0959620079B5C1 /* UIStackView.swift */,
				C564FC812E0959640079B5C1 /* UIStepper.swift */,
				C564FC702E0959620079B5C1 /* UISwitch.swift */,
				C564FC6C2E0959610079B5C1 /* UITabBarController.swift */,
				C564FC802E0959630079B5C1 /* UITableView.swift */,
				C564FC822E0959640079B5C1 /* UITextField.swift */,
				C564FC782E0959620079B5C1 /* UITextView.swift */,
				04E8D6182E8E6EBF00E85CDA /* UIToolbar.swift */,
				C564FC712E0959620079B5C1 /* UIToolbarAppearance.swift */,
				C564FC732E0959620079B5C1 /* UIView.swift */,
				C564FC7E2E0959630079B5C1 /* UIViewController.swift */,
				C564FC642E0959600079B5C1 /* WKWebView.swift */,
			);
			path = iOS.SDK;
			sourceTree = "<group>";
		};
		04E8D61D2E8E882000E85CDA /* UIViewController */ = {
			isa = PBXGroup;
			children = (
				04E8D6222E8E883F00E85CDA /* BaseVC.swift */,
			);
			path = UIViewController;
			sourceTree = "<group>";
		};
		B8CEBE2669D72254F6970521 /* Pods */ = {
			isa = PBXGroup;
			children = (
				F121CBEF17A1657759C769CC /* Pods-JobsSwiftBaseConfigDemo.debug.xcconfig */,
				498373BA0509D1FCFC7035BF /* Pods-JobsSwiftBaseConfigDemo.release.xcconfig */,
				43AC2F32E62C31BD8D0F4D55 /* Pods-JobsSwiftBaseConfigDemoTests.debug.xcconfig */,
				541B5CD9E391C291D6F85D0C /* Pods-JobsSwiftBaseConfigDemoTests.release.xcconfig */,
				C609C130F5D696F07D7CF14E /* Pods-JobsSwiftBaseConfigDemoUITests.debug.xcconfig */,
				6C47B3124102DA5E280DDE84 /* Pods-JobsSwiftBaseConfigDemoUITests.release.xcconfig */,
			);
			path = Pods;
			sourceTree = "<group>";
		};
		C564FBD22E09580A0079B5C1 = {
			isa = PBXGroup;
			children = (
				C564FBDD2E09580B0079B5C1 /* JobsSwiftBaseConfigDemo */,
				C564FBF72E09580D0079B5C1 /* JobsSwiftBaseConfigDemoTests */,
				C564FC012E09580E0079B5C1 /* JobsSwiftBaseConfigDemoUITests */,
				C564FBDC2E09580B0079B5C1 /* Products */,
				B8CEBE2669D72254F6970521 /* Pods */,
				D245570FB891EF3ED82214C4 /* Frameworks */,
			);
			sourceTree = "<group>";
		};
		C564FBDC2E09580B0079B5C1 /* Products */ = {
			isa = PBXGroup;
			children = (
				C564FBDB2E09580B0079B5C1 /* JobsSwiftBaseConfigDemo.app */,
				C564FBF42E09580D0079B5C1 /* JobsSwiftBaseConfigDemoTests.xctest */,
				C564FBFE2E09580E0079B5C1 /* JobsSwiftBaseConfigDemoUITests.xctest */,
			);
			name = Products;
			sourceTree = "<group>";
		};
		C564FBDD2E09580B0079B5C1 /* JobsSwiftBaseConfigDemo */ = {
			isa = PBXGroup;
			children = (
				0459210F2E85572C008C8D6A /* Inheritance */,
				045920EF2E854C8E008C8D6A /* Extensions */,
				045920E22E84EC64008C8D6A /* SwiftTools */,
				C564FEEC2E0AAC900079B5C1 /* SwiftDefines */,
				C564FEEB2E0AAC5A0079B5C1 /* 主业务流程 */,
				C564FEE92E0AABE80079B5C1 /* UIBaseModel */,
				C564FC372E0959120079B5C1 /* Resources */,
				C564FC282E0958C40079B5C1 /* AppDelegate & SceneDelegate */,
				C564FBEF2E09580D0079B5C1 /* Info.plist */,
			);
			path = JobsSwiftBaseConfigDemo;
			sourceTree = "<group>";
		};
		C564FBF72E09580D0079B5C1 /* JobsSwiftBaseConfigDemoTests */ = {
			isa = PBXGroup;
			children = (
				C564FBF82E09580D0079B5C1 /* JobsSwiftBaseConfigDemoTests.swift */,
			);
			path = JobsSwiftBaseConfigDemoTests;
			sourceTree = "<group>";
		};
		C564FC012E09580E0079B5C1 /* JobsSwiftBaseConfigDemoUITests */ = {
			isa = PBXGroup;
			children = (
				C564FC022E09580E0079B5C1 /* JobsSwiftBaseConfigDemoUITests.swift */,
				C564FC042E09580E0079B5C1 /* JobsSwiftBaseConfigDemoUITestsLaunchTests.swift */,
			);
			path = JobsSwiftBaseConfigDemoUITests;
			sourceTree = "<group>";
		};
		C564FC272E0958BD0079B5C1 /* 3rd */ = {
			isa = PBXGroup;
			children = (
				C564FC2D2E0958E80079B5C1 /* HUDHelper.swift */,
				044272842E8146130084B25C /* JXScale.swift */,
			);
			path = 3rd;
			sourceTree = "<group>";
		};
		C564FC282E0958C40079B5C1 /* AppDelegate & SceneDelegate */ = {
			isa = PBXGroup;
			children = (
				C564FC292E0958D50079B5C1 /* AppDelegate.swift */,
				C564FC2A2E0958D50079B5C1 /* SceneDelegate.swift */,
				C564FC272E0958BD0079B5C1 /* 3rd */,
			);
			path = "AppDelegate & SceneDelegate";
			sourceTree = "<group>";
		};
		C564FC372E0959120079B5C1 /* Resources */ = {
			isa = PBXGroup;
			children = (
				045921182E855875008C8D6A /* 字体 */,
				045921172E85584C008C8D6A /* storyboard */,
				045921162E855831008C8D6A /* xcassets */,
				C564FBE72E09580B0079B5C1 /* JobsSwiftBaseConfigDemo.xcdatamodeld */,
			);
			path = Resources;
			sourceTree = "<group>";
		};
		C564FCA82E0959690079B5C1 /* VC */ = {
			isa = PBXGroup;
			children = (
				04A8C54D2E8AA9F800381701 /* RootListVC.swift */,
				04A8C54F2E8AA9FF00381701 /* SubVC */,
			);
			path = VC;
			sourceTree = "<group>";
		};
		C564FCAD2E0959920079B5C1 /* Views */ = {
			isa = PBXGroup;
			children = (
				C564FCAE2E0959990079B5C1 /* CollectionCell.swift */,
				C564FCB02E0959990079B5C1 /* CustomCell.swift */,
				C564FCAF2E0959990079B5C1 /* EmptyView.swift */,
			);
			path = Views;
			sourceTree = "<group>";
		};
		C564FEE92E0AABE80079B5C1 /* UIBaseModel */ = {
			isa = PBXGroup;
			children = (
				C564FC852E0959640079B5C1 /* UIKitModel.swift */,
			);
			path = UIBaseModel;
			sourceTree = "<group>";
		};
		C564FEEA2E0AAC2B0079B5C1 /* UIKit.extension */ = {
			isa = PBXGroup;
			children = (
				04D0C9802E8D19FC00580020 /* iOS.SDK */,
				04D0C97F2E8D19DE00580020 /* 3rd */,
			);
			path = UIKit.extension;
			sourceTree = "<group>";
		};
		C564FEEB2E0AAC5A0079B5C1 /* 主业务流程 */ = {
			isa = PBXGroup;
			children = (
				C564FCAD2E0959920079B5C1 /* Views */,
				C564FCA82E0959690079B5C1 /* VC */,
			);
			path = "主业务流程";
			sourceTree = "<group>";
		};
		C564FEEC2E0AAC900079B5C1 /* SwiftDefines */ = {
			isa = PBXGroup;
			children = (
				0401DCFF2E910B3200D572AD /* BaseLet.swift */,
				043B83742E8FF0CC00579AA8 /* BaseProtocolDefs.swift */,
				04E8D5B82E8E54FF00E85CDA /* BaseStructDefs.swift */,
				C564FC612E0959510079B5C1 /* BaseEnumDefs.swift */,
			);
			path = SwiftDefines;
			sourceTree = "<group>";
		};
		D245570FB891EF3ED82214C4 /* Frameworks */ = {
			isa = PBXGroup;
			children = (
				0487AADB2E840EE300B5D307 /* libc++.tbd */,
				1D3933E8883C7E8B6A888BA7 /* Pods_JobsSwiftBaseConfigDemo.framework */,
				CE98D9D036CE4AAA3EA72C02 /* Pods_JobsSwiftBaseConfigDemoTests.framework */,
				CA9261964B37E24BC5754CC1 /* Pods_JobsSwiftBaseConfigDemoUITests.framework */,
			);
			name = Frameworks;
			sourceTree = "<group>";
		};
/* End PBXGroup section */

/* Begin PBXNativeTarget section */
		C564FBDA2E09580B0079B5C1 /* JobsSwiftBaseConfigDemo */ = {
			isa = PBXNativeTarget;
			buildConfigurationList = C564FC082E09580E0079B5C1 /* Build configuration list for PBXNativeTarget "JobsSwiftBaseConfigDemo" */;
			buildPhases = (
				7B3A39613349068F02F6EC3B /* [CP] Check Pods Manifest.lock */,
				C564FBD72E09580B0079B5C1 /* Sources */,
				C564FBD82E09580B0079B5C1 /* Frameworks */,
				C564FBD92E09580B0079B5C1 /* Resources */,
				FF63B6FA62F2B3BC9032C39A /* [CP] Copy Pods Resources */,
				04CF02912E8A3DE40083ACF0 /* ShellScript */,
			);
			buildRules = (
			);
			dependencies = (
			);
			name = JobsSwiftBaseConfigDemo;
			productName = JobsSwiftBaseConfigDemo;
			productReference = C564FBDB2E09580B0079B5C1 /* JobsSwiftBaseConfigDemo.app */;
			productType = "com.apple.product-type.application";
		};
		C564FBF32E09580D0079B5C1 /* JobsSwiftBaseConfigDemoTests */ = {
			isa = PBXNativeTarget;
			buildConfigurationList = C564FC0B2E09580E0079B5C1 /* Build configuration list for PBXNativeTarget "JobsSwiftBaseConfigDemoTests" */;
			buildPhases = (
				B3165A8368E06D8906D9570D /* [CP] Check Pods Manifest.lock */,
				C564FBF02E09580D0079B5C1 /* Sources */,
				C564FBF12E09580D0079B5C1 /* Frameworks */,
				C564FBF22E09580D0079B5C1 /* Resources */,
			);
			buildRules = (
			);
			dependencies = (
				C564FBF62E09580D0079B5C1 /* PBXTargetDependency */,
			);
			name = JobsSwiftBaseConfigDemoTests;
			productName = JobsSwiftBaseConfigDemoTests;
			productReference = C564FBF42E09580D0079B5C1 /* JobsSwiftBaseConfigDemoTests.xctest */;
			productType = "com.apple.product-type.bundle.unit-test";
		};
		C564FBFD2E09580E0079B5C1 /* JobsSwiftBaseConfigDemoUITests */ = {
			isa = PBXNativeTarget;
			buildConfigurationList = C564FC0E2E09580E0079B5C1 /* Build configuration list for PBXNativeTarget "JobsSwiftBaseConfigDemoUITests" */;
			buildPhases = (
				B7630CE58ADD424095F8308D /* [CP] Check Pods Manifest.lock */,
				C564FBFA2E09580E0079B5C1 /* Sources */,
				C564FBFB2E09580E0079B5C1 /* Frameworks */,
				C564FBFC2E09580E0079B5C1 /* Resources */,
			);
			buildRules = (
			);
			dependencies = (
				C564FC002E09580E0079B5C1 /* PBXTargetDependency */,
			);
			name = JobsSwiftBaseConfigDemoUITests;
			productName = JobsSwiftBaseConfigDemoUITests;
			productReference = C564FBFE2E09580E0079B5C1 /* JobsSwiftBaseConfigDemoUITests.xctest */;
			productType = "com.apple.product-type.bundle.ui-testing";
		};
/* End PBXNativeTarget section */

/* Begin PBXProject section */
		C564FBD32E09580A0079B5C1 /* Project object */ = {
			isa = PBXProject;
			attributes = {
				BuildIndependentTargetsInParallel = 1;
				LastSwiftUpdateCheck = 1520;
				LastUpgradeCheck = 1520;
				TargetAttributes = {
					C564FBDA2E09580B0079B5C1 = {
						CreatedOnToolsVersion = 15.2;
					};
					C564FBF32E09580D0079B5C1 = {
						CreatedOnToolsVersion = 15.2;
						TestTargetID = C564FBDA2E09580B0079B5C1;
					};
					C564FBFD2E09580E0079B5C1 = {
						CreatedOnToolsVersion = 15.2;
						TestTargetID = C564FBDA2E09580B0079B5C1;
					};
				};
			};
			buildConfigurationList = C564FBD62E09580A0079B5C1 /* Build configuration list for PBXProject "JobsSwiftBaseConfigDemo" */;
			compatibilityVersion = "Xcode 14.0";
			developmentRegion = en;
			hasScannedForEncodings = 0;
			knownRegions = (
				en,
				Base,
			);
			mainGroup = C564FBD22E09580A0079B5C1;
			productRefGroup = C564FBDC2E09580B0079B5C1 /* Products */;
			projectDirPath = "";
			projectRoot = "";
			targets = (
				C564FBDA2E09580B0079B5C1 /* JobsSwiftBaseConfigDemo */,
				C564FBF32E09580D0079B5C1 /* JobsSwiftBaseConfigDemoTests */,
				C564FBFD2E09580E0079B5C1 /* JobsSwiftBaseConfigDemoUITests */,
			);
		};
/* End PBXProject section */

/* Begin PBXResourcesBuildPhase section */
		C564FBD92E09580B0079B5C1 /* Resources */ = {
			isa = PBXResourcesBuildPhase;
			buildActionMask = 2147483647;
			files = (
				0459211D2E85588C008C8D6A /* DINCond-Bold Regular.otf in Resources */,
				0459211E2E85588C008C8D6A /* DS-DIGIB.ttf in Resources */,
				0459211F2E85588C008C8D6A /* fonteditor.ttf in Resources */,
				045921202E85588C008C8D6A /* DIN-Black-2.otf in Resources */,
				C564FBEE2E09580D0079B5C1 /* LaunchScreen.storyboard in Resources */,
				C564FBEB2E09580D0079B5C1 /* Assets.xcassets in Resources */,
				0442717B2E8139CF0084B25C /* ColorAssets.xcassets in Resources */,
				C564FBE62E09580B0079B5C1 /* Main.storyboard in Resources */,
			);
			runOnlyForDeploymentPostprocessing = 0;
		};
		C564FBF22E09580D0079B5C1 /* Resources */ = {
			isa = PBXResourcesBuildPhase;
			buildActionMask = 2147483647;
			files = (
			);
			runOnlyForDeploymentPostprocessing = 0;
		};
		C564FBFC2E09580E0079B5C1 /* Resources */ = {
			isa = PBXResourcesBuildPhase;
			buildActionMask = 2147483647;
			files = (
			);
			runOnlyForDeploymentPostprocessing = 0;
		};
/* End PBXResourcesBuildPhase section */

/* Begin PBXShellScriptBuildPhase section */
		04CF02912E8A3DE40083ACF0 /* ShellScript */ = {
			isa = PBXShellScriptBuildPhase;
			buildActionMask = 2147483647;
			files = (
			);
			inputFileListPaths = (
			);
			inputPaths = (
			);
			outputFileListPaths = (
			);
			outputPaths = (
			);
			runOnlyForDeploymentPostprocessing = 0;
			shellPath = /bin/sh;
			shellScript = "\n";
		};
		7B3A39613349068F02F6EC3B /* [CP] Check Pods Manifest.lock */ = {
			isa = PBXShellScriptBuildPhase;
			buildActionMask = 2147483647;
			files = (
			);
			inputFileListPaths = (
			);
			inputPaths = (
				"${PODS_PODFILE_DIR_PATH}/Podfile.lock",
				"${PODS_ROOT}/Manifest.lock",
			);
			name = "[CP] Check Pods Manifest.lock";
			outputFileListPaths = (
			);
			outputPaths = (
				"$(DERIVED_FILE_DIR)/Pods-JobsSwiftBaseConfigDemo-checkManifestLockResult.txt",
			);
			runOnlyForDeploymentPostprocessing = 0;
			shellPath = /bin/sh;
			shellScript = "diff \"${PODS_PODFILE_DIR_PATH}/Podfile.lock\" \"${PODS_ROOT}/Manifest.lock\" > /dev/null\nif [ $? != 0 ] ; then\n    # print error to STDERR\n    echo \"error: The sandbox is not in sync with the Podfile.lock. Run 'pod install' or update your CocoaPods installation.\" >&2\n    exit 1\nfi\n# This output is used by Xcode 'outputs' to avoid re-running this script phase.\necho \"SUCCESS\" > \"${SCRIPT_OUTPUT_FILE_0}\"\n";
			showEnvVarsInLog = 0;
		};
		B3165A8368E06D8906D9570D /* [CP] Check Pods Manifest.lock */ = {
			isa = PBXShellScriptBuildPhase;
			buildActionMask = 2147483647;
			files = (
			);
			inputFileListPaths = (
			);
			inputPaths = (
				"${PODS_PODFILE_DIR_PATH}/Podfile.lock",
				"${PODS_ROOT}/Manifest.lock",
			);
			name = "[CP] Check Pods Manifest.lock";
			outputFileListPaths = (
			);
			outputPaths = (
				"$(DERIVED_FILE_DIR)/Pods-JobsSwiftBaseConfigDemoTests-checkManifestLockResult.txt",
			);
			runOnlyForDeploymentPostprocessing = 0;
			shellPath = /bin/sh;
			shellScript = "diff \"${PODS_PODFILE_DIR_PATH}/Podfile.lock\" \"${PODS_ROOT}/Manifest.lock\" > /dev/null\nif [ $? != 0 ] ; then\n    # print error to STDERR\n    echo \"error: The sandbox is not in sync with the Podfile.lock. Run 'pod install' or update your CocoaPods installation.\" >&2\n    exit 1\nfi\n# This output is used by Xcode 'outputs' to avoid re-running this script phase.\necho \"SUCCESS\" > \"${SCRIPT_OUTPUT_FILE_0}\"\n";
			showEnvVarsInLog = 0;
		};
		B7630CE58ADD424095F8308D /* [CP] Check Pods Manifest.lock */ = {
			isa = PBXShellScriptBuildPhase;
			buildActionMask = 2147483647;
			files = (
			);
			inputFileListPaths = (
			);
			inputPaths = (
				"${PODS_PODFILE_DIR_PATH}/Podfile.lock",
				"${PODS_ROOT}/Manifest.lock",
			);
			name = "[CP] Check Pods Manifest.lock";
			outputFileListPaths = (
			);
			outputPaths = (
				"$(DERIVED_FILE_DIR)/Pods-JobsSwiftBaseConfigDemoUITests-checkManifestLockResult.txt",
			);
			runOnlyForDeploymentPostprocessing = 0;
			shellPath = /bin/sh;
			shellScript = "diff \"${PODS_PODFILE_DIR_PATH}/Podfile.lock\" \"${PODS_ROOT}/Manifest.lock\" > /dev/null\nif [ $? != 0 ] ; then\n    # print error to STDERR\n    echo \"error: The sandbox is not in sync with the Podfile.lock. Run 'pod install' or update your CocoaPods installation.\" >&2\n    exit 1\nfi\n# This output is used by Xcode 'outputs' to avoid re-running this script phase.\necho \"SUCCESS\" > \"${SCRIPT_OUTPUT_FILE_0}\"\n";
			showEnvVarsInLog = 0;
		};
		FF63B6FA62F2B3BC9032C39A /* [CP] Copy Pods Resources */ = {
			isa = PBXShellScriptBuildPhase;
			buildActionMask = 2147483647;
			files = (
			);
			inputFileListPaths = (
			);
			name = "[CP] Copy Pods Resources";
			outputFileListPaths = (
			);
			runOnlyForDeploymentPostprocessing = 0;
			shellPath = /bin/sh;
			shellScript = "\"${PODS_ROOT}/Target Support Files/Pods-JobsSwiftBaseConfigDemo/Pods-JobsSwiftBaseConfigDemo-resources.sh\"\n";
			showEnvVarsInLog = 0;
		};
/* End PBXShellScriptBuildPhase section */

/* Begin PBXSourcesBuildPhase section */
		C564FBD72E09580B0079B5C1 /* Sources */ = {
			isa = PBXSourcesBuildPhase;
			buildActionMask = 2147483647;
			files = (
				C564FC8B2E0959640079B5C1 /* UIImageView.swift in Sources */,
				C564FCA02E0959640079B5C1 /* UIViewController.swift in Sources */,
				045921152E8557FE008C8D6A /* UIFont.swift in Sources */,
				C564FC2B2E0958D50079B5C1 /* AppDelegate.swift in Sources */,
				044272852E8146130084B25C /* JXScale.swift in Sources */,
				C564FCB22E0959990079B5C1 /* EmptyView.swift in Sources */,
				045920FC2E854FA9008C8D6A /* UInt.swift in Sources */,
				045920FF2E854FBD008C8D6A /* UInt8.swift in Sources */,
				04D0C96C2E8CCA7400580020 /* UIBarItem.swift in Sources */,
				C564FC8D2E0959640079B5C1 /* UIBarButtonItem.swift in Sources */,
				C564FC2E2E0958E80079B5C1 /* HUDHelper.swift in Sources */,
				045920F22E854F79008C8D6A /* Int.swift in Sources */,
				0477D9752E8B9146002C6427 /* SafetyPresentDemoVC.swift in Sources */,
				045920F42E854F85008C8D6A /* Int8.swift in Sources */,
				0477D96D2E8B83D6002C6427 /* JobsSafeTransitions.swift in Sources */,
				C564FC9A2E0959640079B5C1 /* UITextView.swift in Sources */,
				C564FC942E0959640079B5C1 /* UIPageViewController.swift in Sources */,
				045920E62E84F389008C8D6A /* CALayer.swift in Sources */,
				04E8D5B92E8E550200E85CDA /* BaseStructDefs.swift in Sources */,
				0487AADA2E840CB200B5D307 /* UIColor.swift in Sources */,
				04E8D6232E8E884500E85CDA /* BaseVC.swift in Sources */,
				0477D9832E8BE9FC002C6427 /* KeyboardObserver.swift in Sources */,
				045921042E854FE1008C8D6A /* UInt32.swift in Sources */,
				0477D96F2E8B8479002C6427 /* UIApplication.swift in Sources */,
				C564FC9D2E0959640079B5C1 /* UIDatePicker.swift in Sources */,
				045921062E854FE9008C8D6A /* UInt64.swift in Sources */,
				04CF03172E8A76500083ACF0 /* RichTextDemoVC.swift in Sources */,
				0477D9852E8BEACB002C6427 /* Reactive.swift in Sources */,
				C564FCA42E0959640079B5C1 /* UITextField.swift in Sources */,
				04CF03152E8A75E80083ACF0 /* JobsRichText.swift in Sources */,
				C564FC9C2E0959640079B5C1 /* UIPopoverPresentationController.swift in Sources */,
				C564FCA32E0959640079B5C1 /* UIStepper.swift in Sources */,
				04D0C97D2E8D19AB00580020 /* MJRefreshAutoNormalFooter.swift in Sources */,
				04D0C97E2E8D19AB00580020 /* MJRefreshNormalHeader.swift in Sources */,
				04E8D6172E8E6E7F00E85CDA /* UIBarButtonItemAppearance.swift in Sources */,
				04AD62912E91230000E18984 /* TimerDemoVC.swift in Sources */,
				C564FC862E0959640079B5C1 /* WKWebView.swift in Sources */,
				0477D97D2E8BDB95002C6427 /* JobsCountdownButton.swift in Sources */,
				04AC74C52E86682E004B8305 /* Notification.swift in Sources */,
				04D0C9722E8CD39300580020 /* JobsControlEventsDemoVC.swift in Sources */,
				C564FC8A2E0959640079B5C1 /* UISegmentedControl.swift in Sources */,
				04D842292E96377B001E8C90 /* JobsOpenDemoVC.swift in Sources */,
				0477D9772E8B9381002C6427 /* UIResponder.swift in Sources */,
				0401DCFA2E90D91900D572AD /* UIWindow.swift in Sources */,
				04E8D5BB2E8E5AD000E85CDA /* CNIDDemoVC.swift in Sources */,
				C564FC892E0959640079B5C1 /* UICollectionView.swift in Sources */,
				C564FCB32E0959990079B5C1 /* CustomCell.swift in Sources */,
				045920FA2E854FA5008C8D6A /* Int64.swift in Sources */,
				04E8D61B2E8E837D00E85CDA /* NSMutableAttributedString.swift in Sources */,
				041F5B012E87B51800984EEB /* UITextFieldDemoVC.swift in Sources */,
				C564FC902E0959640079B5C1 /* UILabel.swift in Sources */,
				C564FC9E2E0959640079B5C1 /* UINavigationController.swift in Sources */,
				0401DD062E9115CE00D572AD /* JobsToast.swift in Sources */,
				0477D9792E8BADB2002C6427 /* DemoVC.swift in Sources */,
				C564FCA52E0959640079B5C1 /* UIPickerView.swift in Sources */,
				C564FC882E0959640079B5C1 /* UISlider.swift in Sources */,
				C564FC912E0959640079B5C1 /* UIScrollView.swift in Sources */,
				C564FC8F2E0959640079B5C1 /* UIProgressView.swift in Sources */,
				0401DCFE2E91069F00D572AD /* DateFormatter.swift in Sources */,
				C564FC9F2E0959640079B5C1 /* UISearchBar.swift in Sources */,
				0401DCFC2E9102BC00D572AD /* UserDefaults.swift in Sources */,
				0459210A2E854FFB008C8D6A /* Float16.swift in Sources */,
				0477D9872E8BEF64002C6427 /* KeyboardDemoVC.swift in Sources */,
				C564FC932E0959640079B5C1 /* UIToolbarAppearance.swift in Sources */,
				04CF028C2E8808540083ACF0 /* UIButton.swift in Sources */,
				C564FCA12E0959640079B5C1 /* UIPageControl.swift in Sources */,
				04A18E4D2E86533B004BB9DC /* UIImage.swift in Sources */,
				045921122E855769008C8D6A /* JobsPaddedLabel.swift in Sources */,
				0459210C2E855004008C8D6A /* Float80.swift in Sources */,
				04D0C96E2E8CD14B00580020 /* UIControl.swift in Sources */,
				046CF9732E966359005A88B4 /* MarqueeUsageDemoVC.swift in Sources */,
				0477D9712E8B897D002C6427 /* SafetyPushDemoVC.swift in Sources */,
				C564FCAC2E09597C0079B5C1 /* ViewController.swift in Sources */,
				C564FC962E0959640079B5C1 /* Inlines.swift in Sources */,
				042B67CE2E95085A000A2970 /* NSTextAttachment.swift in Sources */,
				045920EE2E854BE7008C8D6A /* Double.swift in Sources */,
				C564FC982E0959640079B5C1 /* NSObject.swift in Sources */,
				C564FCB12E0959990079B5C1 /* CollectionCell.swift in Sources */,
				045920E42E84EC73008C8D6A /* SwiftTools.swift in Sources */,
				045920EA2E84FD82008C8D6A /* String.swift in Sources */,
				045920F82E854F91008C8D6A /* Int32.swift in Sources */,
				C564FC622E0959510079B5C1 /* BaseEnumDefs.swift in Sources */,
				C564FC972E0959640079B5C1 /* UIActivityIndicatorView.swift in Sources */,
				C564FCA22E0959640079B5C1 /* UITableView.swift in Sources */,
				048E37702E87997A004C3A41 /* UIGestureRecognizer.swift in Sources */,
				C564FC8E2E0959640079B5C1 /* UITabBarController.swift in Sources */,
				04CF02902E8A3A160083ACF0 /* UITextViewDemoVC.swift in Sources */,
				045921022E854FDA008C8D6A /* UInt16.swift in Sources */,
				C564FCAB2E09597C0079B5C1 /* VC2.swift in Sources */,
				0477D97F2E8BDBBC002C6427 /* JobsCountdownDemoVC.swift in Sources */,
				04D8422B2E965BA1001E8C90 /* JobsMarqueeView.swift in Sources */,
				C564FC8C2E0959640079B5C1 /* UIAlertController.swift in Sources */,
				04CF028E2E8A37BB0083ACF0 /* TextInputStrategies.swift in Sources */,
				04A8C54E2E8AA9F900381701 /* RootListVC.swift in Sources */,
				C564FC9B2E0959640079B5C1 /* UIStackView.swift in Sources */,
				043B83752E8FF0D600579AA8 /* BaseProtocolDefs.swift in Sources */,
				0401DD082E91183000D572AD /* ToastDemoVC.swift in Sources */,
				04CF03192E8A80CE0083ACF0 /* AppTools.swift in Sources */,
				04D0C9822E8D1CF400580020 /* Optional.swift in Sources */,
				C564FC952E0959640079B5C1 /* UIView.swift in Sources */,
				04A8C54C2E8AA94D00381701 /* UIButtonDemoVC.swift in Sources */,
				046CF9772E967E6C005A88B4 /* URL.swift in Sources */,
				04D0C9792E8D066900580020 /* PicLoadDemoVC.swift in Sources */,
				045920F62E854F8C008C8D6A /* Int16.swift in Sources */,
				0401DD002E910B3500D572AD /* BaseLet.swift in Sources */,
				C564FBE92E09580B0079B5C1 /* JobsSwiftBaseConfigDemo.xcdatamodeld in Sources */,
				0401DCF82E90CDF500D572AD /* UIWindowScene.swift in Sources */,
				04E8D6192E8E6EC300E85CDA /* UIToolbar.swift in Sources */,
				046CF9752E9667C9005A88B4 /* UIButtonConfiguration.swift in Sources */,
				045921082E854FF3008C8D6A /* Float.swift in Sources */,
				C564FCA62E0959640079B5C1 /* UINavigationBar.swift in Sources */,
				04AD628F2E9120C500E18984 /* JobsTimer.swift in Sources */,
				C564FC2C2E0958D50079B5C1 /* SceneDelegate.swift in Sources */,
				C564FC922E0959640079B5C1 /* UISwitch.swift in Sources */,
			);
			runOnlyForDeploymentPostprocessing = 0;
		};
		C564FBF02E09580D0079B5C1 /* Sources */ = {
			isa = PBXSourcesBuildPhase;
			buildActionMask = 2147483647;
			files = (
				C564FBF92E09580D0079B5C1 /* JobsSwiftBaseConfigDemoTests.swift in Sources */,
			);
			runOnlyForDeploymentPostprocessing = 0;
		};
		C564FBFA2E09580E0079B5C1 /* Sources */ = {
			isa = PBXSourcesBuildPhase;
			buildActionMask = 2147483647;
			files = (
				C564FC052E09580E0079B5C1 /* JobsSwiftBaseConfigDemoUITestsLaunchTests.swift in Sources */,
				C564FC032E09580E0079B5C1 /* JobsSwiftBaseConfigDemoUITests.swift in Sources */,
			);
			runOnlyForDeploymentPostprocessing = 0;
		};
/* End PBXSourcesBuildPhase section */

/* Begin PBXTargetDependency section */
		C564FBF62E09580D0079B5C1 /* PBXTargetDependency */ = {
			isa = PBXTargetDependency;
			target = C564FBDA2E09580B0079B5C1 /* JobsSwiftBaseConfigDemo */;
			targetProxy = C564FBF52E09580D0079B5C1 /* PBXContainerItemProxy */;
		};
		C564FC002E09580E0079B5C1 /* PBXTargetDependency */ = {
			isa = PBXTargetDependency;
			target = C564FBDA2E09580B0079B5C1 /* JobsSwiftBaseConfigDemo */;
			targetProxy = C564FBFF2E09580E0079B5C1 /* PBXContainerItemProxy */;
		};
/* End PBXTargetDependency section */

/* Begin PBXVariantGroup section */
		C564FBE42E09580B0079B5C1 /* Main.storyboard */ = {
			isa = PBXVariantGroup;
			children = (
				C564FBE52E09580B0079B5C1 /* Base */,
			);
			name = Main.storyboard;
			sourceTree = "<group>";
		};
		C564FBEC2E09580D0079B5C1 /* LaunchScreen.storyboard */ = {
			isa = PBXVariantGroup;
			children = (
				C564FBED2E09580D0079B5C1 /* Base */,
			);
			name = LaunchScreen.storyboard;
			sourceTree = "<group>";
		};
/* End PBXVariantGroup section */

/* Begin XCBuildConfiguration section */
		C564FC062E09580E0079B5C1 /* Debug */ = {
			isa = XCBuildConfiguration;
			buildSettings = {
				ALWAYS_SEARCH_USER_PATHS = NO;
				ASSETCATALOG_COMPILER_GENERATE_SWIFT_ASSET_SYMBOL_EXTENSIONS = YES;
				CLANG_ANALYZER_NONNULL = YES;
				CLANG_ANALYZER_NUMBER_OBJECT_CONVERSION = YES_AGGRESSIVE;
				CLANG_CXX_LANGUAGE_STANDARD = "gnu++20";
				CLANG_ENABLE_MODULES = YES;
				CLANG_ENABLE_OBJC_ARC = YES;
				CLANG_ENABLE_OBJC_WEAK = YES;
				CLANG_WARN_BLOCK_CAPTURE_AUTORELEASING = YES;
				CLANG_WARN_BOOL_CONVERSION = YES;
				CLANG_WARN_COMMA = YES;
				CLANG_WARN_CONSTANT_CONVERSION = YES;
				CLANG_WARN_DEPRECATED_OBJC_IMPLEMENTATIONS = YES;
				CLANG_WARN_DIRECT_OBJC_ISA_USAGE = YES_ERROR;
				CLANG_WARN_DOCUMENTATION_COMMENTS = YES;
				CLANG_WARN_EMPTY_BODY = YES;
				CLANG_WARN_ENUM_CONVERSION = YES;
				CLANG_WARN_INFINITE_RECURSION = YES;
				CLANG_WARN_INT_CONVERSION = YES;
				CLANG_WARN_NON_LITERAL_NULL_CONVERSION = YES;
				CLANG_WARN_OBJC_IMPLICIT_RETAIN_SELF = YES;
				CLANG_WARN_OBJC_LITERAL_CONVERSION = YES;
				CLANG_WARN_OBJC_ROOT_CLASS = YES_ERROR;
				CLANG_WARN_QUOTED_INCLUDE_IN_FRAMEWORK_HEADER = YES;
				CLANG_WARN_RANGE_LOOP_ANALYSIS = YES;
				CLANG_WARN_STRICT_PROTOTYPES = YES;
				CLANG_WARN_SUSPICIOUS_MOVE = YES;
				CLANG_WARN_UNGUARDED_AVAILABILITY = YES_AGGRESSIVE;
				CLANG_WARN_UNREACHABLE_CODE = YES;
				CLANG_WARN__DUPLICATE_METHOD_MATCH = YES;
				COPY_PHASE_STRIP = NO;
				DEBUG_INFORMATION_FORMAT = dwarf;
				ENABLE_STRICT_OBJC_MSGSEND = YES;
				ENABLE_TESTABILITY = YES;
				ENABLE_USER_SCRIPT_SANDBOXING = NO;
				GCC_C_LANGUAGE_STANDARD = gnu17;
				GCC_DYNAMIC_NO_PIC = NO;
				GCC_NO_COMMON_BLOCKS = YES;
				GCC_OPTIMIZATION_LEVEL = 0;
				GCC_PREPROCESSOR_DEFINITIONS = (
					"DEBUG=1",
					"$(inherited)",
				);
				GCC_WARN_64_TO_32_BIT_CONVERSION = YES;
				GCC_WARN_ABOUT_RETURN_TYPE = YES_ERROR;
				GCC_WARN_UNDECLARED_SELECTOR = YES;
				GCC_WARN_UNINITIALIZED_AUTOS = YES_AGGRESSIVE;
				GCC_WARN_UNUSED_FUNCTION = YES;
				GCC_WARN_UNUSED_VARIABLE = YES;
				IPHONEOS_DEPLOYMENT_TARGET = 17.2;
				LOCALIZATION_PREFERS_STRING_CATALOGS = YES;
				MTL_ENABLE_DEBUG_INFO = INCLUDE_SOURCE;
				MTL_FAST_MATH = YES;
				ONLY_ACTIVE_ARCH = YES;
				SDKROOT = iphoneos;
				SWIFT_ACTIVE_COMPILATION_CONDITIONS = "DEBUG $(inherited)";
				SWIFT_OPTIMIZATION_LEVEL = "-Onone";
			};
			name = Debug;
		};
		C564FC072E09580E0079B5C1 /* Release */ = {
			isa = XCBuildConfiguration;
			buildSettings = {
				ALWAYS_SEARCH_USER_PATHS = NO;
				ASSETCATALOG_COMPILER_GENERATE_SWIFT_ASSET_SYMBOL_EXTENSIONS = YES;
				CLANG_ANALYZER_NONNULL = YES;
				CLANG_ANALYZER_NUMBER_OBJECT_CONVERSION = YES_AGGRESSIVE;
				CLANG_CXX_LANGUAGE_STANDARD = "gnu++20";
				CLANG_ENABLE_MODULES = YES;
				CLANG_ENABLE_OBJC_ARC = YES;
				CLANG_ENABLE_OBJC_WEAK = YES;
				CLANG_WARN_BLOCK_CAPTURE_AUTORELEASING = YES;
				CLANG_WARN_BOOL_CONVERSION = YES;
				CLANG_WARN_COMMA = YES;
				CLANG_WARN_CONSTANT_CONVERSION = YES;
				CLANG_WARN_DEPRECATED_OBJC_IMPLEMENTATIONS = YES;
				CLANG_WARN_DIRECT_OBJC_ISA_USAGE = YES_ERROR;
				CLANG_WARN_DOCUMENTATION_COMMENTS = YES;
				CLANG_WARN_EMPTY_BODY = YES;
				CLANG_WARN_ENUM_CONVERSION = YES;
				CLANG_WARN_INFINITE_RECURSION = YES;
				CLANG_WARN_INT_CONVERSION = YES;
				CLANG_WARN_NON_LITERAL_NULL_CONVERSION = YES;
				CLANG_WARN_OBJC_IMPLICIT_RETAIN_SELF = YES;
				CLANG_WARN_OBJC_LITERAL_CONVERSION = YES;
				CLANG_WARN_OBJC_ROOT_CLASS = YES_ERROR;
				CLANG_WARN_QUOTED_INCLUDE_IN_FRAMEWORK_HEADER = YES;
				CLANG_WARN_RANGE_LOOP_ANALYSIS = YES;
				CLANG_WARN_STRICT_PROTOTYPES = YES;
				CLANG_WARN_SUSPICIOUS_MOVE = YES;
				CLANG_WARN_UNGUARDED_AVAILABILITY = YES_AGGRESSIVE;
				CLANG_WARN_UNREACHABLE_CODE = YES;
				CLANG_WARN__DUPLICATE_METHOD_MATCH = YES;
				COPY_PHASE_STRIP = NO;
				DEBUG_INFORMATION_FORMAT = "dwarf-with-dsym";
				ENABLE_NS_ASSERTIONS = NO;
				ENABLE_STRICT_OBJC_MSGSEND = YES;
				ENABLE_USER_SCRIPT_SANDBOXING = NO;
				GCC_C_LANGUAGE_STANDARD = gnu17;
				GCC_NO_COMMON_BLOCKS = YES;
				GCC_WARN_64_TO_32_BIT_CONVERSION = YES;
				GCC_WARN_ABOUT_RETURN_TYPE = YES_ERROR;
				GCC_WARN_UNDECLARED_SELECTOR = YES;
				GCC_WARN_UNINITIALIZED_AUTOS = YES_AGGRESSIVE;
				GCC_WARN_UNUSED_FUNCTION = YES;
				GCC_WARN_UNUSED_VARIABLE = YES;
				IPHONEOS_DEPLOYMENT_TARGET = 17.2;
				LOCALIZATION_PREFERS_STRING_CATALOGS = YES;
				MTL_ENABLE_DEBUG_INFO = NO;
				MTL_FAST_MATH = YES;
				SDKROOT = iphoneos;
				SWIFT_COMPILATION_MODE = wholemodule;
				VALIDATE_PRODUCT = YES;
			};
			name = Release;
		};
		C564FC092E09580E0079B5C1 /* Debug */ = {
			isa = XCBuildConfiguration;
			baseConfigurationReference = F121CBEF17A1657759C769CC /* Pods-JobsSwiftBaseConfigDemo.debug.xcconfig */;
			buildSettings = {
				ASSETCATALOG_COMPILER_APPICON_NAME = AppIcon;
				ASSETCATALOG_COMPILER_GLOBAL_ACCENT_COLOR_NAME = AccentColor;
				CODE_SIGN_STYLE = Automatic;
				CURRENT_PROJECT_VERSION = 1;
				DEVELOPMENT_TEAM = V45NP54BJP;
				ENABLE_USER_SCRIPT_SANDBOXING = NO;
				GENERATE_INFOPLIST_FILE = YES;
				INFOPLIST_FILE = JobsSwiftBaseConfigDemo/Info.plist;
				INFOPLIST_KEY_UIApplicationSupportsIndirectInputEvents = YES;
				INFOPLIST_KEY_UILaunchStoryboardName = LaunchScreen;
				INFOPLIST_KEY_UIMainStoryboardFile = Main;
				INFOPLIST_KEY_UISupportedInterfaceOrientations_iPad = "UIInterfaceOrientationPortrait UIInterfaceOrientationPortraitUpsideDown UIInterfaceOrientationLandscapeLeft UIInterfaceOrientationLandscapeRight";
				INFOPLIST_KEY_UISupportedInterfaceOrientations_iPhone = "UIInterfaceOrientationPortrait UIInterfaceOrientationLandscapeLeft UIInterfaceOrientationLandscapeRight";
				LD_RUNPATH_SEARCH_PATHS = (
					"$(inherited)",
					"@executable_path/Frameworks",
				);
				LIBRARY_SEARCH_PATHS = "$(inherited)";
				MARKETING_VERSION = 1.0;
				PRODUCT_BUNDLE_IDENTIFIER = com.jobs.JobsSwiftBaseConfigDemo;
				PRODUCT_NAME = "$(TARGET_NAME)";
				SWIFT_EMIT_LOC_STRINGS = YES;
				SWIFT_VERSION = 5.0;
				TARGETED_DEVICE_FAMILY = "1,2";
			};
			name = Debug;
		};
		C564FC0A2E09580E0079B5C1 /* Release */ = {
			isa = XCBuildConfiguration;
			baseConfigurationReference = 498373BA0509D1FCFC7035BF /* Pods-JobsSwiftBaseConfigDemo.release.xcconfig */;
			buildSettings = {
				ASSETCATALOG_COMPILER_APPICON_NAME = AppIcon;
				ASSETCATALOG_COMPILER_GLOBAL_ACCENT_COLOR_NAME = AccentColor;
				CODE_SIGN_STYLE = Automatic;
				CURRENT_PROJECT_VERSION = 1;
				DEVELOPMENT_TEAM = V45NP54BJP;
				ENABLE_USER_SCRIPT_SANDBOXING = NO;
				GENERATE_INFOPLIST_FILE = YES;
				INFOPLIST_FILE = JobsSwiftBaseConfigDemo/Info.plist;
				INFOPLIST_KEY_UIApplicationSupportsIndirectInputEvents = YES;
				INFOPLIST_KEY_UILaunchStoryboardName = LaunchScreen;
				INFOPLIST_KEY_UIMainStoryboardFile = Main;
				INFOPLIST_KEY_UISupportedInterfaceOrientations_iPad = "UIInterfaceOrientationPortrait UIInterfaceOrientationPortraitUpsideDown UIInterfaceOrientationLandscapeLeft UIInterfaceOrientationLandscapeRight";
				INFOPLIST_KEY_UISupportedInterfaceOrientations_iPhone = "UIInterfaceOrientationPortrait UIInterfaceOrientationLandscapeLeft UIInterfaceOrientationLandscapeRight";
				LD_RUNPATH_SEARCH_PATHS = (
					"$(inherited)",
					"@executable_path/Frameworks",
				);
				LIBRARY_SEARCH_PATHS = "$(inherited)";
				MARKETING_VERSION = 1.0;
				PRODUCT_BUNDLE_IDENTIFIER = com.jobs.JobsSwiftBaseConfigDemo;
				PRODUCT_NAME = "$(TARGET_NAME)";
				SWIFT_EMIT_LOC_STRINGS = YES;
				SWIFT_VERSION = 5.0;
				TARGETED_DEVICE_FAMILY = "1,2";
			};
			name = Release;
		};
		C564FC0C2E09580E0079B5C1 /* Debug */ = {
			isa = XCBuildConfiguration;
			baseConfigurationReference = 43AC2F32E62C31BD8D0F4D55 /* Pods-JobsSwiftBaseConfigDemoTests.debug.xcconfig */;
			buildSettings = {
				ALWAYS_EMBED_SWIFT_STANDARD_LIBRARIES = YES;
				BUNDLE_LOADER = "$(TEST_HOST)";
				CODE_SIGN_STYLE = Automatic;
				CURRENT_PROJECT_VERSION = 1;
				GENERATE_INFOPLIST_FILE = YES;
				IPHONEOS_DEPLOYMENT_TARGET = 17.2;
				MARKETING_VERSION = 1.0;
				PRODUCT_BUNDLE_IDENTIFIER = com.jobs.JobsSwiftBaseConfigDemoTests;
				PRODUCT_NAME = "$(TARGET_NAME)";
				SWIFT_EMIT_LOC_STRINGS = NO;
				SWIFT_VERSION = 5.0;
				TARGETED_DEVICE_FAMILY = "1,2";
				TEST_HOST = "$(BUILT_PRODUCTS_DIR)/JobsSwiftBaseConfigDemo.app/$(BUNDLE_EXECUTABLE_FOLDER_PATH)/JobsSwiftBaseConfigDemo";
			};
			name = Debug;
		};
		C564FC0D2E09580E0079B5C1 /* Release */ = {
			isa = XCBuildConfiguration;
			baseConfigurationReference = 541B5CD9E391C291D6F85D0C /* Pods-JobsSwiftBaseConfigDemoTests.release.xcconfig */;
			buildSettings = {
				ALWAYS_EMBED_SWIFT_STANDARD_LIBRARIES = YES;
				BUNDLE_LOADER = "$(TEST_HOST)";
				CODE_SIGN_STYLE = Automatic;
				CURRENT_PROJECT_VERSION = 1;
				GENERATE_INFOPLIST_FILE = YES;
				IPHONEOS_DEPLOYMENT_TARGET = 17.2;
				MARKETING_VERSION = 1.0;
				PRODUCT_BUNDLE_IDENTIFIER = com.jobs.JobsSwiftBaseConfigDemoTests;
				PRODUCT_NAME = "$(TARGET_NAME)";
				SWIFT_EMIT_LOC_STRINGS = NO;
				SWIFT_VERSION = 5.0;
				TARGETED_DEVICE_FAMILY = "1,2";
				TEST_HOST = "$(BUILT_PRODUCTS_DIR)/JobsSwiftBaseConfigDemo.app/$(BUNDLE_EXECUTABLE_FOLDER_PATH)/JobsSwiftBaseConfigDemo";
			};
			name = Release;
		};
		C564FC0F2E09580E0079B5C1 /* Debug */ = {
			isa = XCBuildConfiguration;
			baseConfigurationReference = C609C130F5D696F07D7CF14E /* Pods-JobsSwiftBaseConfigDemoUITests.debug.xcconfig */;
			buildSettings = {
				ALWAYS_EMBED_SWIFT_STANDARD_LIBRARIES = YES;
				CODE_SIGN_STYLE = Automatic;
				CURRENT_PROJECT_VERSION = 1;
				GENERATE_INFOPLIST_FILE = YES;
				MARKETING_VERSION = 1.0;
				PRODUCT_BUNDLE_IDENTIFIER = com.jobs.JobsSwiftBaseConfigDemoUITests;
				PRODUCT_NAME = "$(TARGET_NAME)";
				SWIFT_EMIT_LOC_STRINGS = NO;
				SWIFT_VERSION = 5.0;
				TARGETED_DEVICE_FAMILY = "1,2";
				TEST_TARGET_NAME = JobsSwiftBaseConfigDemo;
			};
			name = Debug;
		};
		C564FC102E09580E0079B5C1 /* Release */ = {
			isa = XCBuildConfiguration;
			baseConfigurationReference = 6C47B3124102DA5E280DDE84 /* Pods-JobsSwiftBaseConfigDemoUITests.release.xcconfig */;
			buildSettings = {
				ALWAYS_EMBED_SWIFT_STANDARD_LIBRARIES = YES;
				CODE_SIGN_STYLE = Automatic;
				CURRENT_PROJECT_VERSION = 1;
				GENERATE_INFOPLIST_FILE = YES;
				MARKETING_VERSION = 1.0;
				PRODUCT_BUNDLE_IDENTIFIER = com.jobs.JobsSwiftBaseConfigDemoUITests;
				PRODUCT_NAME = "$(TARGET_NAME)";
				SWIFT_EMIT_LOC_STRINGS = NO;
				SWIFT_VERSION = 5.0;
				TARGETED_DEVICE_FAMILY = "1,2";
				TEST_TARGET_NAME = JobsSwiftBaseConfigDemo;
			};
			name = Release;
		};
/* End XCBuildConfiguration section */

/* Begin XCConfigurationList section */
		C564FBD62E09580A0079B5C1 /* Build configuration list for PBXProject "JobsSwiftBaseConfigDemo" */ = {
			isa = XCConfigurationList;
			buildConfigurations = (
				C564FC062E09580E0079B5C1 /* Debug */,
				C564FC072E09580E0079B5C1 /* Release */,
			);
			defaultConfigurationIsVisible = 0;
			defaultConfigurationName = Release;
		};
		C564FC082E09580E0079B5C1 /* Build configuration list for PBXNativeTarget "JobsSwiftBaseConfigDemo" */ = {
			isa = XCConfigurationList;
			buildConfigurations = (
				C564FC092E09580E0079B5C1 /* Debug */,
				C564FC0A2E09580E0079B5C1 /* Release */,
			);
			defaultConfigurationIsVisible = 0;
			defaultConfigurationName = Release;
		};
		C564FC0B2E09580E0079B5C1 /* Build configuration list for PBXNativeTarget "JobsSwiftBaseConfigDemoTests" */ = {
			isa = XCConfigurationList;
			buildConfigurations = (
				C564FC0C2E09580E0079B5C1 /* Debug */,
				C564FC0D2E09580E0079B5C1 /* Release */,
			);
			defaultConfigurationIsVisible = 0;
			defaultConfigurationName = Release;
		};
		C564FC0E2E09580E0079B5C1 /* Build configuration list for PBXNativeTarget "JobsSwiftBaseConfigDemoUITests" */ = {
			isa = XCConfigurationList;
			buildConfigurations = (
				C564FC0F2E09580E0079B5C1 /* Debug */,
				C564FC102E09580E0079B5C1 /* Release */,
			);
			defaultConfigurationIsVisible = 0;
			defaultConfigurationName = Release;
		};
/* End XCConfigurationList section */

/* Begin XCVersionGroup section */
		C564FBE72E09580B0079B5C1 /* JobsSwiftBaseConfigDemo.xcdatamodeld */ = {
			isa = XCVersionGroup;
			children = (
				C564FBE82E09580B0079B5C1 /* JobsSwiftBaseConfigDemo.xcdatamodel */,
			);
			currentVersion = C564FBE82E09580B0079B5C1 /* JobsSwiftBaseConfigDemo.xcdatamodel */;
			path = JobsSwiftBaseConfigDemo.xcdatamodeld;
			sourceTree = "<group>";
			versionGroupType = wrapper.xcdatamodel;
		};
/* End XCVersionGroup section */
	};
	rootObject = C564FBD32E09580A0079B5C1 /* Project object */;
}
