// !$*UTF8*$!
{
	archiveVersion = 1;
	classes = {
	};
	objectVersion = 77;
	objects = {

/* Begin PBXBuildFile section */
		1653E3615328B28BBE198DEF /* Pods_JobsSwiftBaseConfigDemo.framework in Frameworks */ = {isa = PBXBuildFile; fileRef = 65D3DA7A6C9C9134055A443D /* Pods_JobsSwiftBaseConfigDemo.framework */; };
		3621846C9B0F2D12254CF8E8 /* Pods_JobsSwiftBaseConfigDemoTests.framework in Frameworks */ = {isa = PBXBuildFile; fileRef = 8AFB5A22AE42998287E46EB8 /* Pods_JobsSwiftBaseConfigDemoTests.framework */; };
		78B0DCA91709F80B9D0C76A9 /* Pods_JobsSwiftBaseConfigDemoUITests.framework in Frameworks */ = {isa = PBXBuildFile; fileRef = 6A4BD9220F6795CFF945F6A3 /* Pods_JobsSwiftBaseConfigDemoUITests.framework */; };
/* End PBXBuildFile section */

/* Begin PBXContainerItemProxy section */
		C531939A2DEFEB0400755EAD /* PBXContainerItemProxy */ = {
			isa = PBXContainerItemProxy;
			containerPortal = C53193842DEFEB0200755EAD /* Project object */;
			proxyType = 1;
			remoteGlobalIDString = C531938B2DEFEB0200755EAD;
			remoteInfo = JobsSwiftBaseConfigDemo;
		};
		C53193A42DEFEB0400755EAD /* PBXContainerItemProxy */ = {
			isa = PBXContainerItemProxy;
			containerPortal = C53193842DEFEB0200755EAD /* Project object */;
			proxyType = 1;
			remoteGlobalIDString = C531938B2DEFEB0200755EAD;
			remoteInfo = JobsSwiftBaseConfigDemo;
		};
/* End PBXContainerItemProxy section */

/* Begin PBXFileReference section */
		65D3DA7A6C9C9134055A443D /* Pods_JobsSwiftBaseConfigDemo.framework */ = {isa = PBXFileReference; explicitFileType = wrapper.framework; includeInIndex = 0; path = Pods_JobsSwiftBaseConfigDemo.framework; sourceTree = BUILT_PRODUCTS_DIR; };
		6A4BD9220F6795CFF945F6A3 /* Pods_JobsSwiftBaseConfigDemoUITests.framework */ = {isa = PBXFileReference; explicitFileType = wrapper.framework; includeInIndex = 0; path = Pods_JobsSwiftBaseConfigDemoUITests.framework; sourceTree = BUILT_PRODUCTS_DIR; };
		712A16ECF15DFBB0E5A296FD /* Pods-JobsSwiftBaseConfigDemoUITests.debug.xcconfig */ = {isa = PBXFileReference; includeInIndex = 1; lastKnownFileType = text.xcconfig; name = "Pods-JobsSwiftBaseConfigDemoUITests.debug.xcconfig"; path = "Target Support Files/Pods-JobsSwiftBaseConfigDemoUITests/Pods-JobsSwiftBaseConfigDemoUITests.debug.xcconfig"; sourceTree = "<group>"; };
		7A9A18BB5D6C78E3866BB61D /* Pods-JobsSwiftBaseConfigDemoTests.release.xcconfig */ = {isa = PBXFileReference; includeInIndex = 1; lastKnownFileType = text.xcconfig; name = "Pods-JobsSwiftBaseConfigDemoTests.release.xcconfig"; path = "Target Support Files/Pods-JobsSwiftBaseConfigDemoTests/Pods-JobsSwiftBaseConfigDemoTests.release.xcconfig"; sourceTree = "<group>"; };
		8AFB5A22AE42998287E46EB8 /* Pods_JobsSwiftBaseConfigDemoTests.framework */ = {isa = PBXFileReference; explicitFileType = wrapper.framework; includeInIndex = 0; path = Pods_JobsSwiftBaseConfigDemoTests.framework; sourceTree = BUILT_PRODUCTS_DIR; };
		A35235AA7D80DAC188F36FA1 /* Pods-JobsSwiftBaseConfigDemo.debug.xcconfig */ = {isa = PBXFileReference; includeInIndex = 1; lastKnownFileType = text.xcconfig; name = "Pods-JobsSwiftBaseConfigDemo.debug.xcconfig"; path = "Target Support Files/Pods-JobsSwiftBaseConfigDemo/Pods-JobsSwiftBaseConfigDemo.debug.xcconfig"; sourceTree = "<group>"; };
		A632452218944F3FF353C200 /* Pods-JobsSwiftBaseConfigDemoUITests.release.xcconfig */ = {isa = PBXFileReference; includeInIndex = 1; lastKnownFileType = text.xcconfig; name = "Pods-JobsSwiftBaseConfigDemoUITests.release.xcconfig"; path = "Target Support Files/Pods-JobsSwiftBaseConfigDemoUITests/Pods-JobsSwiftBaseConfigDemoUITests.release.xcconfig"; sourceTree = "<group>"; };
		B29B683BC3AB12F44FA28C9D /* Pods-JobsSwiftBaseConfigDemo.release.xcconfig */ = {isa = PBXFileReference; includeInIndex = 1; lastKnownFileType = text.xcconfig; name = "Pods-JobsSwiftBaseConfigDemo.release.xcconfig"; path = "Target Support Files/Pods-JobsSwiftBaseConfigDemo/Pods-JobsSwiftBaseConfigDemo.release.xcconfig"; sourceTree = "<group>"; };
		C531938C2DEFEB0200755EAD /* JobsSwiftBaseConfigDemo.app */ = {isa = PBXFileReference; explicitFileType = wrapper.application; includeInIndex = 0; path = JobsSwiftBaseConfigDemo.app; sourceTree = BUILT_PRODUCTS_DIR; };
		C53193992DEFEB0400755EAD /* JobsSwiftBaseConfigDemoTests.xctest */ = {isa = PBXFileReference; explicitFileType = wrapper.cfbundle; includeInIndex = 0; path = JobsSwiftBaseConfigDemoTests.xctest; sourceTree = BUILT_PRODUCTS_DIR; };
		C53193A32DEFEB0400755EAD /* JobsSwiftBaseConfigDemoUITests.xctest */ = {isa = PBXFileReference; explicitFileType = wrapper.cfbundle; includeInIndex = 0; path = JobsSwiftBaseConfigDemoUITests.xctest; sourceTree = BUILT_PRODUCTS_DIR; };
		E0EDD02522BF81DC5C21400A /* Pods-JobsSwiftBaseConfigDemoTests.debug.xcconfig */ = {isa = PBXFileReference; includeInIndex = 1; lastKnownFileType = text.xcconfig; name = "Pods-JobsSwiftBaseConfigDemoTests.debug.xcconfig"; path = "Target Support Files/Pods-JobsSwiftBaseConfigDemoTests/Pods-JobsSwiftBaseConfigDemoTests.debug.xcconfig"; sourceTree = "<group>"; };
/* End PBXFileReference section */

/* Begin PBXFileSystemSynchronizedRootGroup section */
		C531938E2DEFEB0200755EAD /* JobsSwiftBaseConfigDemo */ = {
			isa = PBXFileSystemSynchronizedRootGroup;
			exceptions = (
			);
			path = JobsSwiftBaseConfigDemo;
			sourceTree = "<group>";
		};
		C531939C2DEFEB0400755EAD /* JobsSwiftBaseConfigDemoTests */ = {
			isa = PBXFileSystemSynchronizedRootGroup;
			exceptions = (
			);
			path = JobsSwiftBaseConfigDemoTests;
			sourceTree = "<group>";
		};
		C53193A62DEFEB0400755EAD /* JobsSwiftBaseConfigDemoUITests */ = {
			isa = PBXFileSystemSynchronizedRootGroup;
			exceptions = (
			);
			path = JobsSwiftBaseConfigDemoUITests;
			sourceTree = "<group>";
		};
/* End PBXFileSystemSynchronizedRootGroup section */

/* Begin PBXFrameworksBuildPhase section */
		C53193892DEFEB0200755EAD /* Frameworks */ = {
			isa = PBXFrameworksBuildPhase;
			buildActionMask = 2147483647;
			files = (
				1653E3615328B28BBE198DEF /* Pods_JobsSwiftBaseConfigDemo.framework in Frameworks */,
			);
			runOnlyForDeploymentPostprocessing = 0;
		};
		C53193962DEFEB0400755EAD /* Frameworks */ = {
			isa = PBXFrameworksBuildPhase;
			buildActionMask = 2147483647;
			files = (
				3621846C9B0F2D12254CF8E8 /* Pods_JobsSwiftBaseConfigDemoTests.framework in Frameworks */,
			);
			runOnlyForDeploymentPostprocessing = 0;
		};
		C53193A02DEFEB0400755EAD /* Frameworks */ = {
			isa = PBXFrameworksBuildPhase;
			buildActionMask = 2147483647;
			files = (
				78B0DCA91709F80B9D0C76A9 /* Pods_JobsSwiftBaseConfigDemoUITests.framework in Frameworks */,
			);
			runOnlyForDeploymentPostprocessing = 0;
		};
/* End PBXFrameworksBuildPhase section */

/* Begin PBXGroup section */
		3130E9002819AFBE1AEC02F4 /* Frameworks */ = {
			isa = PBXGroup;
			children = (
				65D3DA7A6C9C9134055A443D /* Pods_JobsSwiftBaseConfigDemo.framework */,
				8AFB5A22AE42998287E46EB8 /* Pods_JobsSwiftBaseConfigDemoTests.framework */,
				6A4BD9220F6795CFF945F6A3 /* Pods_JobsSwiftBaseConfigDemoUITests.framework */,
			);
			name = Frameworks;
			sourceTree = "<group>";
		};
		5F6453EBB6F985D550F1A709 /* Pods */ = {
			isa = PBXGroup;
			children = (
				A35235AA7D80DAC188F36FA1 /* Pods-JobsSwiftBaseConfigDemo.debug.xcconfig */,
				B29B683BC3AB12F44FA28C9D /* Pods-JobsSwiftBaseConfigDemo.release.xcconfig */,
				E0EDD02522BF81DC5C21400A /* Pods-JobsSwiftBaseConfigDemoTests.debug.xcconfig */,
				7A9A18BB5D6C78E3866BB61D /* Pods-JobsSwiftBaseConfigDemoTests.release.xcconfig */,
				712A16ECF15DFBB0E5A296FD /* Pods-JobsSwiftBaseConfigDemoUITests.debug.xcconfig */,
				A632452218944F3FF353C200 /* Pods-JobsSwiftBaseConfigDemoUITests.release.xcconfig */,
			);
			name = Pods;
			path = Pods;
			sourceTree = "<group>";
		};
		C53193832DEFEB0200755EAD = {
			isa = PBXGroup;
			children = (
				C531938E2DEFEB0200755EAD /* JobsSwiftBaseConfigDemo */,
				C531939C2DEFEB0400755EAD /* JobsSwiftBaseConfigDemoTests */,
				C53193A62DEFEB0400755EAD /* JobsSwiftBaseConfigDemoUITests */,
				C531938D2DEFEB0200755EAD /* Products */,
				5F6453EBB6F985D550F1A709 /* Pods */,
				3130E9002819AFBE1AEC02F4 /* Frameworks */,
			);
			sourceTree = "<group>";
		};
		C531938D2DEFEB0200755EAD /* Products */ = {
			isa = PBXGroup;
			children = (
				C531938C2DEFEB0200755EAD /* JobsSwiftBaseConfigDemo.app */,
				C53193992DEFEB0400755EAD /* JobsSwiftBaseConfigDemoTests.xctest */,
				C53193A32DEFEB0400755EAD /* JobsSwiftBaseConfigDemoUITests.xctest */,
			);
			name = Products;
			sourceTree = "<group>";
		};
/* End PBXGroup section */

/* Begin PBXNativeTarget section */
		C531938B2DEFEB0200755EAD /* JobsSwiftBaseConfigDemo */ = {
			isa = PBXNativeTarget;
			buildConfigurationList = C53193AD2DEFEB0400755EAD /* Build configuration list for PBXNativeTarget "JobsSwiftBaseConfigDemo" */;
			buildPhases = (
				A656E86482717E7BE2118108 /* [CP] Check Pods Manifest.lock */,
				C53193882DEFEB0200755EAD /* Sources */,
				C53193892DEFEB0200755EAD /* Frameworks */,
				C531938A2DEFEB0200755EAD /* Resources */,
				1D54BBD6BE397B451B388F41 /* [CP] Copy Pods Resources */,
			);
			buildRules = (
			);
			dependencies = (
			);
			fileSystemSynchronizedGroups = (
				C531938E2DEFEB0200755EAD /* JobsSwiftBaseConfigDemo */,
			);
			name = JobsSwiftBaseConfigDemo;
			productName = JobsSwiftBaseConfigDemo;
			productReference = C531938C2DEFEB0200755EAD /* JobsSwiftBaseConfigDemo.app */;
			productType = "com.apple.product-type.application";
		};
		C53193982DEFEB0400755EAD /* JobsSwiftBaseConfigDemoTests */ = {
			isa = PBXNativeTarget;
			buildConfigurationList = C53193B02DEFEB0400755EAD /* Build configuration list for PBXNativeTarget "JobsSwiftBaseConfigDemoTests" */;
			buildPhases = (
				AE87ABE75A947FF6C79716BC /* [CP] Check Pods Manifest.lock */,
				C53193952DEFEB0400755EAD /* Sources */,
				C53193962DEFEB0400755EAD /* Frameworks */,
				C53193972DEFEB0400755EAD /* Resources */,
			);
			buildRules = (
			);
			dependencies = (
				C531939B2DEFEB0400755EAD /* PBXTargetDependency */,
			);
			fileSystemSynchronizedGroups = (
				C531939C2DEFEB0400755EAD /* JobsSwiftBaseConfigDemoTests */,
			);
			name = JobsSwiftBaseConfigDemoTests;
			productName = JobsSwiftBaseConfigDemoTests;
			productReference = C53193992DEFEB0400755EAD /* JobsSwiftBaseConfigDemoTests.xctest */;
			productType = "com.apple.product-type.bundle.unit-test";
		};
		C53193A22DEFEB0400755EAD /* JobsSwiftBaseConfigDemoUITests */ = {
			isa = PBXNativeTarget;
			buildConfigurationList = C53193B32DEFEB0400755EAD /* Build configuration list for PBXNativeTarget "JobsSwiftBaseConfigDemoUITests" */;
			buildPhases = (
				5A59141F99CBA7407C56A6EB /* [CP] Check Pods Manifest.lock */,
				C531939F2DEFEB0400755EAD /* Sources */,
				C53193A02DEFEB0400755EAD /* Frameworks */,
				C53193A12DEFEB0400755EAD /* Resources */,
			);
			buildRules = (
			);
			dependencies = (
				C53193A52DEFEB0400755EAD /* PBXTargetDependency */,
			);
			fileSystemSynchronizedGroups = (
				C53193A62DEFEB0400755EAD /* JobsSwiftBaseConfigDemoUITests */,
			);
			name = JobsSwiftBaseConfigDemoUITests;
			productName = JobsSwiftBaseConfigDemoUITests;
			productReference = C53193A32DEFEB0400755EAD /* JobsSwiftBaseConfigDemoUITests.xctest */;
			productType = "com.apple.product-type.bundle.ui-testing";
		};
/* End PBXNativeTarget section */

/* Begin PBXProject section */
		C53193842DEFEB0200755EAD /* Project object */ = {
			isa = PBXProject;
			attributes = {
				BuildIndependentTargetsInParallel = 1;
				LastSwiftUpdateCheck = 1640;
				LastUpgradeCheck = 1640;
				TargetAttributes = {
					C531938B2DEFEB0200755EAD = {
						CreatedOnToolsVersion = 16.4;
					};
					C53193982DEFEB0400755EAD = {
						CreatedOnToolsVersion = 16.4;
						TestTargetID = C531938B2DEFEB0200755EAD;
					};
					C53193A22DEFEB0400755EAD = {
						CreatedOnToolsVersion = 16.4;
						TestTargetID = C531938B2DEFEB0200755EAD;
					};
				};
			};
			buildConfigurationList = C53193872DEFEB0200755EAD /* Build configuration list for PBXProject "JobsSwiftBaseConfigDemo" */;
			developmentRegion = en;
			hasScannedForEncodings = 0;
			knownRegions = (
				en,
				Base,
			);
			mainGroup = C53193832DEFEB0200755EAD;
			minimizedProjectReferenceProxies = 1;
			preferredProjectObjectVersion = 77;
			productRefGroup = C531938D2DEFEB0200755EAD /* Products */;
			projectDirPath = "";
			projectRoot = "";
			targets = (
				C531938B2DEFEB0200755EAD /* JobsSwiftBaseConfigDemo */,
				C53193982DEFEB0400755EAD /* JobsSwiftBaseConfigDemoTests */,
				C53193A22DEFEB0400755EAD /* JobsSwiftBaseConfigDemoUITests */,
			);
		};
/* End PBXProject section */

/* Begin PBXResourcesBuildPhase section */
		C531938A2DEFEB0200755EAD /* Resources */ = {
			isa = PBXResourcesBuildPhase;
			buildActionMask = 2147483647;
			files = (
			);
			runOnlyForDeploymentPostprocessing = 0;
		};
		C53193972DEFEB0400755EAD /* Resources */ = {
			isa = PBXResourcesBuildPhase;
			buildActionMask = 2147483647;
			files = (
			);
			runOnlyForDeploymentPostprocessing = 0;
		};
		C53193A12DEFEB0400755EAD /* Resources */ = {
			isa = PBXResourcesBuildPhase;
			buildActionMask = 2147483647;
			files = (
			);
			runOnlyForDeploymentPostprocessing = 0;
		};
/* End PBXResourcesBuildPhase section */

/* Begin PBXShellScriptBuildPhase section */
		1D54BBD6BE397B451B388F41 /* [CP] Copy Pods Resources */ = {
			isa = PBXShellScriptBuildPhase;
			buildActionMask = 2147483647;
			files = (
			);
			inputFileListPaths = (
			);
			name = "[CP] Copy Pods Resources";
			outputFileListPaths = (
			);
			runOnlyForDeploymentPostprocessing = 0;
			shellPath = /bin/sh;
			shellScript = "\"${PODS_ROOT}/Target Support Files/Pods-JobsSwiftBaseConfigDemo/Pods-JobsSwiftBaseConfigDemo-resources.sh\"\n";
			showEnvVarsInLog = 0;
		};
		5A59141F99CBA7407C56A6EB /* [CP] Check Pods Manifest.lock */ = {
			isa = PBXShellScriptBuildPhase;
			buildActionMask = 2147483647;
			files = (
			);
			inputFileListPaths = (
			);
			inputPaths = (
				"${PODS_PODFILE_DIR_PATH}/Podfile.lock",
				"${PODS_ROOT}/Manifest.lock",
			);
			name = "[CP] Check Pods Manifest.lock";
			outputFileListPaths = (
			);
			outputPaths = (
				"$(DERIVED_FILE_DIR)/Pods-JobsSwiftBaseConfigDemoUITests-checkManifestLockResult.txt",
			);
			runOnlyForDeploymentPostprocessing = 0;
			shellPath = /bin/sh;
			shellScript = "diff \"${PODS_PODFILE_DIR_PATH}/Podfile.lock\" \"${PODS_ROOT}/Manifest.lock\" > /dev/null\nif [ $? != 0 ] ; then\n    # print error to STDERR\n    echo \"error: The sandbox is not in sync with the Podfile.lock. Run 'pod install' or update your CocoaPods installation.\" >&2\n    exit 1\nfi\n# This output is used by Xcode 'outputs' to avoid re-running this script phase.\necho \"SUCCESS\" > \"${SCRIPT_OUTPUT_FILE_0}\"\n";
			showEnvVarsInLog = 0;
		};
		A656E86482717E7BE2118108 /* [CP] Check Pods Manifest.lock */ = {
			isa = PBXShellScriptBuildPhase;
			buildActionMask = 2147483647;
			files = (
			);
			inputFileListPaths = (
			);
			inputPaths = (
				"${PODS_PODFILE_DIR_PATH}/Podfile.lock",
				"${PODS_ROOT}/Manifest.lock",
			);
			name = "[CP] Check Pods Manifest.lock";
			outputFileListPaths = (
			);
			outputPaths = (
				"$(DERIVED_FILE_DIR)/Pods-JobsSwiftBaseConfigDemo-checkManifestLockResult.txt",
			);
			runOnlyForDeploymentPostprocessing = 0;
			shellPath = /bin/sh;
			shellScript = "diff \"${PODS_PODFILE_DIR_PATH}/Podfile.lock\" \"${PODS_ROOT}/Manifest.lock\" > /dev/null\nif [ $? != 0 ] ; then\n    # print error to STDERR\n    echo \"error: The sandbox is not in sync with the Podfile.lock. Run 'pod install' or update your CocoaPods installation.\" >&2\n    exit 1\nfi\n# This output is used by Xcode 'outputs' to avoid re-running this script phase.\necho \"SUCCESS\" > \"${SCRIPT_OUTPUT_FILE_0}\"\n";
			showEnvVarsInLog = 0;
		};
		AE87ABE75A947FF6C79716BC /* [CP] Check Pods Manifest.lock */ = {
			isa = PBXShellScriptBuildPhase;
			buildActionMask = 2147483647;
			files = (
			);
			inputFileListPaths = (
			);
			inputPaths = (
				"${PODS_PODFILE_DIR_PATH}/Podfile.lock",
				"${PODS_ROOT}/Manifest.lock",
			);
			name = "[CP] Check Pods Manifest.lock";
			outputFileListPaths = (
			);
			outputPaths = (
				"$(DERIVED_FILE_DIR)/Pods-JobsSwiftBaseConfigDemoTests-checkManifestLockResult.txt",
			);
			runOnlyForDeploymentPostprocessing = 0;
			shellPath = /bin/sh;
			shellScript = "diff \"${PODS_PODFILE_DIR_PATH}/Podfile.lock\" \"${PODS_ROOT}/Manifest.lock\" > /dev/null\nif [ $? != 0 ] ; then\n    # print error to STDERR\n    echo \"error: The sandbox is not in sync with the Podfile.lock. Run 'pod install' or update your CocoaPods installation.\" >&2\n    exit 1\nfi\n# This output is used by Xcode 'outputs' to avoid re-running this script phase.\necho \"SUCCESS\" > \"${SCRIPT_OUTPUT_FILE_0}\"\n";
			showEnvVarsInLog = 0;
		};
/* End PBXShellScriptBuildPhase section */

/* Begin PBXSourcesBuildPhase section */
		C53193882DEFEB0200755EAD /* Sources */ = {
			isa = PBXSourcesBuildPhase;
			buildActionMask = 2147483647;
			files = (
			);
			runOnlyForDeploymentPostprocessing = 0;
		};
		C53193952DEFEB0400755EAD /* Sources */ = {
			isa = PBXSourcesBuildPhase;
			buildActionMask = 2147483647;
			files = (
			);
			runOnlyForDeploymentPostprocessing = 0;
		};
		C531939F2DEFEB0400755EAD /* Sources */ = {
			isa = PBXSourcesBuildPhase;
			buildActionMask = 2147483647;
			files = (
			);
			runOnlyForDeploymentPostprocessing = 0;
		};
/* End PBXSourcesBuildPhase section */

/* Begin PBXTargetDependency section */
		C531939B2DEFEB0400755EAD /* PBXTargetDependency */ = {
			isa = PBXTargetDependency;
			target = C531938B2DEFEB0200755EAD /* JobsSwiftBaseConfigDemo */;
			targetProxy = C531939A2DEFEB0400755EAD /* PBXContainerItemProxy */;
		};
		C53193A52DEFEB0400755EAD /* PBXTargetDependency */ = {
			isa = PBXTargetDependency;
			target = C531938B2DEFEB0200755EAD /* JobsSwiftBaseConfigDemo */;
			targetProxy = C53193A42DEFEB0400755EAD /* PBXContainerItemProxy */;
		};
/* End PBXTargetDependency section */

/* Begin XCBuildConfiguration section */
		C53193AB2DEFEB0400755EAD /* Debug */ = {
			isa = XCBuildConfiguration;
			buildSettings = {
				ALWAYS_SEARCH_USER_PATHS = NO;
				ASSETCATALOG_COMPILER_GENERATE_SWIFT_ASSET_SYMBOL_EXTENSIONS = YES;
				CLANG_ANALYZER_NONNULL = YES;
				CLANG_ANALYZER_NUMBER_OBJECT_CONVERSION = YES_AGGRESSIVE;
				CLANG_CXX_LANGUAGE_STANDARD = "gnu++20";
				CLANG_ENABLE_MODULES = YES;
				CLANG_ENABLE_OBJC_ARC = YES;
				CLANG_ENABLE_OBJC_WEAK = YES;
				CLANG_WARN_BLOCK_CAPTURE_AUTORELEASING = YES;
				CLANG_WARN_BOOL_CONVERSION = YES;
				CLANG_WARN_COMMA = YES;
				CLANG_WARN_CONSTANT_CONVERSION = YES;
				CLANG_WARN_DEPRECATED_OBJC_IMPLEMENTATIONS = YES;
				CLANG_WARN_DIRECT_OBJC_ISA_USAGE = YES_ERROR;
				CLANG_WARN_DOCUMENTATION_COMMENTS = YES;
				CLANG_WARN_EMPTY_BODY = YES;
				CLANG_WARN_ENUM_CONVERSION = YES;
				CLANG_WARN_INFINITE_RECURSION = YES;
				CLANG_WARN_INT_CONVERSION = YES;
				CLANG_WARN_NON_LITERAL_NULL_CONVERSION = YES;
				CLANG_WARN_OBJC_IMPLICIT_RETAIN_SELF = YES;
				CLANG_WARN_OBJC_LITERAL_CONVERSION = YES;
				CLANG_WARN_OBJC_ROOT_CLASS = YES_ERROR;
				CLANG_WARN_QUOTED_INCLUDE_IN_FRAMEWORK_HEADER = YES;
				CLANG_WARN_RANGE_LOOP_ANALYSIS = YES;
				CLANG_WARN_STRICT_PROTOTYPES = YES;
				CLANG_WARN_SUSPICIOUS_MOVE = YES;
				CLANG_WARN_UNGUARDED_AVAILABILITY = YES_AGGRESSIVE;
				CLANG_WARN_UNREACHABLE_CODE = YES;
				CLANG_WARN__DUPLICATE_METHOD_MATCH = YES;
				COPY_PHASE_STRIP = NO;
				DEBUG_INFORMATION_FORMAT = dwarf;
				DEVELOPMENT_TEAM = K92UCMVH8G;
				ENABLE_STRICT_OBJC_MSGSEND = YES;
				ENABLE_TESTABILITY = YES;
				ENABLE_USER_SCRIPT_SANDBOXING = YES;
				GCC_C_LANGUAGE_STANDARD = gnu17;
				GCC_DYNAMIC_NO_PIC = NO;
				GCC_NO_COMMON_BLOCKS = YES;
				GCC_OPTIMIZATION_LEVEL = 0;
				GCC_PREPROCESSOR_DEFINITIONS = (
					"DEBUG=1",
					"$(inherited)",
				);
				GCC_WARN_64_TO_32_BIT_CONVERSION = YES;
				GCC_WARN_ABOUT_RETURN_TYPE = YES_ERROR;
				GCC_WARN_UNDECLARED_SELECTOR = YES;
				GCC_WARN_UNINITIALIZED_AUTOS = YES_AGGRESSIVE;
				GCC_WARN_UNUSED_FUNCTION = YES;
				GCC_WARN_UNUSED_VARIABLE = YES;
				IPHONEOS_DEPLOYMENT_TARGET = 18.5;
				LOCALIZATION_PREFERS_STRING_CATALOGS = YES;
				MTL_ENABLE_DEBUG_INFO = INCLUDE_SOURCE;
				MTL_FAST_MATH = YES;
				ONLY_ACTIVE_ARCH = YES;
				SDKROOT = iphoneos;
				SWIFT_ACTIVE_COMPILATION_CONDITIONS = "DEBUG $(inherited)";
				SWIFT_OPTIMIZATION_LEVEL = "-Onone";
			};
			name = Debug;
		};
		C53193AC2DEFEB0400755EAD /* Release */ = {
			isa = XCBuildConfiguration;
			buildSettings = {
				ALWAYS_SEARCH_USER_PATHS = NO;
				ASSETCATALOG_COMPILER_GENERATE_SWIFT_ASSET_SYMBOL_EXTENSIONS = YES;
				CLANG_ANALYZER_NONNULL = YES;
				CLANG_ANALYZER_NUMBER_OBJECT_CONVERSION = YES_AGGRESSIVE;
				CLANG_CXX_LANGUAGE_STANDARD = "gnu++20";
				CLANG_ENABLE_MODULES = YES;
				CLANG_ENABLE_OBJC_ARC = YES;
				CLANG_ENABLE_OBJC_WEAK = YES;
				CLANG_WARN_BLOCK_CAPTURE_AUTORELEASING = YES;
				CLANG_WARN_BOOL_CONVERSION = YES;
				CLANG_WARN_COMMA = YES;
				CLANG_WARN_CONSTANT_CONVERSION = YES;
				CLANG_WARN_DEPRECATED_OBJC_IMPLEMENTATIONS = YES;
				CLANG_WARN_DIRECT_OBJC_ISA_USAGE = YES_ERROR;
				CLANG_WARN_DOCUMENTATION_COMMENTS = YES;
				CLANG_WARN_EMPTY_BODY = YES;
				CLANG_WARN_ENUM_CONVERSION = YES;
				CLANG_WARN_INFINITE_RECURSION = YES;
				CLANG_WARN_INT_CONVERSION = YES;
				CLANG_WARN_NON_LITERAL_NULL_CONVERSION = YES;
				CLANG_WARN_OBJC_IMPLICIT_RETAIN_SELF = YES;
				CLANG_WARN_OBJC_LITERAL_CONVERSION = YES;
				CLANG_WARN_OBJC_ROOT_CLASS = YES_ERROR;
				CLANG_WARN_QUOTED_INCLUDE_IN_FRAMEWORK_HEADER = YES;
				CLANG_WARN_RANGE_LOOP_ANALYSIS = YES;
				CLANG_WARN_STRICT_PROTOTYPES = YES;
				CLANG_WARN_SUSPICIOUS_MOVE = YES;
				CLANG_WARN_UNGUARDED_AVAILABILITY = YES_AGGRESSIVE;
				CLANG_WARN_UNREACHABLE_CODE = YES;
				CLANG_WARN__DUPLICATE_METHOD_MATCH = YES;
				COPY_PHASE_STRIP = NO;
				DEBUG_INFORMATION_FORMAT = "dwarf-with-dsym";
				DEVELOPMENT_TEAM = K92UCMVH8G;
				ENABLE_NS_ASSERTIONS = NO;
				ENABLE_STRICT_OBJC_MSGSEND = YES;
				ENABLE_USER_SCRIPT_SANDBOXING = YES;
				GCC_C_LANGUAGE_STANDARD = gnu17;
				GCC_NO_COMMON_BLOCKS = YES;
				GCC_WARN_64_TO_32_BIT_CONVERSION = YES;
				GCC_WARN_ABOUT_RETURN_TYPE = YES_ERROR;
				GCC_WARN_UNDECLARED_SELECTOR = YES;
				GCC_WARN_UNINITIALIZED_AUTOS = YES_AGGRESSIVE;
				GCC_WARN_UNUSED_FUNCTION = YES;
				GCC_WARN_UNUSED_VARIABLE = YES;
				IPHONEOS_DEPLOYMENT_TARGET = 18.5;
				LOCALIZATION_PREFERS_STRING_CATALOGS = YES;
				MTL_ENABLE_DEBUG_INFO = NO;
				MTL_FAST_MATH = YES;
				SDKROOT = iphoneos;
				SWIFT_COMPILATION_MODE = wholemodule;
				VALIDATE_PRODUCT = YES;
			};
			name = Release;
		};
		C53193AE2DEFEB0400755EAD /* Debug */ = {
			isa = XCBuildConfiguration;
			baseConfigurationReference = A35235AA7D80DAC188F36FA1 /* Pods-JobsSwiftBaseConfigDemo.debug.xcconfig */;
			buildSettings = {
				ASSETCATALOG_COMPILER_APPICON_NAME = AppIcon;
				ASSETCATALOG_COMPILER_GLOBAL_ACCENT_COLOR_NAME = AccentColor;
				CODE_SIGN_STYLE = Automatic;
				CURRENT_PROJECT_VERSION = 1;
				DEVELOPMENT_TEAM = K92UCMVH8G;
				ENABLE_PREVIEWS = YES;
				GENERATE_INFOPLIST_FILE = YES;
				INFOPLIST_KEY_UIApplicationSceneManifest_Generation = YES;
				INFOPLIST_KEY_UIApplicationSupportsIndirectInputEvents = YES;
				INFOPLIST_KEY_UILaunchScreen_Generation = YES;
				INFOPLIST_KEY_UISupportedInterfaceOrientations_iPad = "UIInterfaceOrientationPortrait UIInterfaceOrientationPortraitUpsideDown UIInterfaceOrientationLandscapeLeft UIInterfaceOrientationLandscapeRight";
				INFOPLIST_KEY_UISupportedInterfaceOrientations_iPhone = "UIInterfaceOrientationPortrait UIInterfaceOrientationLandscapeLeft UIInterfaceOrientationLandscapeRight";
				LD_RUNPATH_SEARCH_PATHS = (
					"$(inherited)",
					"@executable_path/Frameworks",
				);
				MARKETING_VERSION = 1.0;
				PRODUCT_BUNDLE_IDENTIFIER = com.jobs.baseConfig.JobsSwiftBaseConfigDemo;
				PRODUCT_NAME = "$(TARGET_NAME)";
				SWIFT_EMIT_LOC_STRINGS = YES;
				SWIFT_VERSION = 5.0;
				TARGETED_DEVICE_FAMILY = "1,2";
			};
			name = Debug;
		};
		C53193AF2DEFEB0400755EAD /* Release */ = {
			isa = XCBuildConfiguration;
			baseConfigurationReference = B29B683BC3AB12F44FA28C9D /* Pods-JobsSwiftBaseConfigDemo.release.xcconfig */;
			buildSettings = {
				ASSETCATALOG_COMPILER_APPICON_NAME = AppIcon;
				ASSETCATALOG_COMPILER_GLOBAL_ACCENT_COLOR_NAME = AccentColor;
				CODE_SIGN_STYLE = Automatic;
				CURRENT_PROJECT_VERSION = 1;
				DEVELOPMENT_TEAM = K92UCMVH8G;
				ENABLE_PREVIEWS = YES;
				GENERATE_INFOPLIST_FILE = YES;
				INFOPLIST_KEY_UIApplicationSceneManifest_Generation = YES;
				INFOPLIST_KEY_UIApplicationSupportsIndirectInputEvents = YES;
				INFOPLIST_KEY_UILaunchScreen_Generation = YES;
				INFOPLIST_KEY_UISupportedInterfaceOrientations_iPad = "UIInterfaceOrientationPortrait UIInterfaceOrientationPortraitUpsideDown UIInterfaceOrientationLandscapeLeft UIInterfaceOrientationLandscapeRight";
				INFOPLIST_KEY_UISupportedInterfaceOrientations_iPhone = "UIInterfaceOrientationPortrait UIInterfaceOrientationLandscapeLeft UIInterfaceOrientationLandscapeRight";
				LD_RUNPATH_SEARCH_PATHS = (
					"$(inherited)",
					"@executable_path/Frameworks",
				);
				MARKETING_VERSION = 1.0;
				PRODUCT_BUNDLE_IDENTIFIER = com.jobs.baseConfig.JobsSwiftBaseConfigDemo;
				PRODUCT_NAME = "$(TARGET_NAME)";
				SWIFT_EMIT_LOC_STRINGS = YES;
				SWIFT_VERSION = 5.0;
				TARGETED_DEVICE_FAMILY = "1,2";
			};
			name = Release;
		};
		C53193B12DEFEB0400755EAD /* Debug */ = {
			isa = XCBuildConfiguration;
			baseConfigurationReference = E0EDD02522BF81DC5C21400A /* Pods-JobsSwiftBaseConfigDemoTests.debug.xcconfig */;
			buildSettings = {
				BUNDLE_LOADER = "$(TEST_HOST)";
				CODE_SIGN_STYLE = Automatic;
				CURRENT_PROJECT_VERSION = 1;
				DEVELOPMENT_TEAM = K92UCMVH8G;
				GENERATE_INFOPLIST_FILE = YES;
				IPHONEOS_DEPLOYMENT_TARGET = 18.5;
				MARKETING_VERSION = 1.0;
				PRODUCT_BUNDLE_IDENTIFIER = com.jobs.baseConfig.JobsSwiftBaseConfigDemoTests;
				PRODUCT_NAME = "$(TARGET_NAME)";
				SWIFT_EMIT_LOC_STRINGS = NO;
				SWIFT_VERSION = 5.0;
				TARGETED_DEVICE_FAMILY = "1,2";
				TEST_HOST = "$(BUILT_PRODUCTS_DIR)/JobsSwiftBaseConfigDemo.app/$(BUNDLE_EXECUTABLE_FOLDER_PATH)/JobsSwiftBaseConfigDemo";
			};
			name = Debug;
		};
		C53193B22DEFEB0400755EAD /* Release */ = {
			isa = XCBuildConfiguration;
			baseConfigurationReference = 7A9A18BB5D6C78E3866BB61D /* Pods-JobsSwiftBaseConfigDemoTests.release.xcconfig */;
			buildSettings = {
				BUNDLE_LOADER = "$(TEST_HOST)";
				CODE_SIGN_STYLE = Automatic;
				CURRENT_PROJECT_VERSION = 1;
				DEVELOPMENT_TEAM = K92UCMVH8G;
				GENERATE_INFOPLIST_FILE = YES;
				IPHONEOS_DEPLOYMENT_TARGET = 18.5;
				MARKETING_VERSION = 1.0;
				PRODUCT_BUNDLE_IDENTIFIER = com.jobs.baseConfig.JobsSwiftBaseConfigDemoTests;
				PRODUCT_NAME = "$(TARGET_NAME)";
				SWIFT_EMIT_LOC_STRINGS = NO;
				SWIFT_VERSION = 5.0;
				TARGETED_DEVICE_FAMILY = "1,2";
				TEST_HOST = "$(BUILT_PRODUCTS_DIR)/JobsSwiftBaseConfigDemo.app/$(BUNDLE_EXECUTABLE_FOLDER_PATH)/JobsSwiftBaseConfigDemo";
			};
			name = Release;
		};
		C53193B42DEFEB0400755EAD /* Debug */ = {
			isa = XCBuildConfiguration;
			baseConfigurationReference = 712A16ECF15DFBB0E5A296FD /* Pods-JobsSwiftBaseConfigDemoUITests.debug.xcconfig */;
			buildSettings = {
				CODE_SIGN_STYLE = Automatic;
				CURRENT_PROJECT_VERSION = 1;
				DEVELOPMENT_TEAM = K92UCMVH8G;
				GENERATE_INFOPLIST_FILE = YES;
				MARKETING_VERSION = 1.0;
				PRODUCT_BUNDLE_IDENTIFIER = com.jobs.baseConfig.JobsSwiftBaseConfigDemoUITests;
				PRODUCT_NAME = "$(TARGET_NAME)";
				SWIFT_EMIT_LOC_STRINGS = NO;
				SWIFT_VERSION = 5.0;
				TARGETED_DEVICE_FAMILY = "1,2";
				TEST_TARGET_NAME = JobsSwiftBaseConfigDemo;
			};
			name = Debug;
		};
		C53193B52DEFEB0400755EAD /* Release */ = {
			isa = XCBuildConfiguration;
			baseConfigurationReference = A632452218944F3FF353C200 /* Pods-JobsSwiftBaseConfigDemoUITests.release.xcconfig */;
			buildSettings = {
				CODE_SIGN_STYLE = Automatic;
				CURRENT_PROJECT_VERSION = 1;
				DEVELOPMENT_TEAM = K92UCMVH8G;
				GENERATE_INFOPLIST_FILE = YES;
				MARKETING_VERSION = 1.0;
				PRODUCT_BUNDLE_IDENTIFIER = com.jobs.baseConfig.JobsSwiftBaseConfigDemoUITests;
				PRODUCT_NAME = "$(TARGET_NAME)";
				SWIFT_EMIT_LOC_STRINGS = NO;
				SWIFT_VERSION = 5.0;
				TARGETED_DEVICE_FAMILY = "1,2";
				TEST_TARGET_NAME = JobsSwiftBaseConfigDemo;
			};
			name = Release;
		};
/* End XCBuildConfiguration section */

/* Begin XCConfigurationList section */
		C53193872DEFEB0200755EAD /* Build configuration list for PBXProject "JobsSwiftBaseConfigDemo" */ = {
			isa = XCConfigurationList;
			buildConfigurations = (
				C53193AB2DEFEB0400755EAD /* Debug */,
				C53193AC2DEFEB0400755EAD /* Release */,
			);
			defaultConfigurationIsVisible = 0;
			defaultConfigurationName = Release;
		};
		C53193AD2DEFEB0400755EAD /* Build configuration list for PBXNativeTarget "JobsSwiftBaseConfigDemo" */ = {
			isa = XCConfigurationList;
			buildConfigurations = (
				C53193AE2DEFEB0400755EAD /* Debug */,
				C53193AF2DEFEB0400755EAD /* Release */,
			);
			defaultConfigurationIsVisible = 0;
			defaultConfigurationName = Release;
		};
		C53193B02DEFEB0400755EAD /* Build configuration list for PBXNativeTarget "JobsSwiftBaseConfigDemoTests" */ = {
			isa = XCConfigurationList;
			buildConfigurations = (
				C53193B12DEFEB0400755EAD /* Debug */,
				C53193B22DEFEB0400755EAD /* Release */,
			);
			defaultConfigurationIsVisible = 0;
			defaultConfigurationName = Release;
		};
		C53193B32DEFEB0400755EAD /* Build configuration list for PBXNativeTarget "JobsSwiftBaseConfigDemoUITests" */ = {
			isa = XCConfigurationList;
			buildConfigurations = (
				C53193B42DEFEB0400755EAD /* Debug */,
				C53193B52DEFEB0400755EAD /* Release */,
			);
			defaultConfigurationIsVisible = 0;
			defaultConfigurationName = Release;
		};
/* End XCConfigurationList section */
	};
	rootObject = C53193842DEFEB0200755EAD /* Project object */;
}
